
Microsoft Visual Studio Solution File, Format Version 12.00
# Visual Studio 2012
Project("{FAE04EC0-301F-11D3-BF4B-00C04F79EFBC}") = "Realm.Build.Tool", "Realm.Build.Tool\Realm.Build.Tool.csproj", "{23A7CF11-D481-4010-B640-A96CE1A8A430}"
EndProject
Project("{2150E333-8FDC-42A3-9474-1A3956D46DE8}") = "Documents", "Documents", "{E7AA0BAC-2E46-4AE8-ABEE-2A90A8664858}"
	ProjectSection(SolutionItems) = preProject
		..\..\..\Revision Notes.txt = ..\..\..\Revision Notes.txt
		..\..\..\todo.txt = ..\..\..\todo.txt
	EndProjectSection
EndProject
Project("{2150E333-8FDC-42A3-9474-1A3956D46DE8}") = ".nuget", ".nuget", "{05D5C249-F486-4DA8-99FC-7FAB0923DA1B}"
	ProjectSection(SolutionItems) = preProject
		.nuget\NuGet.Config = .nuget\NuGet.Config
		.nuget\NuGet.exe = .nuget\NuGet.exe
		.nuget\NuGet.targets = .nuget\NuGet.targets
	EndProjectSection
EndProject
Project("{FAE04EC0-301F-11D3-BF4B-00C04F79EFBC}") = "Realm.DatabaseEdmx", "..\Realm.Library\Realm.DatabaseEdmx\Realm.DatabaseEdmx.csproj", "{2C3DAC1B-F810-41A3-A01D-DE825140C453}"
EndProject
Global
	GlobalSection(SolutionConfigurationPlatforms) = preSolution
		Debug|Any CPU = Debug|Any CPU
		Debug|Mixed Platforms = Debug|Mixed Platforms
		Debug|x64 = Debug|x64
		Debug|x86 = Debug|x86
		Home|Any CPU = Home|Any CPU
		Home|Mixed Platforms = Home|Mixed Platforms
		Home|x64 = Home|x64
		Home|x86 = Home|x86
		Release|Any CPU = Release|Any CPU
		Release|Mixed Platforms = Release|Mixed Platforms
		Release|x64 = Release|x64
		Release|x86 = Release|x86
		Work|Any CPU = Work|Any CPU
		Work|Mixed Platforms = Work|Mixed Platforms
		Work|x64 = Work|x64
		Work|x86 = Work|x86
	EndGlobalSection
	GlobalSection(ProjectConfigurationPlatforms) = postSolution
		{23A7CF11-D481-4010-B640-A96CE1A8A430}.Debug|Any CPU.ActiveCfg = Debug|x86
		{23A7CF11-D481-4010-B640-A96CE1A8A430}.Debug|Any CPU.Build.0 = Debug|x86
		{23A7CF11-D481-4010-B640-A96CE1A8A430}.Debug|Mixed Platforms.ActiveCfg = Debug|x86
		{23A7CF11-D481-4010-B640-A96CE1A8A430}.Debug|Mixed Platforms.Build.0 = Debug|x86
		{23A7CF11-D481-4010-B640-A96CE1A8A430}.Debug|x64.ActiveCfg = Debug|x64
		{23A7CF11-D481-4010-B640-A96CE1A8A430}.Debug|x64.Build.0 = Debug|x64
		{23A7CF11-D481-4010-B640-A96CE1A8A430}.Debug|x86.ActiveCfg = Debug|x86
		{23A7CF11-D481-4010-B640-A96CE1A8A430}.Debug|x86.Build.0 = Debug|x86
		{23A7CF11-D481-4010-B640-A96CE1A8A430}.Home|Any CPU.ActiveCfg = Release|x86
		{23A7CF11-D481-4010-B640-A96CE1A8A430}.Home|Mixed Platforms.ActiveCfg = Release|x86
		{23A7CF11-D481-4010-B640-A96CE1A8A430}.Home|Mixed Platforms.Build.0 = Release|x86
		{23A7CF11-D481-4010-B640-A96CE1A8A430}.Home|x64.ActiveCfg = Release|x64
		{23A7CF11-D481-4010-B640-A96CE1A8A430}.Home|x64.Build.0 = Release|x64
		{23A7CF11-D481-4010-B640-A96CE1A8A430}.Home|x86.ActiveCfg = Release|x86
		{23A7CF11-D481-4010-B640-A96CE1A8A430}.Home|x86.Build.0 = Release|x86
		{23A7CF11-D481-4010-B640-A96CE1A8A430}.Release|Any CPU.ActiveCfg = Release|x86
		{23A7CF11-D481-4010-B640-A96CE1A8A430}.Release|Mixed Platforms.ActiveCfg = Release|x86
		{23A7CF11-D481-4010-B640-A96CE1A8A430}.Release|Mixed Platforms.Build.0 = Release|x86
		{23A7CF11-D481-4010-B640-A96CE1A8A430}.Release|x64.ActiveCfg = Release|x64
		{23A7CF11-D481-4010-B640-A96CE1A8A430}.Release|x64.Build.0 = Release|x64
		{23A7CF11-D481-4010-B640-A96CE1A8A430}.Release|x86.ActiveCfg = Release|x86
		{23A7CF11-D481-4010-B640-A96CE1A8A430}.Release|x86.Build.0 = Release|x86
		{23A7CF11-D481-4010-B640-A96CE1A8A430}.Work|Any CPU.ActiveCfg = Release|x86
		{23A7CF11-D481-4010-B640-A96CE1A8A430}.Work|Mixed Platforms.ActiveCfg = Release|x86
		{23A7CF11-D481-4010-B640-A96CE1A8A430}.Work|Mixed Platforms.Build.0 = Release|x86
		{23A7CF11-D481-4010-B640-A96CE1A8A430}.Work|x64.ActiveCfg = Release|x64
		{23A7CF11-D481-4010-B640-A96CE1A8A430}.Work|x64.Build.0 = Release|x64
		{23A7CF11-D481-4010-B640-A96CE1A8A430}.Work|x86.ActiveCfg = Release|x86
		{23A7CF11-D481-4010-B640-A96CE1A8A430}.Work|x86.Build.0 = Release|x86
		{2C3DAC1B-F810-41A3-A01D-DE825140C453}.Debug|Any CPU.ActiveCfg = Debug|Any CPU
		{2C3DAC1B-F810-41A3-A01D-DE825140C453}.Debug|Any CPU.Build.0 = Debug|Any CPU
		{2C3DAC1B-F810-41A3-A01D-DE825140C453}.Debug|Mixed Platforms.ActiveCfg = Debug|x86
		{2C3DAC1B-F810-41A3-A01D-DE825140C453}.Debug|Mixed Platforms.Build.0 = Debug|x86
		{2C3DAC1B-F810-41A3-A01D-DE825140C453}.Debug|x64.ActiveCfg = Debug|Any CPU
		{2C3DAC1B-F810-41A3-A01D-DE825140C453}.Debug|x86.ActiveCfg = Debug|x86
		{2C3DAC1B-F810-41A3-A01D-DE825140C453}.Debug|x86.Build.0 = Debug|x86
		{2C3DAC1B-F810-41A3-A01D-DE825140C453}.Home|Any CPU.ActiveCfg = Home|Any CPU
		{2C3DAC1B-F810-41A3-A01D-DE825140C453}.Home|Any CPU.Build.0 = Home|Any CPU
		{2C3DAC1B-F810-41A3-A01D-DE825140C453}.Home|Mixed Platforms.ActiveCfg = Home|x86
		{2C3DAC1B-F810-41A3-A01D-DE825140C453}.Home|Mixed Platforms.Build.0 = Home|x86
		{2C3DAC1B-F810-41A3-A01D-DE825140C453}.Home|x64.ActiveCfg = Home|Any CPU
		{2C3DAC1B-F810-41A3-A01D-DE825140C453}.Home|x86.ActiveCfg = Home|x86
		{2C3DAC1B-F810-41A3-A01D-DE825140C453}.Home|x86.Build.0 = Home|x86
		{2C3DAC1B-F810-41A3-A01D-DE825140C453}.Release|Any CPU.ActiveCfg = Release|Any CPU
		{2C3DAC1B-F810-41A3-A01D-DE825140C453}.Release|Any CPU.Build.0 = Release|Any CPU
		{2C3DAC1B-F810-41A3-A01D-DE825140C453}.Release|Mixed Platforms.ActiveCfg = Release|x86
		{2C3DAC1B-F810-41A3-A01D-DE825140C453}.Release|Mixed Platforms.Build.0 = Release|x86
		{2C3DAC1B-F810-41A3-A01D-DE825140C453}.Release|x64.ActiveCfg = Release|Any CPU
		{2C3DAC1B-F810-41A3-A01D-DE825140C453}.Release|x86.ActiveCfg = Release|x86
		{2C3DAC1B-F810-41A3-A01D-DE825140C453}.Release|x86.Build.0 = Release|x86
		{2C3DAC1B-F810-41A3-A01D-DE825140C453}.Work|Any CPU.ActiveCfg = Work|Any CPU
		{2C3DAC1B-F810-41A3-A01D-DE825140C453}.Work|Any CPU.Build.0 = Work|Any CPU
		{2C3DAC1B-F810-41A3-A01D-DE825140C453}.Work|Mixed Platforms.ActiveCfg = Work|x86
		{2C3DAC1B-F810-41A3-A01D-DE825140C453}.Work|Mixed Platforms.Build.0 = Work|x86
		{2C3DAC1B-F810-41A3-A01D-DE825140C453}.Work|x64.ActiveCfg = Work|Any CPU
		{2C3DAC1B-F810-41A3-A01D-DE825140C453}.Work|x86.ActiveCfg = Work|x86
		{2C3DAC1B-F810-41A3-A01D-DE825140C453}.Work|x86.Build.0 = Work|x86
	EndGlobalSection
	GlobalSection(SolutionProperties) = preSolution
		HideSolutionNode = FALSE
	EndGlobalSection
EndGlobal
