
Microsoft Visual Studio Solution File, Format Version 12.00
# Visual Studio 2012
Project("{2150E333-8FDC-42A3-9474-1A3956D46DE8}") = "Tests", "Tests", "{2D251D08-446B-4517-A5FD-E9DB154CB6AD}"
EndProject
Project("{2150E333-8FDC-42A3-9474-1A3956D46DE8}") = ".nuget", ".nuget", "{235D607D-FB7B-4CF3-98B5-6414E8BC0637}"
	ProjectSection(SolutionItems) = preProject
		.nuget\NuGet.Config = .nuget\NuGet.Config
		.nuget\NuGet.exe = .nuget\NuGet.exe
		.nuget\NuGet.targets = .nuget\NuGet.targets
	EndProjectSection
EndProject
Project("{FAE04EC0-301F-11D3-BF4B-00C04F79EFBC}") = "Realm.Library.Ai.Test", "Tests\Realm.Library.Ai.Test\Realm.Library.Ai.Test.csproj", "{32611C24-4298-4CB6-A257-704E2230C5A2}"
EndProject
Project("{FAE04EC0-301F-11D3-BF4B-00C04F79EFBC}") = "Realm.Library.Common.Test", "Tests\Realm.Library.Common.Test\Realm.Library.Common.Test.csproj", "{B6A78452-CA4D-442F-AAD4-A31647B18CB7}"
EndProject
Project("{FAE04EC0-301F-11D3-BF4B-00C04F79EFBC}") = "Realm.Library.Database.Test", "Tests\Realm.Library.Database.Test\Realm.Library.Database.Test.csproj", "{664E78C3-06EF-4921-A21B-314B08352CC4}"
EndProject
Project("{FAE04EC0-301F-11D3-BF4B-00C04F79EFBC}") = "Realm.Library.Lua.Test", "Tests\Realm.Library.Lua.Test\Realm.Library.Lua.Test.csproj", "{D822B027-D854-4081-B14D-8F7269207F61}"
EndProject
Project("{FAE04EC0-301F-11D3-BF4B-00C04F79EFBC}") = "Realm.Library.NCalcExt.Test", "Tests\Realm.Library.NCalcExt.Test\Realm.Library.NCalcExt.Test.csproj", "{B78267E9-B883-4BDE-8883-99D8F5A09013}"
EndProject
Project("{FAE04EC0-301F-11D3-BF4B-00C04F79EFBC}") = "Realm.Library.Network.Test", "Tests\Realm.Library.Network.Test\Realm.Library.Network.Test.csproj", "{A027CB11-2B7D-4D12-81E5-C7F349DE1A63}"
EndProject
Project("{FAE04EC0-301F-11D3-BF4B-00C04F79EFBC}") = "Realm.Library.Pattern.Test", "Tests\Realm.Library.Pattern.Test\Realm.Library.Pattern.Test.csproj", "{7F8A32C0-B452-4E30-9C23-6406DDC353DB}"
EndProject
Project("{FAE04EC0-301F-11D3-BF4B-00C04F79EFBC}") = "Realm.Library.Patterns.Command", "Patterns\Realm.Library.Patterns.Command\Realm.Library.Patterns.Command.csproj", "{DD42338B-FE18-406E-8084-F606825771F6}"
EndProject
Project("{FAE04EC0-301F-11D3-BF4B-00C04F79EFBC}") = "Realm.Library.Patterns.Decorator", "Patterns\Realm.Library.Patterns.Decorator\Realm.Library.Patterns.Decorator.csproj", "{2BB2460C-A3C5-410B-B139-0E16E5077AAC}"
EndProject
Project("{FAE04EC0-301F-11D3-BF4B-00C04F79EFBC}") = "Realm.Library.Patterns.Factory", "Patterns\Realm.Library.Patterns.Factory\Realm.Library.Patterns.Factory.csproj", "{74A0765E-25AD-486E-8284-33FCECF636D1}"
EndProject
Project("{FAE04EC0-301F-11D3-BF4B-00C04F79EFBC}") = "Realm.Library.Patterns.Repository", "Patterns\Realm.Library.Patterns.Repository\Realm.Library.Patterns.Repository.csproj", "{222CCE38-B286-44F0-B7F1-6AF8BA525FB6}"
EndProject
Project("{FAE04EC0-301F-11D3-BF4B-00C04F79EFBC}") = "Realm.Library.Patterns.Singleton", "Patterns\Realm.Library.Patterns.Singleton\Realm.Library.Patterns.Singleton.csproj", "{B459E90B-793A-48B1-B672-50D162EDC662}"
EndProject
Project("{FAE04EC0-301F-11D3-BF4B-00C04F79EFBC}") = "Realm.Library.Ai", "Realm.Library.Ai\Realm.Library.Ai.csproj", "{94235864-BA78-435A-A353-A8FC83FA1A06}"
EndProject
Project("{FAE04EC0-301F-11D3-BF4B-00C04F79EFBC}") = "Realm.Library.Common", "Realm.Library.Common\Realm.Library.Common.csproj", "{1FDEE5BD-A724-4478-BCA3-4C49DAEA291D}"
EndProject
Project("{FAE04EC0-301F-11D3-BF4B-00C04F79EFBC}") = "Realm.Library.Controls", "Realm.Library.Controls\Realm.Library.Controls.csproj", "{355F0FB2-9BCF-4E68-BC2B-F2EDE3F90750}"
EndProject
Project("{FAE04EC0-301F-11D3-BF4B-00C04F79EFBC}") = "Realm.Library.Database", "Realm.Library.Database\Realm.Library.Database.csproj", "{72089E12-217D-4C77-8041-8D919BBF30DB}"
EndProject
Project("{FAE04EC0-301F-11D3-BF4B-00C04F79EFBC}") = "Realm.Library.Lua", "Realm.Library.Lua\Realm.Library.Lua.csproj", "{02B1394B-866D-42AD-B187-EF9D9D459EB0}"
EndProject
Project("{FAE04EC0-301F-11D3-BF4B-00C04F79EFBC}") = "Realm.Library.NCalcExt", "Realm.Library.NCalcExt\Realm.Library.NCalcExt.csproj", "{D2EBA739-4153-48FF-93F0-AAEB43D1AB7E}"
EndProject
Project("{FAE04EC0-301F-11D3-BF4B-00C04F79EFBC}") = "Realm.Library.Network", "Realm.Library.Network\Realm.Library.Network.csproj", "{551F2B16-CEC5-4E16-8F30-290005C04E16}"
EndProject
Project("{FAE04EC0-301F-11D3-BF4B-00C04F79EFBC}") = "Realm.Library.SmallDb.Test", "Tests\Realm.Library.SmallDb.Test\Realm.Library.SmallDb.Test.csproj", "{6DA51A5A-1F1B-4881-A790-98EC6E8F3DF8}"
EndProject
Project("{FAE04EC0-301F-11D3-BF4B-00C04F79EFBC}") = "Realm.Library.SmallDb", "Realm.Library.SmallDb\Realm.Library.SmallDb.csproj", "{7D9C9772-4747-4E29-9806-1007528BBEEE}"
EndProject
Project("{FAE04EC0-301F-11D3-BF4B-00C04F79EFBC}") = "Realm.Library", "Realm.Library\Realm.Library.csproj", "{F9F27290-3395-4E60-A05F-85E890CEDCBA}"
EndProject
Global
	GlobalSection(SolutionConfigurationPlatforms) = preSolution
		Debug|Any CPU = Debug|Any CPU
		Debug|x86 = Debug|x86
		Home|Any CPU = Home|Any CPU
		Home|x86 = Home|x86
		Release|Any CPU = Release|Any CPU
		Release|x86 = Release|x86
		Work|Any CPU = Work|Any CPU
		Work|x86 = Work|x86
	EndGlobalSection
	GlobalSection(ProjectConfigurationPlatforms) = postSolution
		{32611C24-4298-4CB6-A257-704E2230C5A2}.Debug|Any CPU.ActiveCfg = Debug|Any CPU
		{32611C24-4298-4CB6-A257-704E2230C5A2}.Debug|Any CPU.Build.0 = Debug|Any CPU
		{32611C24-4298-4CB6-A257-704E2230C5A2}.Debug|x86.ActiveCfg = Debug|x86
		{32611C24-4298-4CB6-A257-704E2230C5A2}.Debug|x86.Build.0 = Debug|x86
		{32611C24-4298-4CB6-A257-704E2230C5A2}.Home|Any CPU.ActiveCfg = Home|Any CPU
		{32611C24-4298-4CB6-A257-704E2230C5A2}.Home|Any CPU.Build.0 = Home|Any CPU
		{32611C24-4298-4CB6-A257-704E2230C5A2}.Home|x86.ActiveCfg = Home|x86
		{32611C24-4298-4CB6-A257-704E2230C5A2}.Home|x86.Build.0 = Home|x86
		{32611C24-4298-4CB6-A257-704E2230C5A2}.Release|Any CPU.ActiveCfg = Release|Any CPU
		{32611C24-4298-4CB6-A257-704E2230C5A2}.Release|Any CPU.Build.0 = Release|Any CPU
		{32611C24-4298-4CB6-A257-704E2230C5A2}.Release|x86.ActiveCfg = Release|x86
		{32611C24-4298-4CB6-A257-704E2230C5A2}.Release|x86.Build.0 = Release|x86
		{32611C24-4298-4CB6-A257-704E2230C5A2}.Work|Any CPU.ActiveCfg = Work|Any CPU
		{32611C24-4298-4CB6-A257-704E2230C5A2}.Work|Any CPU.Build.0 = Work|Any CPU
		{32611C24-4298-4CB6-A257-704E2230C5A2}.Work|x86.ActiveCfg = Work|x86
		{32611C24-4298-4CB6-A257-704E2230C5A2}.Work|x86.Build.0 = Work|x86
		{B6A78452-CA4D-442F-AAD4-A31647B18CB7}.Debug|Any CPU.ActiveCfg = Debug|Any CPU
		{B6A78452-CA4D-442F-AAD4-A31647B18CB7}.Debug|Any CPU.Build.0 = Debug|Any CPU
		{B6A78452-CA4D-442F-AAD4-A31647B18CB7}.Debug|x86.ActiveCfg = Debug|x86
		{B6A78452-CA4D-442F-AAD4-A31647B18CB7}.Debug|x86.Build.0 = Debug|x86
		{B6A78452-CA4D-442F-AAD4-A31647B18CB7}.Home|Any CPU.ActiveCfg = Home|Any CPU
		{B6A78452-CA4D-442F-AAD4-A31647B18CB7}.Home|Any CPU.Build.0 = Home|Any CPU
		{B6A78452-CA4D-442F-AAD4-A31647B18CB7}.Home|x86.ActiveCfg = Home|x86
		{B6A78452-CA4D-442F-AAD4-A31647B18CB7}.Home|x86.Build.0 = Home|x86
		{B6A78452-CA4D-442F-AAD4-A31647B18CB7}.Release|Any CPU.ActiveCfg = Release|Any CPU
		{B6A78452-CA4D-442F-AAD4-A31647B18CB7}.Release|Any CPU.Build.0 = Release|Any CPU
		{B6A78452-CA4D-442F-AAD4-A31647B18CB7}.Release|x86.ActiveCfg = Release|x86
		{B6A78452-CA4D-442F-AAD4-A31647B18CB7}.Release|x86.Build.0 = Release|x86
		{B6A78452-CA4D-442F-AAD4-A31647B18CB7}.Work|Any CPU.ActiveCfg = Work|Any CPU
		{B6A78452-CA4D-442F-AAD4-A31647B18CB7}.Work|Any CPU.Build.0 = Work|Any CPU
		{B6A78452-CA4D-442F-AAD4-A31647B18CB7}.Work|x86.ActiveCfg = Work|x86
		{B6A78452-CA4D-442F-AAD4-A31647B18CB7}.Work|x86.Build.0 = Work|x86
		{664E78C3-06EF-4921-A21B-314B08352CC4}.Debug|Any CPU.ActiveCfg = Debug|Any CPU
		{664E78C3-06EF-4921-A21B-314B08352CC4}.Debug|Any CPU.Build.0 = Debug|Any CPU
		{664E78C3-06EF-4921-A21B-314B08352CC4}.Debug|x86.ActiveCfg = Debug|x86
		{664E78C3-06EF-4921-A21B-314B08352CC4}.Debug|x86.Build.0 = Debug|x86
		{664E78C3-06EF-4921-A21B-314B08352CC4}.Home|Any CPU.ActiveCfg = Home|Any CPU
		{664E78C3-06EF-4921-A21B-314B08352CC4}.Home|Any CPU.Build.0 = Home|Any CPU
		{664E78C3-06EF-4921-A21B-314B08352CC4}.Home|x86.ActiveCfg = Home|x86
		{664E78C3-06EF-4921-A21B-314B08352CC4}.Home|x86.Build.0 = Home|x86
		{664E78C3-06EF-4921-A21B-314B08352CC4}.Release|Any CPU.ActiveCfg = Release|Any CPU
		{664E78C3-06EF-4921-A21B-314B08352CC4}.Release|Any CPU.Build.0 = Release|Any CPU
		{664E78C3-06EF-4921-A21B-314B08352CC4}.Release|x86.ActiveCfg = Release|x86
		{664E78C3-06EF-4921-A21B-314B08352CC4}.Release|x86.Build.0 = Release|x86
		{664E78C3-06EF-4921-A21B-314B08352CC4}.Work|Any CPU.ActiveCfg = Work|Any CPU
		{664E78C3-06EF-4921-A21B-314B08352CC4}.Work|Any CPU.Build.0 = Work|Any CPU
		{664E78C3-06EF-4921-A21B-314B08352CC4}.Work|x86.ActiveCfg = Work|x86
		{664E78C3-06EF-4921-A21B-314B08352CC4}.Work|x86.Build.0 = Work|x86
		{D822B027-D854-4081-B14D-8F7269207F61}.Debug|Any CPU.ActiveCfg = Debug|Any CPU
		{D822B027-D854-4081-B14D-8F7269207F61}.Debug|Any CPU.Build.0 = Debug|Any CPU
		{D822B027-D854-4081-B14D-8F7269207F61}.Debug|x86.ActiveCfg = Debug|x86
		{D822B027-D854-4081-B14D-8F7269207F61}.Debug|x86.Build.0 = Debug|x86
		{D822B027-D854-4081-B14D-8F7269207F61}.Home|Any CPU.ActiveCfg = Home|Any CPU
		{D822B027-D854-4081-B14D-8F7269207F61}.Home|Any CPU.Build.0 = Home|Any CPU
		{D822B027-D854-4081-B14D-8F7269207F61}.Home|x86.ActiveCfg = Home|x86
		{D822B027-D854-4081-B14D-8F7269207F61}.Home|x86.Build.0 = Home|x86
		{D822B027-D854-4081-B14D-8F7269207F61}.Release|Any CPU.ActiveCfg = Release|Any CPU
		{D822B027-D854-4081-B14D-8F7269207F61}.Release|Any CPU.Build.0 = Release|Any CPU
		{D822B027-D854-4081-B14D-8F7269207F61}.Release|x86.ActiveCfg = Release|x86
		{D822B027-D854-4081-B14D-8F7269207F61}.Release|x86.Build.0 = Release|x86
		{D822B027-D854-4081-B14D-8F7269207F61}.Work|Any CPU.ActiveCfg = Work|Any CPU
		{D822B027-D854-4081-B14D-8F7269207F61}.Work|Any CPU.Build.0 = Work|Any CPU
		{D822B027-D854-4081-B14D-8F7269207F61}.Work|x86.ActiveCfg = Work|x86
		{D822B027-D854-4081-B14D-8F7269207F61}.Work|x86.Build.0 = Work|x86
		{B78267E9-B883-4BDE-8883-99D8F5A09013}.Debug|Any CPU.ActiveCfg = Debug|Any CPU
		{B78267E9-B883-4BDE-8883-99D8F5A09013}.Debug|Any CPU.Build.0 = Debug|Any CPU
		{B78267E9-B883-4BDE-8883-99D8F5A09013}.Debug|x86.ActiveCfg = Debug|x86
		{B78267E9-B883-4BDE-8883-99D8F5A09013}.Debug|x86.Build.0 = Debug|x86
		{B78267E9-B883-4BDE-8883-99D8F5A09013}.Home|Any CPU.ActiveCfg = Release|Any CPU
		{B78267E9-B883-4BDE-8883-99D8F5A09013}.Home|Any CPU.Build.0 = Release|Any CPU
		{B78267E9-B883-4BDE-8883-99D8F5A09013}.Home|x86.ActiveCfg = Release|x86
		{B78267E9-B883-4BDE-8883-99D8F5A09013}.Home|x86.Build.0 = Release|x86
		{B78267E9-B883-4BDE-8883-99D8F5A09013}.Release|Any CPU.ActiveCfg = Release|Any CPU
		{B78267E9-B883-4BDE-8883-99D8F5A09013}.Release|Any CPU.Build.0 = Release|Any CPU
		{B78267E9-B883-4BDE-8883-99D8F5A09013}.Release|x86.ActiveCfg = Release|x86
		{B78267E9-B883-4BDE-8883-99D8F5A09013}.Release|x86.Build.0 = Release|x86
		{B78267E9-B883-4BDE-8883-99D8F5A09013}.Work|Any CPU.ActiveCfg = Release|Any CPU
		{B78267E9-B883-4BDE-8883-99D8F5A09013}.Work|Any CPU.Build.0 = Release|Any CPU
		{B78267E9-B883-4BDE-8883-99D8F5A09013}.Work|x86.ActiveCfg = Release|x86
		{B78267E9-B883-4BDE-8883-99D8F5A09013}.Work|x86.Build.0 = Release|x86
		{A027CB11-2B7D-4D12-81E5-C7F349DE1A63}.Debug|Any CPU.ActiveCfg = Debug|Any CPU
		{A027CB11-2B7D-4D12-81E5-C7F349DE1A63}.Debug|Any CPU.Build.0 = Debug|Any CPU
		{A027CB11-2B7D-4D12-81E5-C7F349DE1A63}.Debug|x86.ActiveCfg = Debug|x86
		{A027CB11-2B7D-4D12-81E5-C7F349DE1A63}.Debug|x86.Build.0 = Debug|x86
		{A027CB11-2B7D-4D12-81E5-C7F349DE1A63}.Home|Any CPU.ActiveCfg = Home|Any CPU
		{A027CB11-2B7D-4D12-81E5-C7F349DE1A63}.Home|Any CPU.Build.0 = Home|Any CPU
		{A027CB11-2B7D-4D12-81E5-C7F349DE1A63}.Home|x86.ActiveCfg = Home|x86
		{A027CB11-2B7D-4D12-81E5-C7F349DE1A63}.Home|x86.Build.0 = Home|x86
		{A027CB11-2B7D-4D12-81E5-C7F349DE1A63}.Release|Any CPU.ActiveCfg = Release|Any CPU
		{A027CB11-2B7D-4D12-81E5-C7F349DE1A63}.Release|Any CPU.Build.0 = Release|Any CPU
		{A027CB11-2B7D-4D12-81E5-C7F349DE1A63}.Release|x86.ActiveCfg = Release|x86
		{A027CB11-2B7D-4D12-81E5-C7F349DE1A63}.Release|x86.Build.0 = Release|x86
		{A027CB11-2B7D-4D12-81E5-C7F349DE1A63}.Work|Any CPU.ActiveCfg = Work|Any CPU
		{A027CB11-2B7D-4D12-81E5-C7F349DE1A63}.Work|Any CPU.Build.0 = Work|Any CPU
		{A027CB11-2B7D-4D12-81E5-C7F349DE1A63}.Work|x86.ActiveCfg = Work|x86
		{A027CB11-2B7D-4D12-81E5-C7F349DE1A63}.Work|x86.Build.0 = Work|x86
		{7F8A32C0-B452-4E30-9C23-6406DDC353DB}.Debug|Any CPU.ActiveCfg = Debug|Any CPU
		{7F8A32C0-B452-4E30-9C23-6406DDC353DB}.Debug|Any CPU.Build.0 = Debug|Any CPU
		{7F8A32C0-B452-4E30-9C23-6406DDC353DB}.Debug|x86.ActiveCfg = Debug|x86
		{7F8A32C0-B452-4E30-9C23-6406DDC353DB}.Debug|x86.Build.0 = Debug|x86
		{7F8A32C0-B452-4E30-9C23-6406DDC353DB}.Home|Any CPU.ActiveCfg = Home|Any CPU
		{7F8A32C0-B452-4E30-9C23-6406DDC353DB}.Home|Any CPU.Build.0 = Home|Any CPU
		{7F8A32C0-B452-4E30-9C23-6406DDC353DB}.Home|x86.ActiveCfg = Home|x86
		{7F8A32C0-B452-4E30-9C23-6406DDC353DB}.Home|x86.Build.0 = Home|x86
		{7F8A32C0-B452-4E30-9C23-6406DDC353DB}.Release|Any CPU.ActiveCfg = Release|Any CPU
		{7F8A32C0-B452-4E30-9C23-6406DDC353DB}.Release|Any CPU.Build.0 = Release|Any CPU
		{7F8A32C0-B452-4E30-9C23-6406DDC353DB}.Release|x86.ActiveCfg = Release|x86
		{7F8A32C0-B452-4E30-9C23-6406DDC353DB}.Release|x86.Build.0 = Release|x86
		{7F8A32C0-B452-4E30-9C23-6406DDC353DB}.Work|Any CPU.ActiveCfg = Work|Any CPU
		{7F8A32C0-B452-4E30-9C23-6406DDC353DB}.Work|Any CPU.Build.0 = Work|Any CPU
		{7F8A32C0-B452-4E30-9C23-6406DDC353DB}.Work|x86.ActiveCfg = Work|x86
		{7F8A32C0-B452-4E30-9C23-6406DDC353DB}.Work|x86.Build.0 = Work|x86
		{DD42338B-FE18-406E-8084-F606825771F6}.Debug|Any CPU.ActiveCfg = Debug|Any CPU
		{DD42338B-FE18-406E-8084-F606825771F6}.Debug|Any CPU.Build.0 = Debug|Any CPU
		{DD42338B-FE18-406E-8084-F606825771F6}.Debug|x86.ActiveCfg = Debug|x86
		{DD42338B-FE18-406E-8084-F606825771F6}.Debug|x86.Build.0 = Debug|x86
		{DD42338B-FE18-406E-8084-F606825771F6}.Home|Any CPU.ActiveCfg = Home|Any CPU
		{DD42338B-FE18-406E-8084-F606825771F6}.Home|Any CPU.Build.0 = Home|Any CPU
		{DD42338B-FE18-406E-8084-F606825771F6}.Home|x86.ActiveCfg = Home|x86
		{DD42338B-FE18-406E-8084-F606825771F6}.Home|x86.Build.0 = Home|x86
		{DD42338B-FE18-406E-8084-F606825771F6}.Release|Any CPU.ActiveCfg = Release|Any CPU
		{DD42338B-FE18-406E-8084-F606825771F6}.Release|Any CPU.Build.0 = Release|Any CPU
		{DD42338B-FE18-406E-8084-F606825771F6}.Release|x86.ActiveCfg = Release|x86
		{DD42338B-FE18-406E-8084-F606825771F6}.Release|x86.Build.0 = Release|x86
		{DD42338B-FE18-406E-8084-F606825771F6}.Work|Any CPU.ActiveCfg = Work|Any CPU
		{DD42338B-FE18-406E-8084-F606825771F6}.Work|Any CPU.Build.0 = Work|Any CPU
		{DD42338B-FE18-406E-8084-F606825771F6}.Work|x86.ActiveCfg = Work|x86
		{DD42338B-FE18-406E-8084-F606825771F6}.Work|x86.Build.0 = Work|x86
		{2BB2460C-A3C5-410B-B139-0E16E5077AAC}.Debug|Any CPU.ActiveCfg = Debug|Any CPU
		{2BB2460C-A3C5-410B-B139-0E16E5077AAC}.Debug|Any CPU.Build.0 = Debug|Any CPU
		{2BB2460C-A3C5-410B-B139-0E16E5077AAC}.Debug|x86.ActiveCfg = Debug|x86
		{2BB2460C-A3C5-410B-B139-0E16E5077AAC}.Debug|x86.Build.0 = Debug|x86
		{2BB2460C-A3C5-410B-B139-0E16E5077AAC}.Home|Any CPU.ActiveCfg = Home|Any CPU
		{2BB2460C-A3C5-410B-B139-0E16E5077AAC}.Home|Any CPU.Build.0 = Home|Any CPU
		{2BB2460C-A3C5-410B-B139-0E16E5077AAC}.Home|x86.ActiveCfg = Home|x86
		{2BB2460C-A3C5-410B-B139-0E16E5077AAC}.Home|x86.Build.0 = Home|x86
		{2BB2460C-A3C5-410B-B139-0E16E5077AAC}.Release|Any CPU.ActiveCfg = Release|Any CPU
		{2BB2460C-A3C5-410B-B139-0E16E5077AAC}.Release|Any CPU.Build.0 = Release|Any CPU
		{2BB2460C-A3C5-410B-B139-0E16E5077AAC}.Release|x86.ActiveCfg = Release|x86
		{2BB2460C-A3C5-410B-B139-0E16E5077AAC}.Release|x86.Build.0 = Release|x86
		{2BB2460C-A3C5-410B-B139-0E16E5077AAC}.Work|Any CPU.ActiveCfg = Work|Any CPU
		{2BB2460C-A3C5-410B-B139-0E16E5077AAC}.Work|Any CPU.Build.0 = Work|Any CPU
		{2BB2460C-A3C5-410B-B139-0E16E5077AAC}.Work|x86.ActiveCfg = Work|x86
		{2BB2460C-A3C5-410B-B139-0E16E5077AAC}.Work|x86.Build.0 = Work|x86
		{74A0765E-25AD-486E-8284-33FCECF636D1}.Debug|Any CPU.ActiveCfg = Debug|Any CPU
		{74A0765E-25AD-486E-8284-33FCECF636D1}.Debug|Any CPU.Build.0 = Debug|Any CPU
		{74A0765E-25AD-486E-8284-33FCECF636D1}.Debug|x86.ActiveCfg = Debug|x86
		{74A0765E-25AD-486E-8284-33FCECF636D1}.Debug|x86.Build.0 = Debug|x86
		{74A0765E-25AD-486E-8284-33FCECF636D1}.Home|Any CPU.ActiveCfg = Home|Any CPU
		{74A0765E-25AD-486E-8284-33FCECF636D1}.Home|Any CPU.Build.0 = Home|Any CPU
		{74A0765E-25AD-486E-8284-33FCECF636D1}.Home|x86.ActiveCfg = Home|x86
		{74A0765E-25AD-486E-8284-33FCECF636D1}.Home|x86.Build.0 = Home|x86
		{74A0765E-25AD-486E-8284-33FCECF636D1}.Release|Any CPU.ActiveCfg = Release|Any CPU
		{74A0765E-25AD-486E-8284-33FCECF636D1}.Release|Any CPU.Build.0 = Release|Any CPU
		{74A0765E-25AD-486E-8284-33FCECF636D1}.Release|x86.ActiveCfg = Release|x86
		{74A0765E-25AD-486E-8284-33FCECF636D1}.Release|x86.Build.0 = Release|x86
		{74A0765E-25AD-486E-8284-33FCECF636D1}.Work|Any CPU.ActiveCfg = Work|Any CPU
		{74A0765E-25AD-486E-8284-33FCECF636D1}.Work|Any CPU.Build.0 = Work|Any CPU
		{74A0765E-25AD-486E-8284-33FCECF636D1}.Work|x86.ActiveCfg = Work|x86
		{74A0765E-25AD-486E-8284-33FCECF636D1}.Work|x86.Build.0 = Work|x86
		{222CCE38-B286-44F0-B7F1-6AF8BA525FB6}.Debug|Any CPU.ActiveCfg = Debug|Any CPU
		{222CCE38-B286-44F0-B7F1-6AF8BA525FB6}.Debug|Any CPU.Build.0 = Debug|Any CPU
		{222CCE38-B286-44F0-B7F1-6AF8BA525FB6}.Debug|x86.ActiveCfg = Debug|x86
		{222CCE38-B286-44F0-B7F1-6AF8BA525FB6}.Debug|x86.Build.0 = Debug|x86
		{222CCE38-B286-44F0-B7F1-6AF8BA525FB6}.Home|Any CPU.ActiveCfg = Home|Any CPU
		{222CCE38-B286-44F0-B7F1-6AF8BA525FB6}.Home|Any CPU.Build.0 = Home|Any CPU
		{222CCE38-B286-44F0-B7F1-6AF8BA525FB6}.Home|x86.ActiveCfg = Home|x86
		{222CCE38-B286-44F0-B7F1-6AF8BA525FB6}.Home|x86.Build.0 = Home|x86
		{222CCE38-B286-44F0-B7F1-6AF8BA525FB6}.Release|Any CPU.ActiveCfg = Release|Any CPU
		{222CCE38-B286-44F0-B7F1-6AF8BA525FB6}.Release|Any CPU.Build.0 = Release|Any CPU
		{222CCE38-B286-44F0-B7F1-6AF8BA525FB6}.Release|x86.ActiveCfg = Release|x86
		{222CCE38-B286-44F0-B7F1-6AF8BA525FB6}.Release|x86.Build.0 = Release|x86
		{222CCE38-B286-44F0-B7F1-6AF8BA525FB6}.Work|Any CPU.ActiveCfg = Work|Any CPU
		{222CCE38-B286-44F0-B7F1-6AF8BA525FB6}.Work|Any CPU.Build.0 = Work|Any CPU
		{222CCE38-B286-44F0-B7F1-6AF8BA525FB6}.Work|x86.ActiveCfg = Work|x86
		{222CCE38-B286-44F0-B7F1-6AF8BA525FB6}.Work|x86.Build.0 = Work|x86
		{B459E90B-793A-48B1-B672-50D162EDC662}.Debug|Any CPU.ActiveCfg = Debug|Any CPU
		{B459E90B-793A-48B1-B672-50D162EDC662}.Debug|Any CPU.Build.0 = Debug|Any CPU
		{B459E90B-793A-48B1-B672-50D162EDC662}.Debug|x86.ActiveCfg = Debug|x86
		{B459E90B-793A-48B1-B672-50D162EDC662}.Debug|x86.Build.0 = Debug|x86
		{B459E90B-793A-48B1-B672-50D162EDC662}.Home|Any CPU.ActiveCfg = Home|Any CPU
		{B459E90B-793A-48B1-B672-50D162EDC662}.Home|Any CPU.Build.0 = Home|Any CPU
		{B459E90B-793A-48B1-B672-50D162EDC662}.Home|x86.ActiveCfg = Home|x86
		{B459E90B-793A-48B1-B672-50D162EDC662}.Home|x86.Build.0 = Home|x86
		{B459E90B-793A-48B1-B672-50D162EDC662}.Release|Any CPU.ActiveCfg = Release|Any CPU
		{B459E90B-793A-48B1-B672-50D162EDC662}.Release|Any CPU.Build.0 = Release|Any CPU
		{B459E90B-793A-48B1-B672-50D162EDC662}.Release|x86.ActiveCfg = Release|x86
		{B459E90B-793A-48B1-B672-50D162EDC662}.Release|x86.Build.0 = Release|x86
		{B459E90B-793A-48B1-B672-50D162EDC662}.Work|Any CPU.ActiveCfg = Work|Any CPU
		{B459E90B-793A-48B1-B672-50D162EDC662}.Work|Any CPU.Build.0 = Work|Any CPU
		{B459E90B-793A-48B1-B672-50D162EDC662}.Work|x86.ActiveCfg = Work|x86
		{B459E90B-793A-48B1-B672-50D162EDC662}.Work|x86.Build.0 = Work|x86
		{94235864-BA78-435A-A353-A8FC83FA1A06}.Debug|Any CPU.ActiveCfg = Debug|Any CPU
		{94235864-BA78-435A-A353-A8FC83FA1A06}.Debug|Any CPU.Build.0 = Debug|Any CPU
		{94235864-BA78-435A-A353-A8FC83FA1A06}.Debug|x86.ActiveCfg = Debug|x86
		{94235864-BA78-435A-A353-A8FC83FA1A06}.Debug|x86.Build.0 = Debug|x86
		{94235864-BA78-435A-A353-A8FC83FA1A06}.Home|Any CPU.ActiveCfg = Home|Any CPU
		{94235864-BA78-435A-A353-A8FC83FA1A06}.Home|Any CPU.Build.0 = Home|Any CPU
		{94235864-BA78-435A-A353-A8FC83FA1A06}.Home|x86.ActiveCfg = Home|x86
		{94235864-BA78-435A-A353-A8FC83FA1A06}.Home|x86.Build.0 = Home|x86
		{94235864-BA78-435A-A353-A8FC83FA1A06}.Release|Any CPU.ActiveCfg = Release|Any CPU
		{94235864-BA78-435A-A353-A8FC83FA1A06}.Release|Any CPU.Build.0 = Release|Any CPU
		{94235864-BA78-435A-A353-A8FC83FA1A06}.Release|x86.ActiveCfg = Release|x86
		{94235864-BA78-435A-A353-A8FC83FA1A06}.Release|x86.Build.0 = Release|x86
		{94235864-BA78-435A-A353-A8FC83FA1A06}.Work|Any CPU.ActiveCfg = Work|Any CPU
		{94235864-BA78-435A-A353-A8FC83FA1A06}.Work|Any CPU.Build.0 = Work|Any CPU
		{94235864-BA78-435A-A353-A8FC83FA1A06}.Work|x86.ActiveCfg = Work|x86
		{94235864-BA78-435A-A353-A8FC83FA1A06}.Work|x86.Build.0 = Work|x86
		{1FDEE5BD-A724-4478-BCA3-4C49DAEA291D}.Debug|Any CPU.ActiveCfg = Debug|Any CPU
		{1FDEE5BD-A724-4478-BCA3-4C49DAEA291D}.Debug|Any CPU.Build.0 = Debug|Any CPU
		{1FDEE5BD-A724-4478-BCA3-4C49DAEA291D}.Debug|x86.ActiveCfg = Debug|x86
		{1FDEE5BD-A724-4478-BCA3-4C49DAEA291D}.Debug|x86.Build.0 = Debug|x86
		{1FDEE5BD-A724-4478-BCA3-4C49DAEA291D}.Home|Any CPU.ActiveCfg = Home|Any CPU
		{1FDEE5BD-A724-4478-BCA3-4C49DAEA291D}.Home|Any CPU.Build.0 = Home|Any CPU
		{1FDEE5BD-A724-4478-BCA3-4C49DAEA291D}.Home|x86.ActiveCfg = Home|x86
		{1FDEE5BD-A724-4478-BCA3-4C49DAEA291D}.Home|x86.Build.0 = Home|x86
		{1FDEE5BD-A724-4478-BCA3-4C49DAEA291D}.Release|Any CPU.ActiveCfg = Release|Any CPU
		{1FDEE5BD-A724-4478-BCA3-4C49DAEA291D}.Release|Any CPU.Build.0 = Release|Any CPU
		{1FDEE5BD-A724-4478-BCA3-4C49DAEA291D}.Release|x86.ActiveCfg = Release|x86
		{1FDEE5BD-A724-4478-BCA3-4C49DAEA291D}.Release|x86.Build.0 = Release|x86
		{1FDEE5BD-A724-4478-BCA3-4C49DAEA291D}.Work|Any CPU.ActiveCfg = Work|Any CPU
		{1FDEE5BD-A724-4478-BCA3-4C49DAEA291D}.Work|Any CPU.Build.0 = Work|Any CPU
		{1FDEE5BD-A724-4478-BCA3-4C49DAEA291D}.Work|x86.ActiveCfg = Work|x86
		{1FDEE5BD-A724-4478-BCA3-4C49DAEA291D}.Work|x86.Build.0 = Work|x86
		{355F0FB2-9BCF-4E68-BC2B-F2EDE3F90750}.Debug|Any CPU.ActiveCfg = Debug|Any CPU
		{355F0FB2-9BCF-4E68-BC2B-F2EDE3F90750}.Debug|Any CPU.Build.0 = Debug|Any CPU
		{355F0FB2-9BCF-4E68-BC2B-F2EDE3F90750}.Debug|x86.ActiveCfg = Debug|x86
		{355F0FB2-9BCF-4E68-BC2B-F2EDE3F90750}.Debug|x86.Build.0 = Debug|x86
		{355F0FB2-9BCF-4E68-BC2B-F2EDE3F90750}.Home|Any CPU.ActiveCfg = Work|Any CPU
		{355F0FB2-9BCF-4E68-BC2B-F2EDE3F90750}.Home|Any CPU.Build.0 = Work|Any CPU
		{355F0FB2-9BCF-4E68-BC2B-F2EDE3F90750}.Home|x86.ActiveCfg = Work|x86
		{355F0FB2-9BCF-4E68-BC2B-F2EDE3F90750}.Home|x86.Build.0 = Work|x86
		{355F0FB2-9BCF-4E68-BC2B-F2EDE3F90750}.Release|Any CPU.ActiveCfg = Release|Any CPU
		{355F0FB2-9BCF-4E68-BC2B-F2EDE3F90750}.Release|Any CPU.Build.0 = Release|Any CPU
		{355F0FB2-9BCF-4E68-BC2B-F2EDE3F90750}.Release|x86.ActiveCfg = Release|x86
		{355F0FB2-9BCF-4E68-BC2B-F2EDE3F90750}.Release|x86.Build.0 = Release|x86
		{355F0FB2-9BCF-4E68-BC2B-F2EDE3F90750}.Work|Any CPU.ActiveCfg = Work|Any CPU
		{355F0FB2-9BCF-4E68-BC2B-F2EDE3F90750}.Work|Any CPU.Build.0 = Work|Any CPU
		{355F0FB2-9BCF-4E68-BC2B-F2EDE3F90750}.Work|x86.ActiveCfg = Work|x86
		{355F0FB2-9BCF-4E68-BC2B-F2EDE3F90750}.Work|x86.Build.0 = Work|x86
		{72089E12-217D-4C77-8041-8D919BBF30DB}.Debug|Any CPU.ActiveCfg = Debug|Any CPU
		{72089E12-217D-4C77-8041-8D919BBF30DB}.Debug|Any CPU.Build.0 = Debug|Any CPU
		{72089E12-217D-4C77-8041-8D919BBF30DB}.Debug|x86.ActiveCfg = Debug|x86
		{72089E12-217D-4C77-8041-8D919BBF30DB}.Debug|x86.Build.0 = Debug|x86
		{72089E12-217D-4C77-8041-8D919BBF30DB}.Home|Any CPU.ActiveCfg = Home|Any CPU
		{72089E12-217D-4C77-8041-8D919BBF30DB}.Home|Any CPU.Build.0 = Home|Any CPU
		{72089E12-217D-4C77-8041-8D919BBF30DB}.Home|x86.ActiveCfg = Home|x86
		{72089E12-217D-4C77-8041-8D919BBF30DB}.Home|x86.Build.0 = Home|x86
		{72089E12-217D-4C77-8041-8D919BBF30DB}.Release|Any CPU.ActiveCfg = Release|Any CPU
		{72089E12-217D-4C77-8041-8D919BBF30DB}.Release|Any CPU.Build.0 = Release|Any CPU
		{72089E12-217D-4C77-8041-8D919BBF30DB}.Release|x86.ActiveCfg = Release|x86
		{72089E12-217D-4C77-8041-8D919BBF30DB}.Release|x86.Build.0 = Release|x86
		{72089E12-217D-4C77-8041-8D919BBF30DB}.Work|Any CPU.ActiveCfg = Work|Any CPU
		{72089E12-217D-4C77-8041-8D919BBF30DB}.Work|Any CPU.Build.0 = Work|Any CPU
		{72089E12-217D-4C77-8041-8D919BBF30DB}.Work|x86.ActiveCfg = Work|x86
		{72089E12-217D-4C77-8041-8D919BBF30DB}.Work|x86.Build.0 = Work|x86
		{02B1394B-866D-42AD-B187-EF9D9D459EB0}.Debug|Any CPU.ActiveCfg = Debug|Any CPU
		{02B1394B-866D-42AD-B187-EF9D9D459EB0}.Debug|Any CPU.Build.0 = Debug|Any CPU
		{02B1394B-866D-42AD-B187-EF9D9D459EB0}.Debug|x86.ActiveCfg = Debug|x86
		{02B1394B-866D-42AD-B187-EF9D9D459EB0}.Debug|x86.Build.0 = Debug|x86
		{02B1394B-866D-42AD-B187-EF9D9D459EB0}.Home|Any CPU.ActiveCfg = Home|Any CPU
		{02B1394B-866D-42AD-B187-EF9D9D459EB0}.Home|Any CPU.Build.0 = Home|Any CPU
		{02B1394B-866D-42AD-B187-EF9D9D459EB0}.Home|x86.ActiveCfg = Home|x86
		{02B1394B-866D-42AD-B187-EF9D9D459EB0}.Home|x86.Build.0 = Home|x86
		{02B1394B-866D-42AD-B187-EF9D9D459EB0}.Release|Any CPU.ActiveCfg = Release|Any CPU
		{02B1394B-866D-42AD-B187-EF9D9D459EB0}.Release|Any CPU.Build.0 = Release|Any CPU
		{02B1394B-866D-42AD-B187-EF9D9D459EB0}.Release|x86.ActiveCfg = Release|x86
		{02B1394B-866D-42AD-B187-EF9D9D459EB0}.Release|x86.Build.0 = Release|x86
		{02B1394B-866D-42AD-B187-EF9D9D459EB0}.Work|Any CPU.ActiveCfg = Work|Any CPU
		{02B1394B-866D-42AD-B187-EF9D9D459EB0}.Work|Any CPU.Build.0 = Work|Any CPU
		{02B1394B-866D-42AD-B187-EF9D9D459EB0}.Work|x86.ActiveCfg = Work|x86
		{02B1394B-866D-42AD-B187-EF9D9D459EB0}.Work|x86.Build.0 = Work|x86
		{D2EBA739-4153-48FF-93F0-AAEB43D1AB7E}.Debug|Any CPU.ActiveCfg = Debug|Any CPU
		{D2EBA739-4153-48FF-93F0-AAEB43D1AB7E}.Debug|Any CPU.Build.0 = Debug|Any CPU
		{D2EBA739-4153-48FF-93F0-AAEB43D1AB7E}.Debug|x86.ActiveCfg = Debug|x86
		{D2EBA739-4153-48FF-93F0-AAEB43D1AB7E}.Debug|x86.Build.0 = Debug|x86
		{D2EBA739-4153-48FF-93F0-AAEB43D1AB7E}.Home|Any CPU.ActiveCfg = Release|Any CPU
		{D2EBA739-4153-48FF-93F0-AAEB43D1AB7E}.Home|Any CPU.Build.0 = Release|Any CPU
		{D2EBA739-4153-48FF-93F0-AAEB43D1AB7E}.Home|x86.ActiveCfg = Release|x86
		{D2EBA739-4153-48FF-93F0-AAEB43D1AB7E}.Home|x86.Build.0 = Release|x86
		{D2EBA739-4153-48FF-93F0-AAEB43D1AB7E}.Release|Any CPU.ActiveCfg = Release|Any CPU
		{D2EBA739-4153-48FF-93F0-AAEB43D1AB7E}.Release|Any CPU.Build.0 = Release|Any CPU
		{D2EBA739-4153-48FF-93F0-AAEB43D1AB7E}.Release|x86.ActiveCfg = Release|x86
		{D2EBA739-4153-48FF-93F0-AAEB43D1AB7E}.Release|x86.Build.0 = Release|x86
		{D2EBA739-4153-48FF-93F0-AAEB43D1AB7E}.Work|Any CPU.ActiveCfg = Release|Any CPU
		{D2EBA739-4153-48FF-93F0-AAEB43D1AB7E}.Work|Any CPU.Build.0 = Release|Any CPU
		{D2EBA739-4153-48FF-93F0-AAEB43D1AB7E}.Work|x86.ActiveCfg = Release|x86
		{D2EBA739-4153-48FF-93F0-AAEB43D1AB7E}.Work|x86.Build.0 = Release|x86
		{551F2B16-CEC5-4E16-8F30-290005C04E16}.Debug|Any CPU.ActiveCfg = Debug|Any CPU
		{551F2B16-CEC5-4E16-8F30-290005C04E16}.Debug|Any CPU.Build.0 = Debug|Any CPU
		{551F2B16-CEC5-4E16-8F30-290005C04E16}.Debug|x86.ActiveCfg = Debug|x86
		{551F2B16-CEC5-4E16-8F30-290005C04E16}.Debug|x86.Build.0 = Debug|x86
		{551F2B16-CEC5-4E16-8F30-290005C04E16}.Home|Any CPU.ActiveCfg = Home|Any CPU
		{551F2B16-CEC5-4E16-8F30-290005C04E16}.Home|Any CPU.Build.0 = Home|Any CPU
		{551F2B16-CEC5-4E16-8F30-290005C04E16}.Home|x86.ActiveCfg = Home|x86
		{551F2B16-CEC5-4E16-8F30-290005C04E16}.Home|x86.Build.0 = Home|x86
		{551F2B16-CEC5-4E16-8F30-290005C04E16}.Release|Any CPU.ActiveCfg = Release|Any CPU
		{551F2B16-CEC5-4E16-8F30-290005C04E16}.Release|Any CPU.Build.0 = Release|Any CPU
		{551F2B16-CEC5-4E16-8F30-290005C04E16}.Release|x86.ActiveCfg = Release|x86
		{551F2B16-CEC5-4E16-8F30-290005C04E16}.Release|x86.Build.0 = Release|x86
		{551F2B16-CEC5-4E16-8F30-290005C04E16}.Work|Any CPU.ActiveCfg = Work|Any CPU
		{551F2B16-CEC5-4E16-8F30-290005C04E16}.Work|Any CPU.Build.0 = Work|Any CPU
		{551F2B16-CEC5-4E16-8F30-290005C04E16}.Work|x86.ActiveCfg = Work|x86
		{551F2B16-CEC5-4E16-8F30-290005C04E16}.Work|x86.Build.0 = Work|x86
		{6DA51A5A-1F1B-4881-A790-98EC6E8F3DF8}.Debug|Any CPU.ActiveCfg = Debug|Any CPU
		{6DA51A5A-1F1B-4881-A790-98EC6E8F3DF8}.Debug|Any CPU.Build.0 = Debug|Any CPU
		{6DA51A5A-1F1B-4881-A790-98EC6E8F3DF8}.Debug|x86.ActiveCfg = Debug|x86
		{6DA51A5A-1F1B-4881-A790-98EC6E8F3DF8}.Debug|x86.Build.0 = Debug|x86
		{6DA51A5A-1F1B-4881-A790-98EC6E8F3DF8}.Home|Any CPU.ActiveCfg = Release|Any CPU
		{6DA51A5A-1F1B-4881-A790-98EC6E8F3DF8}.Home|Any CPU.Build.0 = Release|Any CPU
		{6DA51A5A-1F1B-4881-A790-98EC6E8F3DF8}.Home|x86.ActiveCfg = Release|x86
		{6DA51A5A-1F1B-4881-A790-98EC6E8F3DF8}.Home|x86.Build.0 = Release|x86
		{6DA51A5A-1F1B-4881-A790-98EC6E8F3DF8}.Release|Any CPU.ActiveCfg = Release|Any CPU
		{6DA51A5A-1F1B-4881-A790-98EC6E8F3DF8}.Release|Any CPU.Build.0 = Release|Any CPU
		{6DA51A5A-1F1B-4881-A790-98EC6E8F3DF8}.Release|x86.ActiveCfg = Release|x86
		{6DA51A5A-1F1B-4881-A790-98EC6E8F3DF8}.Release|x86.Build.0 = Release|x86
		{6DA51A5A-1F1B-4881-A790-98EC6E8F3DF8}.Work|Any CPU.ActiveCfg = Release|Any CPU
		{6DA51A5A-1F1B-4881-A790-98EC6E8F3DF8}.Work|Any CPU.Build.0 = Release|Any CPU
		{6DA51A5A-1F1B-4881-A790-98EC6E8F3DF8}.Work|x86.ActiveCfg = Release|x86
		{6DA51A5A-1F1B-4881-A790-98EC6E8F3DF8}.Work|x86.Build.0 = Release|x86
		{7D9C9772-4747-4E29-9806-1007528BBEEE}.Debug|Any CPU.ActiveCfg = Debug|Any CPU
		{7D9C9772-4747-4E29-9806-1007528BBEEE}.Debug|Any CPU.Build.0 = Debug|Any CPU
		{7D9C9772-4747-4E29-9806-1007528BBEEE}.Debug|x86.ActiveCfg = Debug|x86
		{7D9C9772-4747-4E29-9806-1007528BBEEE}.Debug|x86.Build.0 = Debug|x86
		{7D9C9772-4747-4E29-9806-1007528BBEEE}.Home|Any CPU.ActiveCfg = Release|Any CPU
		{7D9C9772-4747-4E29-9806-1007528BBEEE}.Home|Any CPU.Build.0 = Release|Any CPU
		{7D9C9772-4747-4E29-9806-1007528BBEEE}.Home|x86.ActiveCfg = Release|x86
		{7D9C9772-4747-4E29-9806-1007528BBEEE}.Home|x86.Build.0 = Release|x86
		{7D9C9772-4747-4E29-9806-1007528BBEEE}.Release|Any CPU.ActiveCfg = Release|Any CPU
		{7D9C9772-4747-4E29-9806-1007528BBEEE}.Release|Any CPU.Build.0 = Release|Any CPU
		{7D9C9772-4747-4E29-9806-1007528BBEEE}.Release|x86.ActiveCfg = Release|x86
		{7D9C9772-4747-4E29-9806-1007528BBEEE}.Release|x86.Build.0 = Release|x86
		{7D9C9772-4747-4E29-9806-1007528BBEEE}.Work|Any CPU.ActiveCfg = Release|Any CPU
		{7D9C9772-4747-4E29-9806-1007528BBEEE}.Work|Any CPU.Build.0 = Release|Any CPU
		{7D9C9772-4747-4E29-9806-1007528BBEEE}.Work|x86.ActiveCfg = Release|x86
		{7D9C9772-4747-4E29-9806-1007528BBEEE}.Work|x86.Build.0 = Release|x86
		{F9F27290-3395-4E60-A05F-85E890CEDCBA}.Debug|Any CPU.ActiveCfg = Debug|Any CPU
		{F9F27290-3395-4E60-A05F-85E890CEDCBA}.Debug|Any CPU.Build.0 = Debug|Any CPU
		{F9F27290-3395-4E60-A05F-85E890CEDCBA}.Debug|x86.ActiveCfg = Debug|Any CPU
		{F9F27290-3395-4E60-A05F-85E890CEDCBA}.Home|Any CPU.ActiveCfg = Release|Any CPU
		{F9F27290-3395-4E60-A05F-85E890CEDCBA}.Home|Any CPU.Build.0 = Release|Any CPU
		{F9F27290-3395-4E60-A05F-85E890CEDCBA}.Home|x86.ActiveCfg = Release|Any CPU
		{F9F27290-3395-4E60-A05F-85E890CEDCBA}.Release|Any CPU.ActiveCfg = Release|Any CPU
		{F9F27290-3395-4E60-A05F-85E890CEDCBA}.Release|Any CPU.Build.0 = Release|Any CPU
		{F9F27290-3395-4E60-A05F-85E890CEDCBA}.Release|x86.ActiveCfg = Release|Any CPU
		{F9F27290-3395-4E60-A05F-85E890CEDCBA}.Work|Any CPU.ActiveCfg = Release|Any CPU
		{F9F27290-3395-4E60-A05F-85E890CEDCBA}.Work|Any CPU.Build.0 = Release|Any CPU
		{F9F27290-3395-4E60-A05F-85E890CEDCBA}.Work|x86.ActiveCfg = Release|Any CPU
	EndGlobalSection
	GlobalSection(SolutionProperties) = preSolution
		HideSolutionNode = FALSE
	EndGlobalSection
	GlobalSection(NestedProjects) = preSolution
		{32611C24-4298-4CB6-A257-704E2230C5A2} = {2D251D08-446B-4517-A5FD-E9DB154CB6AD}
		{B6A78452-CA4D-442F-AAD4-A31647B18CB7} = {2D251D08-446B-4517-A5FD-E9DB154CB6AD}
		{664E78C3-06EF-4921-A21B-314B08352CC4} = {2D251D08-446B-4517-A5FD-E9DB154CB6AD}
		{D822B027-D854-4081-B14D-8F7269207F61} = {2D251D08-446B-4517-A5FD-E9DB154CB6AD}
		{B78267E9-B883-4BDE-8883-99D8F5A09013} = {2D251D08-446B-4517-A5FD-E9DB154CB6AD}
		{A027CB11-2B7D-4D12-81E5-C7F349DE1A63} = {2D251D08-446B-4517-A5FD-E9DB154CB6AD}
		{7F8A32C0-B452-4E30-9C23-6406DDC353DB} = {2D251D08-446B-4517-A5FD-E9DB154CB6AD}
		{6DA51A5A-1F1B-4881-A790-98EC6E8F3DF8} = {2D251D08-446B-4517-A5FD-E9DB154CB6AD}
	EndGlobalSection
EndGlobal
