
Microsoft Visual Studio Solution File, Format Version 12.00
# Visual Studio 2013
VisualStudioVersion = 12.0.31101.0
MinimumVisualStudioVersion = 10.0.40219.1
Project("{2150E333-8FDC-42A3-9474-1A3956D46DE8}") = "Server", "Server", "{AAD25B61-6C9A-4494-9D8E-14928E7FCF16}"
EndProject
Project("{2150E333-8FDC-42A3-9474-1A3956D46DE8}") = "Database", "Database", "{7E9CDCFC-5B50-40EE-A744-815A372B22EB}"
EndProject
Project("{2150E333-8FDC-42A3-9474-1A3956D46DE8}") = "Editor", "Editor", "{433D450E-A265-452F-B00E-D5D06C920CB6}"
EndProject
Project("{2150E333-8FDC-42A3-9474-1A3956D46DE8}") = "Libraries", "Libraries", "{60CCF56E-9471-41CD-BA23-2060801BD137}"
EndProject
Project("{FAE04EC0-301F-11D3-BF4B-00C04F79EFBC}") = "Realm", "Server\Realm\Realm.csproj", "{B1F35ADF-CBC7-4A8B-892D-7907D5E619E0}"
EndProject
Project("{FAE04EC0-301F-11D3-BF4B-00C04F79EFBC}") = "Realm.Ai", "Server\Realm.Ai\Realm.Ai.csproj", "{6A0E75D5-8CE8-4FF3-AD7D-97B9203FFB73}"
EndProject
Project("{FAE04EC0-301F-11D3-BF4B-00C04F79EFBC}") = "Realm.Command", "Server\Realm.Command\Realm.Command.csproj", "{0E87E1D1-02D3-4E57-8E65-DB4E49AE0FD1}"
EndProject
Project("{FAE04EC0-301F-11D3-BF4B-00C04F79EFBC}") = "Realm.Communication", "Server\Realm.Communication\Realm.Communication.csproj", "{9481A7BE-0E60-4E88-8E0A-549648B92506}"
EndProject
Project("{FAE04EC0-301F-11D3-BF4B-00C04F79EFBC}") = "Realm.Data", "Server\Realm.Data\Realm.Data.csproj", "{0DFAB029-BE14-434A-B328-A98178C43CB0}"
EndProject
Project("{FAE04EC0-301F-11D3-BF4B-00C04F79EFBC}") = "Realm.Entity", "Server\Realm.Entity\Realm.Entity.csproj", "{139F42EC-7788-4E83-B47B-43FDD8D1A7E9}"
EndProject
Project("{FAE04EC0-301F-11D3-BF4B-00C04F79EFBC}") = "Realm.Event", "Server\Realm.Event\Realm.Event.csproj", "{9EA864D2-2338-4BCB-ABC6-6D825EBA0564}"
EndProject
Project("{FAE04EC0-301F-11D3-BF4B-00C04F79EFBC}") = "Realm.Help", "Server\Realm.Help\Realm.Help.csproj", "{125D2F7F-C246-4401-A72C-93CEEADD9335}"
EndProject
Project("{FAE04EC0-301F-11D3-BF4B-00C04F79EFBC}") = "Realm.Network", "Server\Realm.Network\Realm.Network.csproj", "{DB9EB86B-49B1-4B80-8A81-3701C859864F}"
EndProject
Project("{FAE04EC0-301F-11D3-BF4B-00C04F79EFBC}") = "Realm.Pathing", "Server\Realm.Pathing\Realm.Pathing.csproj", "{1FF7F263-F3E1-4719-B2E4-A951FDD18AB2}"
EndProject
Project("{FAE04EC0-301F-11D3-BF4B-00C04F79EFBC}") = "Realm.Server", "Server\Realm.Server\Realm.Server.csproj", "{1FDDA9AD-0242-4D48-A824-ACF24B3B2B0B}"
EndProject
Project("{FAE04EC0-301F-11D3-BF4B-00C04F79EFBC}") = "Realm.Time", "Server\Realm.Time\Realm.Time.csproj", "{718875D4-9236-4AA0-B507-8FA467DE510D}"
EndProject
Project("{2150E333-8FDC-42A3-9474-1A3956D46DE8}") = "Tests", "Tests", "{9D228B41-753E-4399-973D-2A8949559EDD}"
EndProject
Project("{FAE04EC0-301F-11D3-BF4B-00C04F79EFBC}") = "Realm.Ai.Test", "Server\Tests\Realm.Ai.Test\Realm.Ai.Test.csproj", "{33F3EE8F-A133-452E-B8B4-799D433465CA}"
EndProject
Project("{FAE04EC0-301F-11D3-BF4B-00C04F79EFBC}") = "Realm.Command.Test", "Server\Tests\Realm.Command.Test\Realm.Command.Test.csproj", "{8740AFEF-82F0-4752-AE7D-58BE4378A273}"
EndProject
Project("{FAE04EC0-301F-11D3-BF4B-00C04F79EFBC}") = "Realm.Communication.Test", "Server\Tests\Realm.Communication.Test\Realm.Communication.Test.csproj", "{E2F8D676-121B-4AD0-870E-F107F1635BD2}"
EndProject
Project("{FAE04EC0-301F-11D3-BF4B-00C04F79EFBC}") = "Realm.Data.Test", "Server\Tests\Realm.Data.Test\Realm.Data.Test.csproj", "{36768E57-C61E-42B8-8A08-E336C1F4848C}"
EndProject
Project("{FAE04EC0-301F-11D3-BF4B-00C04F79EFBC}") = "Realm.Entity.Test", "Server\Tests\Realm.Entity.Test\Realm.Entity.Test.csproj", "{9CE06146-1104-413C-A471-6EF5370ACF3A}"
EndProject
Project("{FAE04EC0-301F-11D3-BF4B-00C04F79EFBC}") = "Realm.Event.Test", "Server\Tests\Realm.Event.Test\Realm.Event.Test.csproj", "{93489ED2-CB09-4A56-8646-91ABE6D7D3A4}"
EndProject
Project("{FAE04EC0-301F-11D3-BF4B-00C04F79EFBC}") = "Realm.Network.Test", "Server\Tests\Realm.Network.Test\Realm.Network.Test.csproj", "{5F80E310-BC52-4F96-B393-0EBF5C92E65A}"
EndProject
Project("{FAE04EC0-301F-11D3-BF4B-00C04F79EFBC}") = "Realm.Pathing.Test", "Server\Tests\Realm.Pathing.Test\Realm.Pathing.Test.csproj", "{E0E70E27-EADC-45E7-8D69-DD23A5C28452}"
EndProject
Project("{FAE04EC0-301F-11D3-BF4B-00C04F79EFBC}") = "Realm.Server.Test", "Server\Tests\Realm.Server.Test\Realm.Server.Test.csproj", "{6A3E84D1-94E8-479E-AC17-CA2A5150E849}"
EndProject
Project("{FAE04EC0-301F-11D3-BF4B-00C04F79EFBC}") = "Realm.Test", "Server\Tests\Realm.Test\Realm.Test.csproj", "{6BD150D1-C324-443A-8724-A6177D6CAC80}"
EndProject
Project("{FAE04EC0-301F-11D3-BF4B-00C04F79EFBC}") = "Realm.Time.Test", "Server\Tests\Realm.Time.Test\Realm.Time.Test.csproj", "{4C36224E-A089-4BBF-8106-5C8434888B83}"
EndProject
Project("{FAE04EC0-301F-11D3-BF4B-00C04F79EFBC}") = "Realm.Library.Ai", "Libraries\Realm.Library.Ai\Realm.Library.Ai.csproj", "{94235864-BA78-435A-A353-A8FC83FA1A06}"
EndProject
Project("{FAE04EC0-301F-11D3-BF4B-00C04F79EFBC}") = "Realm.Library.Common", "Libraries\Realm.Library.Common\Realm.Library.Common.csproj", "{1FDEE5BD-A724-4478-BCA3-4C49DAEA291D}"
EndProject
Project("{FAE04EC0-301F-11D3-BF4B-00C04F79EFBC}") = "Realm.Library.Controls", "Libraries\Realm.Library.Controls\Realm.Library.Controls.csproj", "{355F0FB2-9BCF-4E68-BC2B-F2EDE3F90750}"
EndProject
Project("{FAE04EC0-301F-11D3-BF4B-00C04F79EFBC}") = "Realm.Library.Database", "Libraries\Realm.Library.Database\Realm.Library.Database.csproj", "{72089E12-217D-4C77-8041-8D919BBF30DB}"
EndProject
Project("{FAE04EC0-301F-11D3-BF4B-00C04F79EFBC}") = "Realm.Library.Lua", "Libraries\Realm.Library.Lua\Realm.Library.Lua.csproj", "{02B1394B-866D-42AD-B187-EF9D9D459EB0}"
EndProject
Project("{FAE04EC0-301F-11D3-BF4B-00C04F79EFBC}") = "Realm.Library.NCalcExt", "Libraries\Realm.Library.NCalcExt\Realm.Library.NCalcExt.csproj", "{D2EBA739-4153-48FF-93F0-AAEB43D1AB7E}"
EndProject
Project("{FAE04EC0-301F-11D3-BF4B-00C04F79EFBC}") = "Realm.Library.Network", "Libraries\Realm.Library.Network\Realm.Library.Network.csproj", "{551F2B16-CEC5-4E16-8F30-290005C04E16}"
EndProject
Project("{FAE04EC0-301F-11D3-BF4B-00C04F79EFBC}") = "Realm.Library.SmallDb", "Libraries\Realm.Library.SmallDb\Realm.Library.SmallDb.csproj", "{7D9C9772-4747-4E29-9806-1007528BBEEE}"
EndProject
Project("{2150E333-8FDC-42A3-9474-1A3956D46DE8}") = "Tests", "Tests", "{9012E5DE-9E76-4483-BFFE-615A94D27B43}"
EndProject
Project("{FAE04EC0-301F-11D3-BF4B-00C04F79EFBC}") = "Realm.Library.Patterns.Command", "Libraries\Patterns\Realm.Library.Patterns.Command\Realm.Library.Patterns.Command.csproj", "{DD42338B-FE18-406E-8084-F606825771F6}"
EndProject
Project("{FAE04EC0-301F-11D3-BF4B-00C04F79EFBC}") = "Realm.Library.Patterns.Decorator", "Libraries\Patterns\Realm.Library.Patterns.Decorator\Realm.Library.Patterns.Decorator.csproj", "{2BB2460C-A3C5-410B-B139-0E16E5077AAC}"
EndProject
Project("{FAE04EC0-301F-11D3-BF4B-00C04F79EFBC}") = "Realm.Library.Patterns.Factory", "Libraries\Patterns\Realm.Library.Patterns.Factory\Realm.Library.Patterns.Factory.csproj", "{74A0765E-25AD-486E-8284-33FCECF636D1}"
EndProject
Project("{FAE04EC0-301F-11D3-BF4B-00C04F79EFBC}") = "Realm.Library.Patterns.Repository", "Libraries\Patterns\Realm.Library.Patterns.Repository\Realm.Library.Patterns.Repository.csproj", "{222CCE38-B286-44F0-B7F1-6AF8BA525FB6}"
EndProject
Project("{FAE04EC0-301F-11D3-BF4B-00C04F79EFBC}") = "Realm.Library.Patterns.Singleton", "Libraries\Patterns\Realm.Library.Patterns.Singleton\Realm.Library.Patterns.Singleton.csproj", "{B459E90B-793A-48B1-B672-50D162EDC662}"
EndProject
Project("{FAE04EC0-301F-11D3-BF4B-00C04F79EFBC}") = "Realm.Library.Ai.Test", "Libraries\Tests\Realm.Library.Ai.Test\Realm.Library.Ai.Test.csproj", "{32611C24-4298-4CB6-A257-704E2230C5A2}"
EndProject
Project("{FAE04EC0-301F-11D3-BF4B-00C04F79EFBC}") = "Realm.Library.Common.Test", "Libraries\Tests\Realm.Library.Common.Test\Realm.Library.Common.Test.csproj", "{B6A78452-CA4D-442F-AAD4-A31647B18CB7}"
EndProject
Project("{FAE04EC0-301F-11D3-BF4B-00C04F79EFBC}") = "Realm.Library.Database.Test", "Libraries\Tests\Realm.Library.Database.Test\Realm.Library.Database.Test.csproj", "{664E78C3-06EF-4921-A21B-314B08352CC4}"
EndProject
Project("{FAE04EC0-301F-11D3-BF4B-00C04F79EFBC}") = "Realm.Library.Lua.Test", "Libraries\Tests\Realm.Library.Lua.Test\Realm.Library.Lua.Test.csproj", "{D822B027-D854-4081-B14D-8F7269207F61}"
EndProject
Project("{FAE04EC0-301F-11D3-BF4B-00C04F79EFBC}") = "Realm.Library.NCalcExt.Test", "Libraries\Tests\Realm.Library.NCalcExt.Test\Realm.Library.NCalcExt.Test.csproj", "{B78267E9-B883-4BDE-8883-99D8F5A09013}"
EndProject
Project("{FAE04EC0-301F-11D3-BF4B-00C04F79EFBC}") = "Realm.Library.Network.Test", "Libraries\Tests\Realm.Library.Network.Test\Realm.Library.Network.Test.csproj", "{A027CB11-2B7D-4D12-81E5-C7F349DE1A63}"
EndProject
Project("{FAE04EC0-301F-11D3-BF4B-00C04F79EFBC}") = "Realm.Library.Pattern.Test", "Libraries\Tests\Realm.Library.Pattern.Test\Realm.Library.Pattern.Test.csproj", "{7F8A32C0-B452-4E30-9C23-6406DDC353DB}"
EndProject
Project("{FAE04EC0-301F-11D3-BF4B-00C04F79EFBC}") = "Realm.Library.SmallDb.Test", "Libraries\Tests\Realm.Library.SmallDb.Test\Realm.Library.SmallDb.Test.csproj", "{6DA51A5A-1F1B-4881-A790-98EC6E8F3DF8}"
EndProject
Project("{FAE04EC0-301F-11D3-BF4B-00C04F79EFBC}") = "Realm.Edit", "Editor\Realm.Edit.csproj", "{3835C70D-F65E-4440-B837-FF58872F3421}"
EndProject
Project("{FAE04EC0-301F-11D3-BF4B-00C04F79EFBC}") = "Realm.Admin.DAL", "Database\Realm.Admin.DAL\Realm.Admin.DAL.csproj", "{CFE580A7-1086-457E-AEAD-E388AF862B66}"
EndProject
Project("{FAE04EC0-301F-11D3-BF4B-00C04F79EFBC}") = "Realm.DAL", "Database\Realm.DAL\Realm.DAL.csproj", "{157B6B68-68F7-414B-AE04-9CB80B9C68B4}"
EndProject
Project("{FAE04EC0-301F-11D3-BF4B-00C04F79EFBC}") = "Realm.DAL.Common", "Database\Realm.DAL.Common\Realm.DAL.Common.csproj", "{383E6B8F-8EBA-4DC3-8C16-6A8940B46002}"
EndProject
Project("{FAE04EC0-301F-11D3-BF4B-00C04F79EFBC}") = "Realm.Live.DAL", "Database\Realm.Live.DAL\Realm.Live.DAL.csproj", "{2A5EF824-CBCB-4A24-BF0F-754EC14BB7E8}"
EndProject
Project("{2150E333-8FDC-42A3-9474-1A3956D46DE8}") = "Documents", "Documents", "{7E60335D-852C-47BF-B71B-A31745134FA6}"
	ProjectSection(SolutionItems) = preProject
		..\Documents\MUD Combat Calculations.xls = ..\Documents\MUD Combat Calculations.xls
		..\Documents\MushCODE Code Concepts.docx = ..\Documents\MushCODE Code Concepts.docx
		..\Documents\RealmMUD Startup Process.docx = ..\Documents\RealmMUD Startup Process.docx
		..\Documents\todo.txt = ..\Documents\todo.txt
	EndProjectSection
EndProject
Project("{2150E333-8FDC-42A3-9474-1A3956D46DE8}") = "Web", "Web", "{E7E6F31E-7AA0-4662-8155-E31D4F06366A}"
EndProject
Project("{FAE04EC0-301F-11D3-BF4B-00C04F79EFBC}") = "Realm.Web", "Web\Realm.Web\Realm.Web.csproj", "{252CA1CC-A9FF-47D9-B4CC-8C99247C4AF8}"
EndProject
Project("{FAE04EC0-301F-11D3-BF4B-00C04F79EFBC}") = "Realm.Web.Tests", "Web\Realm.Web.Tests\Realm.Web.Tests.csproj", "{7F890620-964E-4E10-B5A6-6E7B4381B2FA}"
EndProject
Project("{2150E333-8FDC-42A3-9474-1A3956D46DE8}") = ".nuget", ".nuget", "{ED07F171-3910-4477-BCB2-22A4095E7A1F}"
	ProjectSection(SolutionItems) = preProject
		.nuget\NuGet.Config = .nuget\NuGet.Config
		.nuget\NuGet.exe = .nuget\NuGet.exe
		.nuget\NuGet.targets = .nuget\NuGet.targets
	EndProjectSection
EndProject
Global
	GlobalSection(SolutionConfigurationPlatforms) = preSolution
		Debug|Any CPU = Debug|Any CPU
		Debug|x86 = Debug|x86
		Home|Any CPU = Home|Any CPU
		Home|x86 = Home|x86
		Release|Any CPU = Release|Any CPU
		Release|x86 = Release|x86
		Work|Any CPU = Work|Any CPU
		Work|x86 = Work|x86
	EndGlobalSection
	GlobalSection(ProjectConfigurationPlatforms) = postSolution
		{B1F35ADF-CBC7-4A8B-892D-7907D5E619E0}.Debug|Any CPU.ActiveCfg = Debug|Any CPU
		{B1F35ADF-CBC7-4A8B-892D-7907D5E619E0}.Debug|Any CPU.Build.0 = Debug|Any CPU
		{B1F35ADF-CBC7-4A8B-892D-7907D5E619E0}.Debug|x86.ActiveCfg = Debug|x86
		{B1F35ADF-CBC7-4A8B-892D-7907D5E619E0}.Debug|x86.Build.0 = Debug|x86
		{B1F35ADF-CBC7-4A8B-892D-7907D5E619E0}.Home|Any CPU.ActiveCfg = Home|Any CPU
		{B1F35ADF-CBC7-4A8B-892D-7907D5E619E0}.Home|Any CPU.Build.0 = Home|Any CPU
		{B1F35ADF-CBC7-4A8B-892D-7907D5E619E0}.Home|x86.ActiveCfg = Home|x86
		{B1F35ADF-CBC7-4A8B-892D-7907D5E619E0}.Home|x86.Build.0 = Home|x86
		{B1F35ADF-CBC7-4A8B-892D-7907D5E619E0}.Release|Any CPU.ActiveCfg = Release|Any CPU
		{B1F35ADF-CBC7-4A8B-892D-7907D5E619E0}.Release|Any CPU.Build.0 = Release|Any CPU
		{B1F35ADF-CBC7-4A8B-892D-7907D5E619E0}.Release|x86.ActiveCfg = Release|x86
		{B1F35ADF-CBC7-4A8B-892D-7907D5E619E0}.Release|x86.Build.0 = Release|x86
		{B1F35ADF-CBC7-4A8B-892D-7907D5E619E0}.Work|Any CPU.ActiveCfg = Work|Any CPU
		{B1F35ADF-CBC7-4A8B-892D-7907D5E619E0}.Work|Any CPU.Build.0 = Work|Any CPU
		{B1F35ADF-CBC7-4A8B-892D-7907D5E619E0}.Work|x86.ActiveCfg = Work|x86
		{B1F35ADF-CBC7-4A8B-892D-7907D5E619E0}.Work|x86.Build.0 = Work|x86
		{6A0E75D5-8CE8-4FF3-AD7D-97B9203FFB73}.Debug|Any CPU.ActiveCfg = Debug|Any CPU
		{6A0E75D5-8CE8-4FF3-AD7D-97B9203FFB73}.Debug|Any CPU.Build.0 = Debug|Any CPU
		{6A0E75D5-8CE8-4FF3-AD7D-97B9203FFB73}.Debug|x86.ActiveCfg = Debug|x86
		{6A0E75D5-8CE8-4FF3-AD7D-97B9203FFB73}.Debug|x86.Build.0 = Debug|x86
		{6A0E75D5-8CE8-4FF3-AD7D-97B9203FFB73}.Home|Any CPU.ActiveCfg = Work|Any CPU
		{6A0E75D5-8CE8-4FF3-AD7D-97B9203FFB73}.Home|Any CPU.Build.0 = Work|Any CPU
		{6A0E75D5-8CE8-4FF3-AD7D-97B9203FFB73}.Home|x86.ActiveCfg = Work|x86
		{6A0E75D5-8CE8-4FF3-AD7D-97B9203FFB73}.Home|x86.Build.0 = Work|x86
		{6A0E75D5-8CE8-4FF3-AD7D-97B9203FFB73}.Release|Any CPU.ActiveCfg = Release|Any CPU
		{6A0E75D5-8CE8-4FF3-AD7D-97B9203FFB73}.Release|Any CPU.Build.0 = Release|Any CPU
		{6A0E75D5-8CE8-4FF3-AD7D-97B9203FFB73}.Release|x86.ActiveCfg = Release|x86
		{6A0E75D5-8CE8-4FF3-AD7D-97B9203FFB73}.Release|x86.Build.0 = Release|x86
		{6A0E75D5-8CE8-4FF3-AD7D-97B9203FFB73}.Work|Any CPU.ActiveCfg = Work|Any CPU
		{6A0E75D5-8CE8-4FF3-AD7D-97B9203FFB73}.Work|Any CPU.Build.0 = Work|Any CPU
		{6A0E75D5-8CE8-4FF3-AD7D-97B9203FFB73}.Work|x86.ActiveCfg = Work|x86
		{6A0E75D5-8CE8-4FF3-AD7D-97B9203FFB73}.Work|x86.Build.0 = Work|x86
		{0E87E1D1-02D3-4E57-8E65-DB4E49AE0FD1}.Debug|Any CPU.ActiveCfg = Debug|Any CPU
		{0E87E1D1-02D3-4E57-8E65-DB4E49AE0FD1}.Debug|Any CPU.Build.0 = Debug|Any CPU
		{0E87E1D1-02D3-4E57-8E65-DB4E49AE0FD1}.Debug|x86.ActiveCfg = Debug|x86
		{0E87E1D1-02D3-4E57-8E65-DB4E49AE0FD1}.Debug|x86.Build.0 = Debug|x86
		{0E87E1D1-02D3-4E57-8E65-DB4E49AE0FD1}.Home|Any CPU.ActiveCfg = Work|Any CPU
		{0E87E1D1-02D3-4E57-8E65-DB4E49AE0FD1}.Home|Any CPU.Build.0 = Work|Any CPU
		{0E87E1D1-02D3-4E57-8E65-DB4E49AE0FD1}.Home|x86.ActiveCfg = Work|x86
		{0E87E1D1-02D3-4E57-8E65-DB4E49AE0FD1}.Home|x86.Build.0 = Work|x86
		{0E87E1D1-02D3-4E57-8E65-DB4E49AE0FD1}.Release|Any CPU.ActiveCfg = Release|Any CPU
		{0E87E1D1-02D3-4E57-8E65-DB4E49AE0FD1}.Release|Any CPU.Build.0 = Release|Any CPU
		{0E87E1D1-02D3-4E57-8E65-DB4E49AE0FD1}.Release|x86.ActiveCfg = Release|x86
		{0E87E1D1-02D3-4E57-8E65-DB4E49AE0FD1}.Release|x86.Build.0 = Release|x86
		{0E87E1D1-02D3-4E57-8E65-DB4E49AE0FD1}.Work|Any CPU.ActiveCfg = Work|Any CPU
		{0E87E1D1-02D3-4E57-8E65-DB4E49AE0FD1}.Work|Any CPU.Build.0 = Work|Any CPU
		{0E87E1D1-02D3-4E57-8E65-DB4E49AE0FD1}.Work|x86.ActiveCfg = Work|x86
		{0E87E1D1-02D3-4E57-8E65-DB4E49AE0FD1}.Work|x86.Build.0 = Work|x86
		{9481A7BE-0E60-4E88-8E0A-549648B92506}.Debug|Any CPU.ActiveCfg = Debug|Any CPU
		{9481A7BE-0E60-4E88-8E0A-549648B92506}.Debug|Any CPU.Build.0 = Debug|Any CPU
		{9481A7BE-0E60-4E88-8E0A-549648B92506}.Debug|x86.ActiveCfg = Debug|x86
		{9481A7BE-0E60-4E88-8E0A-549648B92506}.Debug|x86.Build.0 = Debug|x86
		{9481A7BE-0E60-4E88-8E0A-549648B92506}.Home|Any CPU.ActiveCfg = Work|Any CPU
		{9481A7BE-0E60-4E88-8E0A-549648B92506}.Home|Any CPU.Build.0 = Work|Any CPU
		{9481A7BE-0E60-4E88-8E0A-549648B92506}.Home|x86.ActiveCfg = Work|x86
		{9481A7BE-0E60-4E88-8E0A-549648B92506}.Home|x86.Build.0 = Work|x86
		{9481A7BE-0E60-4E88-8E0A-549648B92506}.Release|Any CPU.ActiveCfg = Release|Any CPU
		{9481A7BE-0E60-4E88-8E0A-549648B92506}.Release|Any CPU.Build.0 = Release|Any CPU
		{9481A7BE-0E60-4E88-8E0A-549648B92506}.Release|x86.ActiveCfg = Release|x86
		{9481A7BE-0E60-4E88-8E0A-549648B92506}.Release|x86.Build.0 = Release|x86
		{9481A7BE-0E60-4E88-8E0A-549648B92506}.Work|Any CPU.ActiveCfg = Work|Any CPU
		{9481A7BE-0E60-4E88-8E0A-549648B92506}.Work|Any CPU.Build.0 = Work|Any CPU
		{9481A7BE-0E60-4E88-8E0A-549648B92506}.Work|x86.ActiveCfg = Work|x86
		{9481A7BE-0E60-4E88-8E0A-549648B92506}.Work|x86.Build.0 = Work|x86
		{0DFAB029-BE14-434A-B328-A98178C43CB0}.Debug|Any CPU.ActiveCfg = Debug|Any CPU
		{0DFAB029-BE14-434A-B328-A98178C43CB0}.Debug|Any CPU.Build.0 = Debug|Any CPU
		{0DFAB029-BE14-434A-B328-A98178C43CB0}.Debug|x86.ActiveCfg = Debug|x86
		{0DFAB029-BE14-434A-B328-A98178C43CB0}.Debug|x86.Build.0 = Debug|x86
		{0DFAB029-BE14-434A-B328-A98178C43CB0}.Home|Any CPU.ActiveCfg = Home|Any CPU
		{0DFAB029-BE14-434A-B328-A98178C43CB0}.Home|Any CPU.Build.0 = Home|Any CPU
		{0DFAB029-BE14-434A-B328-A98178C43CB0}.Home|x86.ActiveCfg = Home|x86
		{0DFAB029-BE14-434A-B328-A98178C43CB0}.Home|x86.Build.0 = Home|x86
		{0DFAB029-BE14-434A-B328-A98178C43CB0}.Release|Any CPU.ActiveCfg = Release|Any CPU
		{0DFAB029-BE14-434A-B328-A98178C43CB0}.Release|Any CPU.Build.0 = Release|Any CPU
		{0DFAB029-BE14-434A-B328-A98178C43CB0}.Release|x86.ActiveCfg = Release|x86
		{0DFAB029-BE14-434A-B328-A98178C43CB0}.Release|x86.Build.0 = Release|x86
		{0DFAB029-BE14-434A-B328-A98178C43CB0}.Work|Any CPU.ActiveCfg = Work|Any CPU
		{0DFAB029-BE14-434A-B328-A98178C43CB0}.Work|Any CPU.Build.0 = Work|Any CPU
		{0DFAB029-BE14-434A-B328-A98178C43CB0}.Work|x86.ActiveCfg = Work|x86
		{0DFAB029-BE14-434A-B328-A98178C43CB0}.Work|x86.Build.0 = Work|x86
		{139F42EC-7788-4E83-B47B-43FDD8D1A7E9}.Debug|Any CPU.ActiveCfg = Debug|Any CPU
		{139F42EC-7788-4E83-B47B-43FDD8D1A7E9}.Debug|Any CPU.Build.0 = Debug|Any CPU
		{139F42EC-7788-4E83-B47B-43FDD8D1A7E9}.Debug|x86.ActiveCfg = Debug|x86
		{139F42EC-7788-4E83-B47B-43FDD8D1A7E9}.Debug|x86.Build.0 = Debug|x86
		{139F42EC-7788-4E83-B47B-43FDD8D1A7E9}.Home|Any CPU.ActiveCfg = Work|Any CPU
		{139F42EC-7788-4E83-B47B-43FDD8D1A7E9}.Home|Any CPU.Build.0 = Work|Any CPU
		{139F42EC-7788-4E83-B47B-43FDD8D1A7E9}.Home|x86.ActiveCfg = Work|x86
		{139F42EC-7788-4E83-B47B-43FDD8D1A7E9}.Home|x86.Build.0 = Work|x86
		{139F42EC-7788-4E83-B47B-43FDD8D1A7E9}.Release|Any CPU.ActiveCfg = Release|Any CPU
		{139F42EC-7788-4E83-B47B-43FDD8D1A7E9}.Release|Any CPU.Build.0 = Release|Any CPU
		{139F42EC-7788-4E83-B47B-43FDD8D1A7E9}.Release|x86.ActiveCfg = Release|x86
		{139F42EC-7788-4E83-B47B-43FDD8D1A7E9}.Release|x86.Build.0 = Release|x86
		{139F42EC-7788-4E83-B47B-43FDD8D1A7E9}.Work|Any CPU.ActiveCfg = Work|Any CPU
		{139F42EC-7788-4E83-B47B-43FDD8D1A7E9}.Work|Any CPU.Build.0 = Work|Any CPU
		{139F42EC-7788-4E83-B47B-43FDD8D1A7E9}.Work|x86.ActiveCfg = Work|x86
		{139F42EC-7788-4E83-B47B-43FDD8D1A7E9}.Work|x86.Build.0 = Work|x86
		{9EA864D2-2338-4BCB-ABC6-6D825EBA0564}.Debug|Any CPU.ActiveCfg = Debug|Any CPU
		{9EA864D2-2338-4BCB-ABC6-6D825EBA0564}.Debug|Any CPU.Build.0 = Debug|Any CPU
		{9EA864D2-2338-4BCB-ABC6-6D825EBA0564}.Debug|x86.ActiveCfg = Debug|x86
		{9EA864D2-2338-4BCB-ABC6-6D825EBA0564}.Debug|x86.Build.0 = Debug|x86
		{9EA864D2-2338-4BCB-ABC6-6D825EBA0564}.Home|Any CPU.ActiveCfg = Work|Any CPU
		{9EA864D2-2338-4BCB-ABC6-6D825EBA0564}.Home|Any CPU.Build.0 = Work|Any CPU
		{9EA864D2-2338-4BCB-ABC6-6D825EBA0564}.Home|x86.ActiveCfg = Work|x86
		{9EA864D2-2338-4BCB-ABC6-6D825EBA0564}.Home|x86.Build.0 = Work|x86
		{9EA864D2-2338-4BCB-ABC6-6D825EBA0564}.Release|Any CPU.ActiveCfg = Release|Any CPU
		{9EA864D2-2338-4BCB-ABC6-6D825EBA0564}.Release|Any CPU.Build.0 = Release|Any CPU
		{9EA864D2-2338-4BCB-ABC6-6D825EBA0564}.Release|x86.ActiveCfg = Release|x86
		{9EA864D2-2338-4BCB-ABC6-6D825EBA0564}.Release|x86.Build.0 = Release|x86
		{9EA864D2-2338-4BCB-ABC6-6D825EBA0564}.Work|Any CPU.ActiveCfg = Work|Any CPU
		{9EA864D2-2338-4BCB-ABC6-6D825EBA0564}.Work|Any CPU.Build.0 = Work|Any CPU
		{9EA864D2-2338-4BCB-ABC6-6D825EBA0564}.Work|x86.ActiveCfg = Work|x86
		{9EA864D2-2338-4BCB-ABC6-6D825EBA0564}.Work|x86.Build.0 = Work|x86
		{125D2F7F-C246-4401-A72C-93CEEADD9335}.Debug|Any CPU.ActiveCfg = Debug|Any CPU
		{125D2F7F-C246-4401-A72C-93CEEADD9335}.Debug|Any CPU.Build.0 = Debug|Any CPU
		{125D2F7F-C246-4401-A72C-93CEEADD9335}.Debug|x86.ActiveCfg = Debug|Any CPU
		{125D2F7F-C246-4401-A72C-93CEEADD9335}.Home|Any CPU.ActiveCfg = Release|Any CPU
		{125D2F7F-C246-4401-A72C-93CEEADD9335}.Home|Any CPU.Build.0 = Release|Any CPU
		{125D2F7F-C246-4401-A72C-93CEEADD9335}.Home|x86.ActiveCfg = Release|Any CPU
		{125D2F7F-C246-4401-A72C-93CEEADD9335}.Release|Any CPU.ActiveCfg = Release|Any CPU
		{125D2F7F-C246-4401-A72C-93CEEADD9335}.Release|Any CPU.Build.0 = Release|Any CPU
		{125D2F7F-C246-4401-A72C-93CEEADD9335}.Release|x86.ActiveCfg = Release|Any CPU
		{125D2F7F-C246-4401-A72C-93CEEADD9335}.Work|Any CPU.ActiveCfg = Release|Any CPU
		{125D2F7F-C246-4401-A72C-93CEEADD9335}.Work|Any CPU.Build.0 = Release|Any CPU
		{125D2F7F-C246-4401-A72C-93CEEADD9335}.Work|x86.ActiveCfg = Release|Any CPU
		{DB9EB86B-49B1-4B80-8A81-3701C859864F}.Debug|Any CPU.ActiveCfg = Debug|Any CPU
		{DB9EB86B-49B1-4B80-8A81-3701C859864F}.Debug|Any CPU.Build.0 = Debug|Any CPU
		{DB9EB86B-49B1-4B80-8A81-3701C859864F}.Debug|x86.ActiveCfg = Debug|x86
		{DB9EB86B-49B1-4B80-8A81-3701C859864F}.Debug|x86.Build.0 = Debug|x86
		{DB9EB86B-49B1-4B80-8A81-3701C859864F}.Home|Any CPU.ActiveCfg = Work|Any CPU
		{DB9EB86B-49B1-4B80-8A81-3701C859864F}.Home|Any CPU.Build.0 = Work|Any CPU
		{DB9EB86B-49B1-4B80-8A81-3701C859864F}.Home|x86.ActiveCfg = Work|x86
		{DB9EB86B-49B1-4B80-8A81-3701C859864F}.Home|x86.Build.0 = Work|x86
		{DB9EB86B-49B1-4B80-8A81-3701C859864F}.Release|Any CPU.ActiveCfg = Release|Any CPU
		{DB9EB86B-49B1-4B80-8A81-3701C859864F}.Release|Any CPU.Build.0 = Release|Any CPU
		{DB9EB86B-49B1-4B80-8A81-3701C859864F}.Release|x86.ActiveCfg = Release|x86
		{DB9EB86B-49B1-4B80-8A81-3701C859864F}.Release|x86.Build.0 = Release|x86
		{DB9EB86B-49B1-4B80-8A81-3701C859864F}.Work|Any CPU.ActiveCfg = Work|Any CPU
		{DB9EB86B-49B1-4B80-8A81-3701C859864F}.Work|Any CPU.Build.0 = Work|Any CPU
		{DB9EB86B-49B1-4B80-8A81-3701C859864F}.Work|x86.ActiveCfg = Work|x86
		{DB9EB86B-49B1-4B80-8A81-3701C859864F}.Work|x86.Build.0 = Work|x86
		{1FF7F263-F3E1-4719-B2E4-A951FDD18AB2}.Debug|Any CPU.ActiveCfg = Debug|Any CPU
		{1FF7F263-F3E1-4719-B2E4-A951FDD18AB2}.Debug|Any CPU.Build.0 = Debug|Any CPU
		{1FF7F263-F3E1-4719-B2E4-A951FDD18AB2}.Debug|x86.ActiveCfg = Debug|x86
		{1FF7F263-F3E1-4719-B2E4-A951FDD18AB2}.Debug|x86.Build.0 = Debug|x86
		{1FF7F263-F3E1-4719-B2E4-A951FDD18AB2}.Home|Any CPU.ActiveCfg = Work|Any CPU
		{1FF7F263-F3E1-4719-B2E4-A951FDD18AB2}.Home|Any CPU.Build.0 = Work|Any CPU
		{1FF7F263-F3E1-4719-B2E4-A951FDD18AB2}.Home|x86.ActiveCfg = Work|x86
		{1FF7F263-F3E1-4719-B2E4-A951FDD18AB2}.Home|x86.Build.0 = Work|x86
		{1FF7F263-F3E1-4719-B2E4-A951FDD18AB2}.Release|Any CPU.ActiveCfg = Release|Any CPU
		{1FF7F263-F3E1-4719-B2E4-A951FDD18AB2}.Release|Any CPU.Build.0 = Release|Any CPU
		{1FF7F263-F3E1-4719-B2E4-A951FDD18AB2}.Release|x86.ActiveCfg = Release|x86
		{1FF7F263-F3E1-4719-B2E4-A951FDD18AB2}.Release|x86.Build.0 = Release|x86
		{1FF7F263-F3E1-4719-B2E4-A951FDD18AB2}.Work|Any CPU.ActiveCfg = Work|Any CPU
		{1FF7F263-F3E1-4719-B2E4-A951FDD18AB2}.Work|Any CPU.Build.0 = Work|Any CPU
		{1FF7F263-F3E1-4719-B2E4-A951FDD18AB2}.Work|x86.ActiveCfg = Work|x86
		{1FF7F263-F3E1-4719-B2E4-A951FDD18AB2}.Work|x86.Build.0 = Work|x86
		{1FDDA9AD-0242-4D48-A824-ACF24B3B2B0B}.Debug|Any CPU.ActiveCfg = Debug|Any CPU
		{1FDDA9AD-0242-4D48-A824-ACF24B3B2B0B}.Debug|Any CPU.Build.0 = Debug|Any CPU
		{1FDDA9AD-0242-4D48-A824-ACF24B3B2B0B}.Debug|x86.ActiveCfg = Debug|x86
		{1FDDA9AD-0242-4D48-A824-ACF24B3B2B0B}.Debug|x86.Build.0 = Debug|x86
		{1FDDA9AD-0242-4D48-A824-ACF24B3B2B0B}.Home|Any CPU.ActiveCfg = Home|Any CPU
		{1FDDA9AD-0242-4D48-A824-ACF24B3B2B0B}.Home|Any CPU.Build.0 = Home|Any CPU
		{1FDDA9AD-0242-4D48-A824-ACF24B3B2B0B}.Home|x86.ActiveCfg = Home|x86
		{1FDDA9AD-0242-4D48-A824-ACF24B3B2B0B}.Home|x86.Build.0 = Home|x86
		{1FDDA9AD-0242-4D48-A824-ACF24B3B2B0B}.Release|Any CPU.ActiveCfg = Release|Any CPU
		{1FDDA9AD-0242-4D48-A824-ACF24B3B2B0B}.Release|Any CPU.Build.0 = Release|Any CPU
		{1FDDA9AD-0242-4D48-A824-ACF24B3B2B0B}.Release|x86.ActiveCfg = Release|x86
		{1FDDA9AD-0242-4D48-A824-ACF24B3B2B0B}.Release|x86.Build.0 = Release|x86
		{1FDDA9AD-0242-4D48-A824-ACF24B3B2B0B}.Work|Any CPU.ActiveCfg = Work|Any CPU
		{1FDDA9AD-0242-4D48-A824-ACF24B3B2B0B}.Work|Any CPU.Build.0 = Work|Any CPU
		{1FDDA9AD-0242-4D48-A824-ACF24B3B2B0B}.Work|x86.ActiveCfg = Work|x86
		{1FDDA9AD-0242-4D48-A824-ACF24B3B2B0B}.Work|x86.Build.0 = Work|x86
		{718875D4-9236-4AA0-B507-8FA467DE510D}.Debug|Any CPU.ActiveCfg = Debug|Any CPU
		{718875D4-9236-4AA0-B507-8FA467DE510D}.Debug|Any CPU.Build.0 = Debug|Any CPU
		{718875D4-9236-4AA0-B507-8FA467DE510D}.Debug|x86.ActiveCfg = Debug|x86
		{718875D4-9236-4AA0-B507-8FA467DE510D}.Debug|x86.Build.0 = Debug|x86
		{718875D4-9236-4AA0-B507-8FA467DE510D}.Home|Any CPU.ActiveCfg = Release|Any CPU
		{718875D4-9236-4AA0-B507-8FA467DE510D}.Home|Any CPU.Build.0 = Release|Any CPU
		{718875D4-9236-4AA0-B507-8FA467DE510D}.Home|x86.ActiveCfg = Release|x86
		{718875D4-9236-4AA0-B507-8FA467DE510D}.Home|x86.Build.0 = Release|x86
		{718875D4-9236-4AA0-B507-8FA467DE510D}.Release|Any CPU.ActiveCfg = Release|Any CPU
		{718875D4-9236-4AA0-B507-8FA467DE510D}.Release|Any CPU.Build.0 = Release|Any CPU
		{718875D4-9236-4AA0-B507-8FA467DE510D}.Release|x86.ActiveCfg = Release|x86
		{718875D4-9236-4AA0-B507-8FA467DE510D}.Release|x86.Build.0 = Release|x86
		{718875D4-9236-4AA0-B507-8FA467DE510D}.Work|Any CPU.ActiveCfg = Release|Any CPU
		{718875D4-9236-4AA0-B507-8FA467DE510D}.Work|Any CPU.Build.0 = Release|Any CPU
		{718875D4-9236-4AA0-B507-8FA467DE510D}.Work|x86.ActiveCfg = Release|x86
		{718875D4-9236-4AA0-B507-8FA467DE510D}.Work|x86.Build.0 = Release|x86
		{33F3EE8F-A133-452E-B8B4-799D433465CA}.Debug|Any CPU.ActiveCfg = Debug|Any CPU
		{33F3EE8F-A133-452E-B8B4-799D433465CA}.Debug|Any CPU.Build.0 = Debug|Any CPU
		{33F3EE8F-A133-452E-B8B4-799D433465CA}.Debug|x86.ActiveCfg = Debug|x86
		{33F3EE8F-A133-452E-B8B4-799D433465CA}.Debug|x86.Build.0 = Debug|x86
		{33F3EE8F-A133-452E-B8B4-799D433465CA}.Home|Any CPU.ActiveCfg = Release|Any CPU
		{33F3EE8F-A133-452E-B8B4-799D433465CA}.Home|Any CPU.Build.0 = Release|Any CPU
		{33F3EE8F-A133-452E-B8B4-799D433465CA}.Home|x86.ActiveCfg = Release|x86
		{33F3EE8F-A133-452E-B8B4-799D433465CA}.Home|x86.Build.0 = Release|x86
		{33F3EE8F-A133-452E-B8B4-799D433465CA}.Release|Any CPU.ActiveCfg = Release|Any CPU
		{33F3EE8F-A133-452E-B8B4-799D433465CA}.Release|Any CPU.Build.0 = Release|Any CPU
		{33F3EE8F-A133-452E-B8B4-799D433465CA}.Release|x86.ActiveCfg = Release|x86
		{33F3EE8F-A133-452E-B8B4-799D433465CA}.Release|x86.Build.0 = Release|x86
		{33F3EE8F-A133-452E-B8B4-799D433465CA}.Work|Any CPU.ActiveCfg = Release|Any CPU
		{33F3EE8F-A133-452E-B8B4-799D433465CA}.Work|Any CPU.Build.0 = Release|Any CPU
		{33F3EE8F-A133-452E-B8B4-799D433465CA}.Work|x86.ActiveCfg = Release|x86
		{33F3EE8F-A133-452E-B8B4-799D433465CA}.Work|x86.Build.0 = Release|x86
		{8740AFEF-82F0-4752-AE7D-58BE4378A273}.Debug|Any CPU.ActiveCfg = Debug|Any CPU
		{8740AFEF-82F0-4752-AE7D-58BE4378A273}.Debug|Any CPU.Build.0 = Debug|Any CPU
		{8740AFEF-82F0-4752-AE7D-58BE4378A273}.Debug|x86.ActiveCfg = Debug|x86
		{8740AFEF-82F0-4752-AE7D-58BE4378A273}.Debug|x86.Build.0 = Debug|x86
		{8740AFEF-82F0-4752-AE7D-58BE4378A273}.Home|Any CPU.ActiveCfg = Release|Any CPU
		{8740AFEF-82F0-4752-AE7D-58BE4378A273}.Home|Any CPU.Build.0 = Release|Any CPU
		{8740AFEF-82F0-4752-AE7D-58BE4378A273}.Home|x86.ActiveCfg = Release|x86
		{8740AFEF-82F0-4752-AE7D-58BE4378A273}.Home|x86.Build.0 = Release|x86
		{8740AFEF-82F0-4752-AE7D-58BE4378A273}.Release|Any CPU.ActiveCfg = Release|Any CPU
		{8740AFEF-82F0-4752-AE7D-58BE4378A273}.Release|Any CPU.Build.0 = Release|Any CPU
		{8740AFEF-82F0-4752-AE7D-58BE4378A273}.Release|x86.ActiveCfg = Release|x86
		{8740AFEF-82F0-4752-AE7D-58BE4378A273}.Release|x86.Build.0 = Release|x86
		{8740AFEF-82F0-4752-AE7D-58BE4378A273}.Work|Any CPU.ActiveCfg = Release|Any CPU
		{8740AFEF-82F0-4752-AE7D-58BE4378A273}.Work|Any CPU.Build.0 = Release|Any CPU
		{8740AFEF-82F0-4752-AE7D-58BE4378A273}.Work|x86.ActiveCfg = Release|x86
		{8740AFEF-82F0-4752-AE7D-58BE4378A273}.Work|x86.Build.0 = Release|x86
		{E2F8D676-121B-4AD0-870E-F107F1635BD2}.Debug|Any CPU.ActiveCfg = Debug|Any CPU
		{E2F8D676-121B-4AD0-870E-F107F1635BD2}.Debug|Any CPU.Build.0 = Debug|Any CPU
		{E2F8D676-121B-4AD0-870E-F107F1635BD2}.Debug|x86.ActiveCfg = Debug|x86
		{E2F8D676-121B-4AD0-870E-F107F1635BD2}.Debug|x86.Build.0 = Debug|x86
		{E2F8D676-121B-4AD0-870E-F107F1635BD2}.Home|Any CPU.ActiveCfg = Release|Any CPU
		{E2F8D676-121B-4AD0-870E-F107F1635BD2}.Home|Any CPU.Build.0 = Release|Any CPU
		{E2F8D676-121B-4AD0-870E-F107F1635BD2}.Home|x86.ActiveCfg = Release|x86
		{E2F8D676-121B-4AD0-870E-F107F1635BD2}.Home|x86.Build.0 = Release|x86
		{E2F8D676-121B-4AD0-870E-F107F1635BD2}.Release|Any CPU.ActiveCfg = Release|Any CPU
		{E2F8D676-121B-4AD0-870E-F107F1635BD2}.Release|Any CPU.Build.0 = Release|Any CPU
		{E2F8D676-121B-4AD0-870E-F107F1635BD2}.Release|x86.ActiveCfg = Release|x86
		{E2F8D676-121B-4AD0-870E-F107F1635BD2}.Release|x86.Build.0 = Release|x86
		{E2F8D676-121B-4AD0-870E-F107F1635BD2}.Work|Any CPU.ActiveCfg = Release|Any CPU
		{E2F8D676-121B-4AD0-870E-F107F1635BD2}.Work|Any CPU.Build.0 = Release|Any CPU
		{E2F8D676-121B-4AD0-870E-F107F1635BD2}.Work|x86.ActiveCfg = Release|x86
		{E2F8D676-121B-4AD0-870E-F107F1635BD2}.Work|x86.Build.0 = Release|x86
		{36768E57-C61E-42B8-8A08-E336C1F4848C}.Debug|Any CPU.ActiveCfg = Debug|Any CPU
		{36768E57-C61E-42B8-8A08-E336C1F4848C}.Debug|Any CPU.Build.0 = Debug|Any CPU
		{36768E57-C61E-42B8-8A08-E336C1F4848C}.Debug|x86.ActiveCfg = Debug|x86
		{36768E57-C61E-42B8-8A08-E336C1F4848C}.Debug|x86.Build.0 = Debug|x86
		{36768E57-C61E-42B8-8A08-E336C1F4848C}.Home|Any CPU.ActiveCfg = Work|Any CPU
		{36768E57-C61E-42B8-8A08-E336C1F4848C}.Home|Any CPU.Build.0 = Work|Any CPU
		{36768E57-C61E-42B8-8A08-E336C1F4848C}.Home|x86.ActiveCfg = Work|x86
		{36768E57-C61E-42B8-8A08-E336C1F4848C}.Home|x86.Build.0 = Work|x86
		{36768E57-C61E-42B8-8A08-E336C1F4848C}.Release|Any CPU.ActiveCfg = Release|Any CPU
		{36768E57-C61E-42B8-8A08-E336C1F4848C}.Release|Any CPU.Build.0 = Release|Any CPU
		{36768E57-C61E-42B8-8A08-E336C1F4848C}.Release|x86.ActiveCfg = Release|x86
		{36768E57-C61E-42B8-8A08-E336C1F4848C}.Release|x86.Build.0 = Release|x86
		{36768E57-C61E-42B8-8A08-E336C1F4848C}.Work|Any CPU.ActiveCfg = Work|Any CPU
		{36768E57-C61E-42B8-8A08-E336C1F4848C}.Work|Any CPU.Build.0 = Work|Any CPU
		{36768E57-C61E-42B8-8A08-E336C1F4848C}.Work|x86.ActiveCfg = Work|x86
		{36768E57-C61E-42B8-8A08-E336C1F4848C}.Work|x86.Build.0 = Work|x86
		{9CE06146-1104-413C-A471-6EF5370ACF3A}.Debug|Any CPU.ActiveCfg = Debug|Any CPU
		{9CE06146-1104-413C-A471-6EF5370ACF3A}.Debug|Any CPU.Build.0 = Debug|Any CPU
		{9CE06146-1104-413C-A471-6EF5370ACF3A}.Debug|x86.ActiveCfg = Debug|x86
		{9CE06146-1104-413C-A471-6EF5370ACF3A}.Debug|x86.Build.0 = Debug|x86
		{9CE06146-1104-413C-A471-6EF5370ACF3A}.Home|Any CPU.ActiveCfg = Release|Any CPU
		{9CE06146-1104-413C-A471-6EF5370ACF3A}.Home|Any CPU.Build.0 = Release|Any CPU
		{9CE06146-1104-413C-A471-6EF5370ACF3A}.Home|x86.ActiveCfg = Release|x86
		{9CE06146-1104-413C-A471-6EF5370ACF3A}.Home|x86.Build.0 = Release|x86
		{9CE06146-1104-413C-A471-6EF5370ACF3A}.Release|Any CPU.ActiveCfg = Release|Any CPU
		{9CE06146-1104-413C-A471-6EF5370ACF3A}.Release|Any CPU.Build.0 = Release|Any CPU
		{9CE06146-1104-413C-A471-6EF5370ACF3A}.Release|x86.ActiveCfg = Release|x86
		{9CE06146-1104-413C-A471-6EF5370ACF3A}.Release|x86.Build.0 = Release|x86
		{9CE06146-1104-413C-A471-6EF5370ACF3A}.Work|Any CPU.ActiveCfg = Release|Any CPU
		{9CE06146-1104-413C-A471-6EF5370ACF3A}.Work|Any CPU.Build.0 = Release|Any CPU
		{9CE06146-1104-413C-A471-6EF5370ACF3A}.Work|x86.ActiveCfg = Release|x86
		{9CE06146-1104-413C-A471-6EF5370ACF3A}.Work|x86.Build.0 = Release|x86
		{93489ED2-CB09-4A56-8646-91ABE6D7D3A4}.Debug|Any CPU.ActiveCfg = Debug|Any CPU
		{93489ED2-CB09-4A56-8646-91ABE6D7D3A4}.Debug|Any CPU.Build.0 = Debug|Any CPU
		{93489ED2-CB09-4A56-8646-91ABE6D7D3A4}.Debug|x86.ActiveCfg = Debug|x86
		{93489ED2-CB09-4A56-8646-91ABE6D7D3A4}.Debug|x86.Build.0 = Debug|x86
		{93489ED2-CB09-4A56-8646-91ABE6D7D3A4}.Home|Any CPU.ActiveCfg = Release|Any CPU
		{93489ED2-CB09-4A56-8646-91ABE6D7D3A4}.Home|Any CPU.Build.0 = Release|Any CPU
		{93489ED2-CB09-4A56-8646-91ABE6D7D3A4}.Home|x86.ActiveCfg = Release|x86
		{93489ED2-CB09-4A56-8646-91ABE6D7D3A4}.Home|x86.Build.0 = Release|x86
		{93489ED2-CB09-4A56-8646-91ABE6D7D3A4}.Release|Any CPU.ActiveCfg = Release|Any CPU
		{93489ED2-CB09-4A56-8646-91ABE6D7D3A4}.Release|Any CPU.Build.0 = Release|Any CPU
		{93489ED2-CB09-4A56-8646-91ABE6D7D3A4}.Release|x86.ActiveCfg = Release|x86
		{93489ED2-CB09-4A56-8646-91ABE6D7D3A4}.Release|x86.Build.0 = Release|x86
		{93489ED2-CB09-4A56-8646-91ABE6D7D3A4}.Work|Any CPU.ActiveCfg = Release|Any CPU
		{93489ED2-CB09-4A56-8646-91ABE6D7D3A4}.Work|Any CPU.Build.0 = Release|Any CPU
		{93489ED2-CB09-4A56-8646-91ABE6D7D3A4}.Work|x86.ActiveCfg = Release|x86
		{93489ED2-CB09-4A56-8646-91ABE6D7D3A4}.Work|x86.Build.0 = Release|x86
		{5F80E310-BC52-4F96-B393-0EBF5C92E65A}.Debug|Any CPU.ActiveCfg = Debug|Any CPU
		{5F80E310-BC52-4F96-B393-0EBF5C92E65A}.Debug|Any CPU.Build.0 = Debug|Any CPU
		{5F80E310-BC52-4F96-B393-0EBF5C92E65A}.Debug|x86.ActiveCfg = Debug|x86
		{5F80E310-BC52-4F96-B393-0EBF5C92E65A}.Debug|x86.Build.0 = Debug|x86
		{5F80E310-BC52-4F96-B393-0EBF5C92E65A}.Home|Any CPU.ActiveCfg = Release|Any CPU
		{5F80E310-BC52-4F96-B393-0EBF5C92E65A}.Home|Any CPU.Build.0 = Release|Any CPU
		{5F80E310-BC52-4F96-B393-0EBF5C92E65A}.Home|x86.ActiveCfg = Release|x86
		{5F80E310-BC52-4F96-B393-0EBF5C92E65A}.Home|x86.Build.0 = Release|x86
		{5F80E310-BC52-4F96-B393-0EBF5C92E65A}.Release|Any CPU.ActiveCfg = Release|Any CPU
		{5F80E310-BC52-4F96-B393-0EBF5C92E65A}.Release|Any CPU.Build.0 = Release|Any CPU
		{5F80E310-BC52-4F96-B393-0EBF5C92E65A}.Release|x86.ActiveCfg = Release|x86
		{5F80E310-BC52-4F96-B393-0EBF5C92E65A}.Release|x86.Build.0 = Release|x86
		{5F80E310-BC52-4F96-B393-0EBF5C92E65A}.Work|Any CPU.ActiveCfg = Release|Any CPU
		{5F80E310-BC52-4F96-B393-0EBF5C92E65A}.Work|Any CPU.Build.0 = Release|Any CPU
		{5F80E310-BC52-4F96-B393-0EBF5C92E65A}.Work|x86.ActiveCfg = Release|x86
		{5F80E310-BC52-4F96-B393-0EBF5C92E65A}.Work|x86.Build.0 = Release|x86
		{E0E70E27-EADC-45E7-8D69-DD23A5C28452}.Debug|Any CPU.ActiveCfg = Debug|Any CPU
		{E0E70E27-EADC-45E7-8D69-DD23A5C28452}.Debug|Any CPU.Build.0 = Debug|Any CPU
		{E0E70E27-EADC-45E7-8D69-DD23A5C28452}.Debug|x86.ActiveCfg = Debug|x86
		{E0E70E27-EADC-45E7-8D69-DD23A5C28452}.Debug|x86.Build.0 = Debug|x86
		{E0E70E27-EADC-45E7-8D69-DD23A5C28452}.Home|Any CPU.ActiveCfg = Release|Any CPU
		{E0E70E27-EADC-45E7-8D69-DD23A5C28452}.Home|Any CPU.Build.0 = Release|Any CPU
		{E0E70E27-EADC-45E7-8D69-DD23A5C28452}.Home|x86.ActiveCfg = Release|x86
		{E0E70E27-EADC-45E7-8D69-DD23A5C28452}.Home|x86.Build.0 = Release|x86
		{E0E70E27-EADC-45E7-8D69-DD23A5C28452}.Release|Any CPU.ActiveCfg = Release|Any CPU
		{E0E70E27-EADC-45E7-8D69-DD23A5C28452}.Release|Any CPU.Build.0 = Release|Any CPU
		{E0E70E27-EADC-45E7-8D69-DD23A5C28452}.Release|x86.ActiveCfg = Release|x86
		{E0E70E27-EADC-45E7-8D69-DD23A5C28452}.Release|x86.Build.0 = Release|x86
		{E0E70E27-EADC-45E7-8D69-DD23A5C28452}.Work|Any CPU.ActiveCfg = Release|Any CPU
		{E0E70E27-EADC-45E7-8D69-DD23A5C28452}.Work|Any CPU.Build.0 = Release|Any CPU
		{E0E70E27-EADC-45E7-8D69-DD23A5C28452}.Work|x86.ActiveCfg = Release|x86
		{E0E70E27-EADC-45E7-8D69-DD23A5C28452}.Work|x86.Build.0 = Release|x86
		{6A3E84D1-94E8-479E-AC17-CA2A5150E849}.Debug|Any CPU.ActiveCfg = Debug|Any CPU
		{6A3E84D1-94E8-479E-AC17-CA2A5150E849}.Debug|Any CPU.Build.0 = Debug|Any CPU
		{6A3E84D1-94E8-479E-AC17-CA2A5150E849}.Debug|x86.ActiveCfg = Debug|x86
		{6A3E84D1-94E8-479E-AC17-CA2A5150E849}.Debug|x86.Build.0 = Debug|x86
		{6A3E84D1-94E8-479E-AC17-CA2A5150E849}.Home|Any CPU.ActiveCfg = Home|Any CPU
		{6A3E84D1-94E8-479E-AC17-CA2A5150E849}.Home|Any CPU.Build.0 = Home|Any CPU
		{6A3E84D1-94E8-479E-AC17-CA2A5150E849}.Home|x86.ActiveCfg = Home|x86
		{6A3E84D1-94E8-479E-AC17-CA2A5150E849}.Home|x86.Build.0 = Home|x86
		{6A3E84D1-94E8-479E-AC17-CA2A5150E849}.Release|Any CPU.ActiveCfg = Release|Any CPU
		{6A3E84D1-94E8-479E-AC17-CA2A5150E849}.Release|Any CPU.Build.0 = Release|Any CPU
		{6A3E84D1-94E8-479E-AC17-CA2A5150E849}.Release|x86.ActiveCfg = Release|x86
		{6A3E84D1-94E8-479E-AC17-CA2A5150E849}.Release|x86.Build.0 = Release|x86
		{6A3E84D1-94E8-479E-AC17-CA2A5150E849}.Work|Any CPU.ActiveCfg = Work|Any CPU
		{6A3E84D1-94E8-479E-AC17-CA2A5150E849}.Work|Any CPU.Build.0 = Work|Any CPU
		{6A3E84D1-94E8-479E-AC17-CA2A5150E849}.Work|x86.ActiveCfg = Work|x86
		{6A3E84D1-94E8-479E-AC17-CA2A5150E849}.Work|x86.Build.0 = Work|x86
		{6BD150D1-C324-443A-8724-A6177D6CAC80}.Debug|Any CPU.ActiveCfg = Debug|Any CPU
		{6BD150D1-C324-443A-8724-A6177D6CAC80}.Debug|Any CPU.Build.0 = Debug|Any CPU
		{6BD150D1-C324-443A-8724-A6177D6CAC80}.Debug|x86.ActiveCfg = Debug|x86
		{6BD150D1-C324-443A-8724-A6177D6CAC80}.Debug|x86.Build.0 = Debug|x86
		{6BD150D1-C324-443A-8724-A6177D6CAC80}.Home|Any CPU.ActiveCfg = Home|Any CPU
		{6BD150D1-C324-443A-8724-A6177D6CAC80}.Home|Any CPU.Build.0 = Home|Any CPU
		{6BD150D1-C324-443A-8724-A6177D6CAC80}.Home|x86.ActiveCfg = Home|x86
		{6BD150D1-C324-443A-8724-A6177D6CAC80}.Home|x86.Build.0 = Home|x86
		{6BD150D1-C324-443A-8724-A6177D6CAC80}.Release|Any CPU.ActiveCfg = Release|Any CPU
		{6BD150D1-C324-443A-8724-A6177D6CAC80}.Release|Any CPU.Build.0 = Release|Any CPU
		{6BD150D1-C324-443A-8724-A6177D6CAC80}.Release|x86.ActiveCfg = Release|x86
		{6BD150D1-C324-443A-8724-A6177D6CAC80}.Release|x86.Build.0 = Release|x86
		{6BD150D1-C324-443A-8724-A6177D6CAC80}.Work|Any CPU.ActiveCfg = Work|Any CPU
		{6BD150D1-C324-443A-8724-A6177D6CAC80}.Work|Any CPU.Build.0 = Work|Any CPU
		{6BD150D1-C324-443A-8724-A6177D6CAC80}.Work|x86.ActiveCfg = Work|x86
		{6BD150D1-C324-443A-8724-A6177D6CAC80}.Work|x86.Build.0 = Work|x86
		{4C36224E-A089-4BBF-8106-5C8434888B83}.Debug|Any CPU.ActiveCfg = Debug|Any CPU
		{4C36224E-A089-4BBF-8106-5C8434888B83}.Debug|Any CPU.Build.0 = Debug|Any CPU
		{4C36224E-A089-4BBF-8106-5C8434888B83}.Debug|x86.ActiveCfg = Debug|x86
		{4C36224E-A089-4BBF-8106-5C8434888B83}.Debug|x86.Build.0 = Debug|x86
		{4C36224E-A089-4BBF-8106-5C8434888B83}.Home|Any CPU.ActiveCfg = Release|Any CPU
		{4C36224E-A089-4BBF-8106-5C8434888B83}.Home|Any CPU.Build.0 = Release|Any CPU
		{4C36224E-A089-4BBF-8106-5C8434888B83}.Home|x86.ActiveCfg = Release|x86
		{4C36224E-A089-4BBF-8106-5C8434888B83}.Home|x86.Build.0 = Release|x86
		{4C36224E-A089-4BBF-8106-5C8434888B83}.Release|Any CPU.ActiveCfg = Release|Any CPU
		{4C36224E-A089-4BBF-8106-5C8434888B83}.Release|Any CPU.Build.0 = Release|Any CPU
		{4C36224E-A089-4BBF-8106-5C8434888B83}.Release|x86.ActiveCfg = Release|x86
		{4C36224E-A089-4BBF-8106-5C8434888B83}.Release|x86.Build.0 = Release|x86
		{4C36224E-A089-4BBF-8106-5C8434888B83}.Work|Any CPU.ActiveCfg = Release|Any CPU
		{4C36224E-A089-4BBF-8106-5C8434888B83}.Work|Any CPU.Build.0 = Release|Any CPU
		{4C36224E-A089-4BBF-8106-5C8434888B83}.Work|x86.ActiveCfg = Release|x86
		{4C36224E-A089-4BBF-8106-5C8434888B83}.Work|x86.Build.0 = Release|x86
		{94235864-BA78-435A-A353-A8FC83FA1A06}.Debug|Any CPU.ActiveCfg = Debug|Any CPU
		{94235864-BA78-435A-A353-A8FC83FA1A06}.Debug|Any CPU.Build.0 = Debug|Any CPU
		{94235864-BA78-435A-A353-A8FC83FA1A06}.Debug|x86.ActiveCfg = Debug|x86
		{94235864-BA78-435A-A353-A8FC83FA1A06}.Debug|x86.Build.0 = Debug|x86
		{94235864-BA78-435A-A353-A8FC83FA1A06}.Home|Any CPU.ActiveCfg = Home|Any CPU
		{94235864-BA78-435A-A353-A8FC83FA1A06}.Home|Any CPU.Build.0 = Home|Any CPU
		{94235864-BA78-435A-A353-A8FC83FA1A06}.Home|x86.ActiveCfg = Home|x86
		{94235864-BA78-435A-A353-A8FC83FA1A06}.Home|x86.Build.0 = Home|x86
		{94235864-BA78-435A-A353-A8FC83FA1A06}.Release|Any CPU.ActiveCfg = Release|Any CPU
		{94235864-BA78-435A-A353-A8FC83FA1A06}.Release|Any CPU.Build.0 = Release|Any CPU
		{94235864-BA78-435A-A353-A8FC83FA1A06}.Release|x86.ActiveCfg = Release|x86
		{94235864-BA78-435A-A353-A8FC83FA1A06}.Release|x86.Build.0 = Release|x86
		{94235864-BA78-435A-A353-A8FC83FA1A06}.Work|Any CPU.ActiveCfg = Work|Any CPU
		{94235864-BA78-435A-A353-A8FC83FA1A06}.Work|Any CPU.Build.0 = Work|Any CPU
		{94235864-BA78-435A-A353-A8FC83FA1A06}.Work|x86.ActiveCfg = Work|x86
		{94235864-BA78-435A-A353-A8FC83FA1A06}.Work|x86.Build.0 = Work|x86
		{1FDEE5BD-A724-4478-BCA3-4C49DAEA291D}.Debug|Any CPU.ActiveCfg = Debug|Any CPU
		{1FDEE5BD-A724-4478-BCA3-4C49DAEA291D}.Debug|Any CPU.Build.0 = Debug|Any CPU
		{1FDEE5BD-A724-4478-BCA3-4C49DAEA291D}.Debug|x86.ActiveCfg = Debug|x86
		{1FDEE5BD-A724-4478-BCA3-4C49DAEA291D}.Debug|x86.Build.0 = Debug|x86
		{1FDEE5BD-A724-4478-BCA3-4C49DAEA291D}.Home|Any CPU.ActiveCfg = Home|Any CPU
		{1FDEE5BD-A724-4478-BCA3-4C49DAEA291D}.Home|Any CPU.Build.0 = Home|Any CPU
		{1FDEE5BD-A724-4478-BCA3-4C49DAEA291D}.Home|x86.ActiveCfg = Home|x86
		{1FDEE5BD-A724-4478-BCA3-4C49DAEA291D}.Home|x86.Build.0 = Home|x86
		{1FDEE5BD-A724-4478-BCA3-4C49DAEA291D}.Release|Any CPU.ActiveCfg = Release|Any CPU
		{1FDEE5BD-A724-4478-BCA3-4C49DAEA291D}.Release|Any CPU.Build.0 = Release|Any CPU
		{1FDEE5BD-A724-4478-BCA3-4C49DAEA291D}.Release|x86.ActiveCfg = Release|x86
		{1FDEE5BD-A724-4478-BCA3-4C49DAEA291D}.Release|x86.Build.0 = Release|x86
		{1FDEE5BD-A724-4478-BCA3-4C49DAEA291D}.Work|Any CPU.ActiveCfg = Work|Any CPU
		{1FDEE5BD-A724-4478-BCA3-4C49DAEA291D}.Work|Any CPU.Build.0 = Work|Any CPU
		{1FDEE5BD-A724-4478-BCA3-4C49DAEA291D}.Work|x86.ActiveCfg = Work|x86
		{1FDEE5BD-A724-4478-BCA3-4C49DAEA291D}.Work|x86.Build.0 = Work|x86
		{355F0FB2-9BCF-4E68-BC2B-F2EDE3F90750}.Debug|Any CPU.ActiveCfg = Debug|Any CPU
		{355F0FB2-9BCF-4E68-BC2B-F2EDE3F90750}.Debug|Any CPU.Build.0 = Debug|Any CPU
		{355F0FB2-9BCF-4E68-BC2B-F2EDE3F90750}.Debug|x86.ActiveCfg = Debug|x86
		{355F0FB2-9BCF-4E68-BC2B-F2EDE3F90750}.Debug|x86.Build.0 = Debug|x86
		{355F0FB2-9BCF-4E68-BC2B-F2EDE3F90750}.Home|Any CPU.ActiveCfg = Work|Any CPU
		{355F0FB2-9BCF-4E68-BC2B-F2EDE3F90750}.Home|Any CPU.Build.0 = Work|Any CPU
		{355F0FB2-9BCF-4E68-BC2B-F2EDE3F90750}.Home|x86.ActiveCfg = Work|x86
		{355F0FB2-9BCF-4E68-BC2B-F2EDE3F90750}.Home|x86.Build.0 = Work|x86
		{355F0FB2-9BCF-4E68-BC2B-F2EDE3F90750}.Release|Any CPU.ActiveCfg = Release|Any CPU
		{355F0FB2-9BCF-4E68-BC2B-F2EDE3F90750}.Release|Any CPU.Build.0 = Release|Any CPU
		{355F0FB2-9BCF-4E68-BC2B-F2EDE3F90750}.Release|x86.ActiveCfg = Release|x86
		{355F0FB2-9BCF-4E68-BC2B-F2EDE3F90750}.Release|x86.Build.0 = Release|x86
		{355F0FB2-9BCF-4E68-BC2B-F2EDE3F90750}.Work|Any CPU.ActiveCfg = Work|Any CPU
		{355F0FB2-9BCF-4E68-BC2B-F2EDE3F90750}.Work|Any CPU.Build.0 = Work|Any CPU
		{355F0FB2-9BCF-4E68-BC2B-F2EDE3F90750}.Work|x86.ActiveCfg = Work|x86
		{355F0FB2-9BCF-4E68-BC2B-F2EDE3F90750}.Work|x86.Build.0 = Work|x86
		{72089E12-217D-4C77-8041-8D919BBF30DB}.Debug|Any CPU.ActiveCfg = Debug|Any CPU
		{72089E12-217D-4C77-8041-8D919BBF30DB}.Debug|Any CPU.Build.0 = Debug|Any CPU
		{72089E12-217D-4C77-8041-8D919BBF30DB}.Debug|x86.ActiveCfg = Debug|x86
		{72089E12-217D-4C77-8041-8D919BBF30DB}.Debug|x86.Build.0 = Debug|x86
		{72089E12-217D-4C77-8041-8D919BBF30DB}.Home|Any CPU.ActiveCfg = Home|Any CPU
		{72089E12-217D-4C77-8041-8D919BBF30DB}.Home|Any CPU.Build.0 = Home|Any CPU
		{72089E12-217D-4C77-8041-8D919BBF30DB}.Home|x86.ActiveCfg = Home|x86
		{72089E12-217D-4C77-8041-8D919BBF30DB}.Home|x86.Build.0 = Home|x86
		{72089E12-217D-4C77-8041-8D919BBF30DB}.Release|Any CPU.ActiveCfg = Release|Any CPU
		{72089E12-217D-4C77-8041-8D919BBF30DB}.Release|Any CPU.Build.0 = Release|Any CPU
		{72089E12-217D-4C77-8041-8D919BBF30DB}.Release|x86.ActiveCfg = Release|x86
		{72089E12-217D-4C77-8041-8D919BBF30DB}.Release|x86.Build.0 = Release|x86
		{72089E12-217D-4C77-8041-8D919BBF30DB}.Work|Any CPU.ActiveCfg = Work|Any CPU
		{72089E12-217D-4C77-8041-8D919BBF30DB}.Work|Any CPU.Build.0 = Work|Any CPU
		{72089E12-217D-4C77-8041-8D919BBF30DB}.Work|x86.ActiveCfg = Work|x86
		{72089E12-217D-4C77-8041-8D919BBF30DB}.Work|x86.Build.0 = Work|x86
		{02B1394B-866D-42AD-B187-EF9D9D459EB0}.Debug|Any CPU.ActiveCfg = Debug|Any CPU
		{02B1394B-866D-42AD-B187-EF9D9D459EB0}.Debug|Any CPU.Build.0 = Debug|Any CPU
		{02B1394B-866D-42AD-B187-EF9D9D459EB0}.Debug|x86.ActiveCfg = Debug|x86
		{02B1394B-866D-42AD-B187-EF9D9D459EB0}.Debug|x86.Build.0 = Debug|x86
		{02B1394B-866D-42AD-B187-EF9D9D459EB0}.Home|Any CPU.ActiveCfg = Home|Any CPU
		{02B1394B-866D-42AD-B187-EF9D9D459EB0}.Home|Any CPU.Build.0 = Home|Any CPU
		{02B1394B-866D-42AD-B187-EF9D9D459EB0}.Home|x86.ActiveCfg = Home|x86
		{02B1394B-866D-42AD-B187-EF9D9D459EB0}.Home|x86.Build.0 = Home|x86
		{02B1394B-866D-42AD-B187-EF9D9D459EB0}.Release|Any CPU.ActiveCfg = Release|Any CPU
		{02B1394B-866D-42AD-B187-EF9D9D459EB0}.Release|Any CPU.Build.0 = Release|Any CPU
		{02B1394B-866D-42AD-B187-EF9D9D459EB0}.Release|x86.ActiveCfg = Release|x86
		{02B1394B-866D-42AD-B187-EF9D9D459EB0}.Release|x86.Build.0 = Release|x86
		{02B1394B-866D-42AD-B187-EF9D9D459EB0}.Work|Any CPU.ActiveCfg = Work|Any CPU
		{02B1394B-866D-42AD-B187-EF9D9D459EB0}.Work|Any CPU.Build.0 = Work|Any CPU
		{02B1394B-866D-42AD-B187-EF9D9D459EB0}.Work|x86.ActiveCfg = Work|x86
		{02B1394B-866D-42AD-B187-EF9D9D459EB0}.Work|x86.Build.0 = Work|x86
		{D2EBA739-4153-48FF-93F0-AAEB43D1AB7E}.Debug|Any CPU.ActiveCfg = Debug|Any CPU
		{D2EBA739-4153-48FF-93F0-AAEB43D1AB7E}.Debug|Any CPU.Build.0 = Debug|Any CPU
		{D2EBA739-4153-48FF-93F0-AAEB43D1AB7E}.Debug|x86.ActiveCfg = Debug|x86
		{D2EBA739-4153-48FF-93F0-AAEB43D1AB7E}.Debug|x86.Build.0 = Debug|x86
		{D2EBA739-4153-48FF-93F0-AAEB43D1AB7E}.Home|Any CPU.ActiveCfg = Release|Any CPU
		{D2EBA739-4153-48FF-93F0-AAEB43D1AB7E}.Home|Any CPU.Build.0 = Release|Any CPU
		{D2EBA739-4153-48FF-93F0-AAEB43D1AB7E}.Home|x86.ActiveCfg = Release|x86
		{D2EBA739-4153-48FF-93F0-AAEB43D1AB7E}.Home|x86.Build.0 = Release|x86
		{D2EBA739-4153-48FF-93F0-AAEB43D1AB7E}.Release|Any CPU.ActiveCfg = Release|Any CPU
		{D2EBA739-4153-48FF-93F0-AAEB43D1AB7E}.Release|Any CPU.Build.0 = Release|Any CPU
		{D2EBA739-4153-48FF-93F0-AAEB43D1AB7E}.Release|x86.ActiveCfg = Release|x86
		{D2EBA739-4153-48FF-93F0-AAEB43D1AB7E}.Release|x86.Build.0 = Release|x86
		{D2EBA739-4153-48FF-93F0-AAEB43D1AB7E}.Work|Any CPU.ActiveCfg = Release|Any CPU
		{D2EBA739-4153-48FF-93F0-AAEB43D1AB7E}.Work|Any CPU.Build.0 = Release|Any CPU
		{D2EBA739-4153-48FF-93F0-AAEB43D1AB7E}.Work|x86.ActiveCfg = Release|x86
		{D2EBA739-4153-48FF-93F0-AAEB43D1AB7E}.Work|x86.Build.0 = Release|x86
		{551F2B16-CEC5-4E16-8F30-290005C04E16}.Debug|Any CPU.ActiveCfg = Debug|Any CPU
		{551F2B16-CEC5-4E16-8F30-290005C04E16}.Debug|Any CPU.Build.0 = Debug|Any CPU
		{551F2B16-CEC5-4E16-8F30-290005C04E16}.Debug|x86.ActiveCfg = Debug|x86
		{551F2B16-CEC5-4E16-8F30-290005C04E16}.Debug|x86.Build.0 = Debug|x86
		{551F2B16-CEC5-4E16-8F30-290005C04E16}.Home|Any CPU.ActiveCfg = Home|Any CPU
		{551F2B16-CEC5-4E16-8F30-290005C04E16}.Home|Any CPU.Build.0 = Home|Any CPU
		{551F2B16-CEC5-4E16-8F30-290005C04E16}.Home|x86.ActiveCfg = Home|x86
		{551F2B16-CEC5-4E16-8F30-290005C04E16}.Home|x86.Build.0 = Home|x86
		{551F2B16-CEC5-4E16-8F30-290005C04E16}.Release|Any CPU.ActiveCfg = Release|Any CPU
		{551F2B16-CEC5-4E16-8F30-290005C04E16}.Release|Any CPU.Build.0 = Release|Any CPU
		{551F2B16-CEC5-4E16-8F30-290005C04E16}.Release|x86.ActiveCfg = Release|x86
		{551F2B16-CEC5-4E16-8F30-290005C04E16}.Release|x86.Build.0 = Release|x86
		{551F2B16-CEC5-4E16-8F30-290005C04E16}.Work|Any CPU.ActiveCfg = Work|Any CPU
		{551F2B16-CEC5-4E16-8F30-290005C04E16}.Work|Any CPU.Build.0 = Work|Any CPU
		{551F2B16-CEC5-4E16-8F30-290005C04E16}.Work|x86.ActiveCfg = Work|x86
		{551F2B16-CEC5-4E16-8F30-290005C04E16}.Work|x86.Build.0 = Work|x86
		{7D9C9772-4747-4E29-9806-1007528BBEEE}.Debug|Any CPU.ActiveCfg = Debug|Any CPU
		{7D9C9772-4747-4E29-9806-1007528BBEEE}.Debug|Any CPU.Build.0 = Debug|Any CPU
		{7D9C9772-4747-4E29-9806-1007528BBEEE}.Debug|x86.ActiveCfg = Debug|x86
		{7D9C9772-4747-4E29-9806-1007528BBEEE}.Debug|x86.Build.0 = Debug|x86
		{7D9C9772-4747-4E29-9806-1007528BBEEE}.Home|Any CPU.ActiveCfg = Release|Any CPU
		{7D9C9772-4747-4E29-9806-1007528BBEEE}.Home|Any CPU.Build.0 = Release|Any CPU
		{7D9C9772-4747-4E29-9806-1007528BBEEE}.Home|x86.ActiveCfg = Release|x86
		{7D9C9772-4747-4E29-9806-1007528BBEEE}.Home|x86.Build.0 = Release|x86
		{7D9C9772-4747-4E29-9806-1007528BBEEE}.Release|Any CPU.ActiveCfg = Release|Any CPU
		{7D9C9772-4747-4E29-9806-1007528BBEEE}.Release|Any CPU.Build.0 = Release|Any CPU
		{7D9C9772-4747-4E29-9806-1007528BBEEE}.Release|x86.ActiveCfg = Release|x86
		{7D9C9772-4747-4E29-9806-1007528BBEEE}.Release|x86.Build.0 = Release|x86
		{7D9C9772-4747-4E29-9806-1007528BBEEE}.Work|Any CPU.ActiveCfg = Release|Any CPU
		{7D9C9772-4747-4E29-9806-1007528BBEEE}.Work|Any CPU.Build.0 = Release|Any CPU
		{7D9C9772-4747-4E29-9806-1007528BBEEE}.Work|x86.ActiveCfg = Release|x86
		{7D9C9772-4747-4E29-9806-1007528BBEEE}.Work|x86.Build.0 = Release|x86
		{DD42338B-FE18-406E-8084-F606825771F6}.Debug|Any CPU.ActiveCfg = Debug|Any CPU
		{DD42338B-FE18-406E-8084-F606825771F6}.Debug|Any CPU.Build.0 = Debug|Any CPU
		{DD42338B-FE18-406E-8084-F606825771F6}.Debug|x86.ActiveCfg = Debug|x86
		{DD42338B-FE18-406E-8084-F606825771F6}.Debug|x86.Build.0 = Debug|x86
		{DD42338B-FE18-406E-8084-F606825771F6}.Home|Any CPU.ActiveCfg = Home|Any CPU
		{DD42338B-FE18-406E-8084-F606825771F6}.Home|Any CPU.Build.0 = Home|Any CPU
		{DD42338B-FE18-406E-8084-F606825771F6}.Home|x86.ActiveCfg = Home|x86
		{DD42338B-FE18-406E-8084-F606825771F6}.Home|x86.Build.0 = Home|x86
		{DD42338B-FE18-406E-8084-F606825771F6}.Release|Any CPU.ActiveCfg = Release|Any CPU
		{DD42338B-FE18-406E-8084-F606825771F6}.Release|Any CPU.Build.0 = Release|Any CPU
		{DD42338B-FE18-406E-8084-F606825771F6}.Release|x86.ActiveCfg = Release|x86
		{DD42338B-FE18-406E-8084-F606825771F6}.Release|x86.Build.0 = Release|x86
		{DD42338B-FE18-406E-8084-F606825771F6}.Work|Any CPU.ActiveCfg = Work|Any CPU
		{DD42338B-FE18-406E-8084-F606825771F6}.Work|Any CPU.Build.0 = Work|Any CPU
		{DD42338B-FE18-406E-8084-F606825771F6}.Work|x86.ActiveCfg = Work|x86
		{DD42338B-FE18-406E-8084-F606825771F6}.Work|x86.Build.0 = Work|x86
		{2BB2460C-A3C5-410B-B139-0E16E5077AAC}.Debug|Any CPU.ActiveCfg = Debug|Any CPU
		{2BB2460C-A3C5-410B-B139-0E16E5077AAC}.Debug|Any CPU.Build.0 = Debug|Any CPU
		{2BB2460C-A3C5-410B-B139-0E16E5077AAC}.Debug|x86.ActiveCfg = Debug|x86
		{2BB2460C-A3C5-410B-B139-0E16E5077AAC}.Debug|x86.Build.0 = Debug|x86
		{2BB2460C-A3C5-410B-B139-0E16E5077AAC}.Home|Any CPU.ActiveCfg = Home|Any CPU
		{2BB2460C-A3C5-410B-B139-0E16E5077AAC}.Home|Any CPU.Build.0 = Home|Any CPU
		{2BB2460C-A3C5-410B-B139-0E16E5077AAC}.Home|x86.ActiveCfg = Home|x86
		{2BB2460C-A3C5-410B-B139-0E16E5077AAC}.Home|x86.Build.0 = Home|x86
		{2BB2460C-A3C5-410B-B139-0E16E5077AAC}.Release|Any CPU.ActiveCfg = Release|Any CPU
		{2BB2460C-A3C5-410B-B139-0E16E5077AAC}.Release|Any CPU.Build.0 = Release|Any CPU
		{2BB2460C-A3C5-410B-B139-0E16E5077AAC}.Release|x86.ActiveCfg = Release|x86
		{2BB2460C-A3C5-410B-B139-0E16E5077AAC}.Release|x86.Build.0 = Release|x86
		{2BB2460C-A3C5-410B-B139-0E16E5077AAC}.Work|Any CPU.ActiveCfg = Work|Any CPU
		{2BB2460C-A3C5-410B-B139-0E16E5077AAC}.Work|Any CPU.Build.0 = Work|Any CPU
		{2BB2460C-A3C5-410B-B139-0E16E5077AAC}.Work|x86.ActiveCfg = Work|x86
		{2BB2460C-A3C5-410B-B139-0E16E5077AAC}.Work|x86.Build.0 = Work|x86
		{74A0765E-25AD-486E-8284-33FCECF636D1}.Debug|Any CPU.ActiveCfg = Debug|Any CPU
		{74A0765E-25AD-486E-8284-33FCECF636D1}.Debug|Any CPU.Build.0 = Debug|Any CPU
		{74A0765E-25AD-486E-8284-33FCECF636D1}.Debug|x86.ActiveCfg = Debug|x86
		{74A0765E-25AD-486E-8284-33FCECF636D1}.Debug|x86.Build.0 = Debug|x86
		{74A0765E-25AD-486E-8284-33FCECF636D1}.Home|Any CPU.ActiveCfg = Home|Any CPU
		{74A0765E-25AD-486E-8284-33FCECF636D1}.Home|Any CPU.Build.0 = Home|Any CPU
		{74A0765E-25AD-486E-8284-33FCECF636D1}.Home|x86.ActiveCfg = Home|x86
		{74A0765E-25AD-486E-8284-33FCECF636D1}.Home|x86.Build.0 = Home|x86
		{74A0765E-25AD-486E-8284-33FCECF636D1}.Release|Any CPU.ActiveCfg = Release|Any CPU
		{74A0765E-25AD-486E-8284-33FCECF636D1}.Release|Any CPU.Build.0 = Release|Any CPU
		{74A0765E-25AD-486E-8284-33FCECF636D1}.Release|x86.ActiveCfg = Release|x86
		{74A0765E-25AD-486E-8284-33FCECF636D1}.Release|x86.Build.0 = Release|x86
		{74A0765E-25AD-486E-8284-33FCECF636D1}.Work|Any CPU.ActiveCfg = Work|Any CPU
		{74A0765E-25AD-486E-8284-33FCECF636D1}.Work|Any CPU.Build.0 = Work|Any CPU
		{74A0765E-25AD-486E-8284-33FCECF636D1}.Work|x86.ActiveCfg = Work|x86
		{74A0765E-25AD-486E-8284-33FCECF636D1}.Work|x86.Build.0 = Work|x86
		{222CCE38-B286-44F0-B7F1-6AF8BA525FB6}.Debug|Any CPU.ActiveCfg = Debug|Any CPU
		{222CCE38-B286-44F0-B7F1-6AF8BA525FB6}.Debug|Any CPU.Build.0 = Debug|Any CPU
		{222CCE38-B286-44F0-B7F1-6AF8BA525FB6}.Debug|x86.ActiveCfg = Debug|x86
		{222CCE38-B286-44F0-B7F1-6AF8BA525FB6}.Debug|x86.Build.0 = Debug|x86
		{222CCE38-B286-44F0-B7F1-6AF8BA525FB6}.Home|Any CPU.ActiveCfg = Home|Any CPU
		{222CCE38-B286-44F0-B7F1-6AF8BA525FB6}.Home|Any CPU.Build.0 = Home|Any CPU
		{222CCE38-B286-44F0-B7F1-6AF8BA525FB6}.Home|x86.ActiveCfg = Home|x86
		{222CCE38-B286-44F0-B7F1-6AF8BA525FB6}.Home|x86.Build.0 = Home|x86
		{222CCE38-B286-44F0-B7F1-6AF8BA525FB6}.Release|Any CPU.ActiveCfg = Release|Any CPU
		{222CCE38-B286-44F0-B7F1-6AF8BA525FB6}.Release|Any CPU.Build.0 = Release|Any CPU
		{222CCE38-B286-44F0-B7F1-6AF8BA525FB6}.Release|x86.ActiveCfg = Release|x86
		{222CCE38-B286-44F0-B7F1-6AF8BA525FB6}.Release|x86.Build.0 = Release|x86
		{222CCE38-B286-44F0-B7F1-6AF8BA525FB6}.Work|Any CPU.ActiveCfg = Work|Any CPU
		{222CCE38-B286-44F0-B7F1-6AF8BA525FB6}.Work|Any CPU.Build.0 = Work|Any CPU
		{222CCE38-B286-44F0-B7F1-6AF8BA525FB6}.Work|x86.ActiveCfg = Work|x86
		{222CCE38-B286-44F0-B7F1-6AF8BA525FB6}.Work|x86.Build.0 = Work|x86
		{B459E90B-793A-48B1-B672-50D162EDC662}.Debug|Any CPU.ActiveCfg = Debug|Any CPU
		{B459E90B-793A-48B1-B672-50D162EDC662}.Debug|Any CPU.Build.0 = Debug|Any CPU
		{B459E90B-793A-48B1-B672-50D162EDC662}.Debug|x86.ActiveCfg = Debug|x86
		{B459E90B-793A-48B1-B672-50D162EDC662}.Debug|x86.Build.0 = Debug|x86
		{B459E90B-793A-48B1-B672-50D162EDC662}.Home|Any CPU.ActiveCfg = Home|Any CPU
		{B459E90B-793A-48B1-B672-50D162EDC662}.Home|Any CPU.Build.0 = Home|Any CPU
		{B459E90B-793A-48B1-B672-50D162EDC662}.Home|x86.ActiveCfg = Home|x86
		{B459E90B-793A-48B1-B672-50D162EDC662}.Home|x86.Build.0 = Home|x86
		{B459E90B-793A-48B1-B672-50D162EDC662}.Release|Any CPU.ActiveCfg = Release|Any CPU
		{B459E90B-793A-48B1-B672-50D162EDC662}.Release|Any CPU.Build.0 = Release|Any CPU
		{B459E90B-793A-48B1-B672-50D162EDC662}.Release|x86.ActiveCfg = Release|x86
		{B459E90B-793A-48B1-B672-50D162EDC662}.Release|x86.Build.0 = Release|x86
		{B459E90B-793A-48B1-B672-50D162EDC662}.Work|Any CPU.ActiveCfg = Work|Any CPU
		{B459E90B-793A-48B1-B672-50D162EDC662}.Work|Any CPU.Build.0 = Work|Any CPU
		{B459E90B-793A-48B1-B672-50D162EDC662}.Work|x86.ActiveCfg = Work|x86
		{B459E90B-793A-48B1-B672-50D162EDC662}.Work|x86.Build.0 = Work|x86
		{32611C24-4298-4CB6-A257-704E2230C5A2}.Debug|Any CPU.ActiveCfg = Debug|Any CPU
		{32611C24-4298-4CB6-A257-704E2230C5A2}.Debug|Any CPU.Build.0 = Debug|Any CPU
		{32611C24-4298-4CB6-A257-704E2230C5A2}.Debug|x86.ActiveCfg = Debug|x86
		{32611C24-4298-4CB6-A257-704E2230C5A2}.Debug|x86.Build.0 = Debug|x86
		{32611C24-4298-4CB6-A257-704E2230C5A2}.Home|Any CPU.ActiveCfg = Home|Any CPU
		{32611C24-4298-4CB6-A257-704E2230C5A2}.Home|Any CPU.Build.0 = Home|Any CPU
		{32611C24-4298-4CB6-A257-704E2230C5A2}.Home|x86.ActiveCfg = Home|x86
		{32611C24-4298-4CB6-A257-704E2230C5A2}.Home|x86.Build.0 = Home|x86
		{32611C24-4298-4CB6-A257-704E2230C5A2}.Release|Any CPU.ActiveCfg = Release|Any CPU
		{32611C24-4298-4CB6-A257-704E2230C5A2}.Release|Any CPU.Build.0 = Release|Any CPU
		{32611C24-4298-4CB6-A257-704E2230C5A2}.Release|x86.ActiveCfg = Release|x86
		{32611C24-4298-4CB6-A257-704E2230C5A2}.Release|x86.Build.0 = Release|x86
		{32611C24-4298-4CB6-A257-704E2230C5A2}.Work|Any CPU.ActiveCfg = Work|Any CPU
		{32611C24-4298-4CB6-A257-704E2230C5A2}.Work|Any CPU.Build.0 = Work|Any CPU
		{32611C24-4298-4CB6-A257-704E2230C5A2}.Work|x86.ActiveCfg = Work|x86
		{32611C24-4298-4CB6-A257-704E2230C5A2}.Work|x86.Build.0 = Work|x86
		{B6A78452-CA4D-442F-AAD4-A31647B18CB7}.Debug|Any CPU.ActiveCfg = Debug|Any CPU
		{B6A78452-CA4D-442F-AAD4-A31647B18CB7}.Debug|Any CPU.Build.0 = Debug|Any CPU
		{B6A78452-CA4D-442F-AAD4-A31647B18CB7}.Debug|x86.ActiveCfg = Debug|x86
		{B6A78452-CA4D-442F-AAD4-A31647B18CB7}.Debug|x86.Build.0 = Debug|x86
		{B6A78452-CA4D-442F-AAD4-A31647B18CB7}.Home|Any CPU.ActiveCfg = Home|Any CPU
		{B6A78452-CA4D-442F-AAD4-A31647B18CB7}.Home|Any CPU.Build.0 = Home|Any CPU
		{B6A78452-CA4D-442F-AAD4-A31647B18CB7}.Home|x86.ActiveCfg = Home|x86
		{B6A78452-CA4D-442F-AAD4-A31647B18CB7}.Home|x86.Build.0 = Home|x86
		{B6A78452-CA4D-442F-AAD4-A31647B18CB7}.Release|Any CPU.ActiveCfg = Release|Any CPU
		{B6A78452-CA4D-442F-AAD4-A31647B18CB7}.Release|Any CPU.Build.0 = Release|Any CPU
		{B6A78452-CA4D-442F-AAD4-A31647B18CB7}.Release|x86.ActiveCfg = Release|x86
		{B6A78452-CA4D-442F-AAD4-A31647B18CB7}.Release|x86.Build.0 = Release|x86
		{B6A78452-CA4D-442F-AAD4-A31647B18CB7}.Work|Any CPU.ActiveCfg = Work|Any CPU
		{B6A78452-CA4D-442F-AAD4-A31647B18CB7}.Work|Any CPU.Build.0 = Work|Any CPU
		{B6A78452-CA4D-442F-AAD4-A31647B18CB7}.Work|x86.ActiveCfg = Work|x86
		{B6A78452-CA4D-442F-AAD4-A31647B18CB7}.Work|x86.Build.0 = Work|x86
		{664E78C3-06EF-4921-A21B-314B08352CC4}.Debug|Any CPU.ActiveCfg = Debug|Any CPU
		{664E78C3-06EF-4921-A21B-314B08352CC4}.Debug|Any CPU.Build.0 = Debug|Any CPU
		{664E78C3-06EF-4921-A21B-314B08352CC4}.Debug|x86.ActiveCfg = Debug|x86
		{664E78C3-06EF-4921-A21B-314B08352CC4}.Debug|x86.Build.0 = Debug|x86
		{664E78C3-06EF-4921-A21B-314B08352CC4}.Home|Any CPU.ActiveCfg = Home|Any CPU
		{664E78C3-06EF-4921-A21B-314B08352CC4}.Home|Any CPU.Build.0 = Home|Any CPU
		{664E78C3-06EF-4921-A21B-314B08352CC4}.Home|x86.ActiveCfg = Home|x86
		{664E78C3-06EF-4921-A21B-314B08352CC4}.Home|x86.Build.0 = Home|x86
		{664E78C3-06EF-4921-A21B-314B08352CC4}.Release|Any CPU.ActiveCfg = Release|Any CPU
		{664E78C3-06EF-4921-A21B-314B08352CC4}.Release|Any CPU.Build.0 = Release|Any CPU
		{664E78C3-06EF-4921-A21B-314B08352CC4}.Release|x86.ActiveCfg = Release|x86
		{664E78C3-06EF-4921-A21B-314B08352CC4}.Release|x86.Build.0 = Release|x86
		{664E78C3-06EF-4921-A21B-314B08352CC4}.Work|Any CPU.ActiveCfg = Work|Any CPU
		{664E78C3-06EF-4921-A21B-314B08352CC4}.Work|Any CPU.Build.0 = Work|Any CPU
		{664E78C3-06EF-4921-A21B-314B08352CC4}.Work|x86.ActiveCfg = Work|x86
		{664E78C3-06EF-4921-A21B-314B08352CC4}.Work|x86.Build.0 = Work|x86
		{D822B027-D854-4081-B14D-8F7269207F61}.Debug|Any CPU.ActiveCfg = Debug|Any CPU
		{D822B027-D854-4081-B14D-8F7269207F61}.Debug|Any CPU.Build.0 = Debug|Any CPU
		{D822B027-D854-4081-B14D-8F7269207F61}.Debug|x86.ActiveCfg = Debug|x86
		{D822B027-D854-4081-B14D-8F7269207F61}.Debug|x86.Build.0 = Debug|x86
		{D822B027-D854-4081-B14D-8F7269207F61}.Home|Any CPU.ActiveCfg = Home|Any CPU
		{D822B027-D854-4081-B14D-8F7269207F61}.Home|Any CPU.Build.0 = Home|Any CPU
		{D822B027-D854-4081-B14D-8F7269207F61}.Home|x86.ActiveCfg = Home|x86
		{D822B027-D854-4081-B14D-8F7269207F61}.Home|x86.Build.0 = Home|x86
		{D822B027-D854-4081-B14D-8F7269207F61}.Release|Any CPU.ActiveCfg = Release|Any CPU
		{D822B027-D854-4081-B14D-8F7269207F61}.Release|Any CPU.Build.0 = Release|Any CPU
		{D822B027-D854-4081-B14D-8F7269207F61}.Release|x86.ActiveCfg = Release|x86
		{D822B027-D854-4081-B14D-8F7269207F61}.Release|x86.Build.0 = Release|x86
		{D822B027-D854-4081-B14D-8F7269207F61}.Work|Any CPU.ActiveCfg = Work|Any CPU
		{D822B027-D854-4081-B14D-8F7269207F61}.Work|Any CPU.Build.0 = Work|Any CPU
		{D822B027-D854-4081-B14D-8F7269207F61}.Work|x86.ActiveCfg = Work|x86
		{D822B027-D854-4081-B14D-8F7269207F61}.Work|x86.Build.0 = Work|x86
		{B78267E9-B883-4BDE-8883-99D8F5A09013}.Debug|Any CPU.ActiveCfg = Debug|Any CPU
		{B78267E9-B883-4BDE-8883-99D8F5A09013}.Debug|Any CPU.Build.0 = Debug|Any CPU
		{B78267E9-B883-4BDE-8883-99D8F5A09013}.Debug|x86.ActiveCfg = Debug|x86
		{B78267E9-B883-4BDE-8883-99D8F5A09013}.Debug|x86.Build.0 = Debug|x86
		{B78267E9-B883-4BDE-8883-99D8F5A09013}.Home|Any CPU.ActiveCfg = Release|Any CPU
		{B78267E9-B883-4BDE-8883-99D8F5A09013}.Home|Any CPU.Build.0 = Release|Any CPU
		{B78267E9-B883-4BDE-8883-99D8F5A09013}.Home|x86.ActiveCfg = Release|x86
		{B78267E9-B883-4BDE-8883-99D8F5A09013}.Home|x86.Build.0 = Release|x86
		{B78267E9-B883-4BDE-8883-99D8F5A09013}.Release|Any CPU.ActiveCfg = Release|Any CPU
		{B78267E9-B883-4BDE-8883-99D8F5A09013}.Release|Any CPU.Build.0 = Release|Any CPU
		{B78267E9-B883-4BDE-8883-99D8F5A09013}.Release|x86.ActiveCfg = Release|x86
		{B78267E9-B883-4BDE-8883-99D8F5A09013}.Release|x86.Build.0 = Release|x86
		{B78267E9-B883-4BDE-8883-99D8F5A09013}.Work|Any CPU.ActiveCfg = Release|Any CPU
		{B78267E9-B883-4BDE-8883-99D8F5A09013}.Work|Any CPU.Build.0 = Release|Any CPU
		{B78267E9-B883-4BDE-8883-99D8F5A09013}.Work|x86.ActiveCfg = Release|x86
		{B78267E9-B883-4BDE-8883-99D8F5A09013}.Work|x86.Build.0 = Release|x86
		{A027CB11-2B7D-4D12-81E5-C7F349DE1A63}.Debug|Any CPU.ActiveCfg = Debug|Any CPU
		{A027CB11-2B7D-4D12-81E5-C7F349DE1A63}.Debug|Any CPU.Build.0 = Debug|Any CPU
		{A027CB11-2B7D-4D12-81E5-C7F349DE1A63}.Debug|x86.ActiveCfg = Debug|x86
		{A027CB11-2B7D-4D12-81E5-C7F349DE1A63}.Debug|x86.Build.0 = Debug|x86
		{A027CB11-2B7D-4D12-81E5-C7F349DE1A63}.Home|Any CPU.ActiveCfg = Home|Any CPU
		{A027CB11-2B7D-4D12-81E5-C7F349DE1A63}.Home|Any CPU.Build.0 = Home|Any CPU
		{A027CB11-2B7D-4D12-81E5-C7F349DE1A63}.Home|x86.ActiveCfg = Home|x86
		{A027CB11-2B7D-4D12-81E5-C7F349DE1A63}.Home|x86.Build.0 = Home|x86
		{A027CB11-2B7D-4D12-81E5-C7F349DE1A63}.Release|Any CPU.ActiveCfg = Release|Any CPU
		{A027CB11-2B7D-4D12-81E5-C7F349DE1A63}.Release|Any CPU.Build.0 = Release|Any CPU
		{A027CB11-2B7D-4D12-81E5-C7F349DE1A63}.Release|x86.ActiveCfg = Release|x86
		{A027CB11-2B7D-4D12-81E5-C7F349DE1A63}.Release|x86.Build.0 = Release|x86
		{A027CB11-2B7D-4D12-81E5-C7F349DE1A63}.Work|Any CPU.ActiveCfg = Work|Any CPU
		{A027CB11-2B7D-4D12-81E5-C7F349DE1A63}.Work|Any CPU.Build.0 = Work|Any CPU
		{A027CB11-2B7D-4D12-81E5-C7F349DE1A63}.Work|x86.ActiveCfg = Work|x86
		{A027CB11-2B7D-4D12-81E5-C7F349DE1A63}.Work|x86.Build.0 = Work|x86
		{7F8A32C0-B452-4E30-9C23-6406DDC353DB}.Debug|Any CPU.ActiveCfg = Debug|Any CPU
		{7F8A32C0-B452-4E30-9C23-6406DDC353DB}.Debug|Any CPU.Build.0 = Debug|Any CPU
		{7F8A32C0-B452-4E30-9C23-6406DDC353DB}.Debug|x86.ActiveCfg = Debug|x86
		{7F8A32C0-B452-4E30-9C23-6406DDC353DB}.Debug|x86.Build.0 = Debug|x86
		{7F8A32C0-B452-4E30-9C23-6406DDC353DB}.Home|Any CPU.ActiveCfg = Home|Any CPU
		{7F8A32C0-B452-4E30-9C23-6406DDC353DB}.Home|Any CPU.Build.0 = Home|Any CPU
		{7F8A32C0-B452-4E30-9C23-6406DDC353DB}.Home|x86.ActiveCfg = Home|x86
		{7F8A32C0-B452-4E30-9C23-6406DDC353DB}.Home|x86.Build.0 = Home|x86
		{7F8A32C0-B452-4E30-9C23-6406DDC353DB}.Release|Any CPU.ActiveCfg = Release|Any CPU
		{7F8A32C0-B452-4E30-9C23-6406DDC353DB}.Release|Any CPU.Build.0 = Release|Any CPU
		{7F8A32C0-B452-4E30-9C23-6406DDC353DB}.Release|x86.ActiveCfg = Release|x86
		{7F8A32C0-B452-4E30-9C23-6406DDC353DB}.Release|x86.Build.0 = Release|x86
		{7F8A32C0-B452-4E30-9C23-6406DDC353DB}.Work|Any CPU.ActiveCfg = Work|Any CPU
		{7F8A32C0-B452-4E30-9C23-6406DDC353DB}.Work|Any CPU.Build.0 = Work|Any CPU
		{7F8A32C0-B452-4E30-9C23-6406DDC353DB}.Work|x86.ActiveCfg = Work|x86
		{7F8A32C0-B452-4E30-9C23-6406DDC353DB}.Work|x86.Build.0 = Work|x86
		{6DA51A5A-1F1B-4881-A790-98EC6E8F3DF8}.Debug|Any CPU.ActiveCfg = Debug|Any CPU
		{6DA51A5A-1F1B-4881-A790-98EC6E8F3DF8}.Debug|Any CPU.Build.0 = Debug|Any CPU
		{6DA51A5A-1F1B-4881-A790-98EC6E8F3DF8}.Debug|x86.ActiveCfg = Debug|x86
		{6DA51A5A-1F1B-4881-A790-98EC6E8F3DF8}.Debug|x86.Build.0 = Debug|x86
		{6DA51A5A-1F1B-4881-A790-98EC6E8F3DF8}.Home|Any CPU.ActiveCfg = Release|Any CPU
		{6DA51A5A-1F1B-4881-A790-98EC6E8F3DF8}.Home|Any CPU.Build.0 = Release|Any CPU
		{6DA51A5A-1F1B-4881-A790-98EC6E8F3DF8}.Home|x86.ActiveCfg = Release|x86
		{6DA51A5A-1F1B-4881-A790-98EC6E8F3DF8}.Home|x86.Build.0 = Release|x86
		{6DA51A5A-1F1B-4881-A790-98EC6E8F3DF8}.Release|Any CPU.ActiveCfg = Release|Any CPU
		{6DA51A5A-1F1B-4881-A790-98EC6E8F3DF8}.Release|Any CPU.Build.0 = Release|Any CPU
		{6DA51A5A-1F1B-4881-A790-98EC6E8F3DF8}.Release|x86.ActiveCfg = Release|x86
		{6DA51A5A-1F1B-4881-A790-98EC6E8F3DF8}.Release|x86.Build.0 = Release|x86
		{6DA51A5A-1F1B-4881-A790-98EC6E8F3DF8}.Work|Any CPU.ActiveCfg = Release|Any CPU
		{6DA51A5A-1F1B-4881-A790-98EC6E8F3DF8}.Work|Any CPU.Build.0 = Release|Any CPU
		{6DA51A5A-1F1B-4881-A790-98EC6E8F3DF8}.Work|x86.ActiveCfg = Release|x86
		{6DA51A5A-1F1B-4881-A790-98EC6E8F3DF8}.Work|x86.Build.0 = Release|x86
		{3835C70D-F65E-4440-B837-FF58872F3421}.Debug|Any CPU.ActiveCfg = Debug|Any CPU
		{3835C70D-F65E-4440-B837-FF58872F3421}.Debug|Any CPU.Build.0 = Debug|Any CPU
		{3835C70D-F65E-4440-B837-FF58872F3421}.Debug|x86.ActiveCfg = Debug|x86
		{3835C70D-F65E-4440-B837-FF58872F3421}.Debug|x86.Build.0 = Debug|x86
		{3835C70D-F65E-4440-B837-FF58872F3421}.Home|Any CPU.ActiveCfg = Work|Any CPU
		{3835C70D-F65E-4440-B837-FF58872F3421}.Home|Any CPU.Build.0 = Work|Any CPU
		{3835C70D-F65E-4440-B837-FF58872F3421}.Home|x86.ActiveCfg = Work|x86
		{3835C70D-F65E-4440-B837-FF58872F3421}.Home|x86.Build.0 = Work|x86
		{3835C70D-F65E-4440-B837-FF58872F3421}.Release|Any CPU.ActiveCfg = Release|Any CPU
		{3835C70D-F65E-4440-B837-FF58872F3421}.Release|Any CPU.Build.0 = Release|Any CPU
		{3835C70D-F65E-4440-B837-FF58872F3421}.Release|x86.ActiveCfg = Release|x86
		{3835C70D-F65E-4440-B837-FF58872F3421}.Release|x86.Build.0 = Release|x86
		{3835C70D-F65E-4440-B837-FF58872F3421}.Work|Any CPU.ActiveCfg = Work|Any CPU
		{3835C70D-F65E-4440-B837-FF58872F3421}.Work|Any CPU.Build.0 = Work|Any CPU
		{3835C70D-F65E-4440-B837-FF58872F3421}.Work|x86.ActiveCfg = Work|x86
		{3835C70D-F65E-4440-B837-FF58872F3421}.Work|x86.Build.0 = Work|x86
		{CFE580A7-1086-457E-AEAD-E388AF862B66}.Debug|Any CPU.ActiveCfg = Debug|Any CPU
		{CFE580A7-1086-457E-AEAD-E388AF862B66}.Debug|Any CPU.Build.0 = Debug|Any CPU
		{CFE580A7-1086-457E-AEAD-E388AF862B66}.Debug|x86.ActiveCfg = Debug|Any CPU
		{CFE580A7-1086-457E-AEAD-E388AF862B66}.Home|Any CPU.ActiveCfg = Release|Any CPU
		{CFE580A7-1086-457E-AEAD-E388AF862B66}.Home|Any CPU.Build.0 = Release|Any CPU
		{CFE580A7-1086-457E-AEAD-E388AF862B66}.Home|x86.ActiveCfg = Release|Any CPU
		{CFE580A7-1086-457E-AEAD-E388AF862B66}.Release|Any CPU.ActiveCfg = Release|Any CPU
		{CFE580A7-1086-457E-AEAD-E388AF862B66}.Release|Any CPU.Build.0 = Release|Any CPU
		{CFE580A7-1086-457E-AEAD-E388AF862B66}.Release|x86.ActiveCfg = Release|Any CPU
		{CFE580A7-1086-457E-AEAD-E388AF862B66}.Work|Any CPU.ActiveCfg = Release|Any CPU
		{CFE580A7-1086-457E-AEAD-E388AF862B66}.Work|Any CPU.Build.0 = Release|Any CPU
		{CFE580A7-1086-457E-AEAD-E388AF862B66}.Work|x86.ActiveCfg = Release|Any CPU
		{157B6B68-68F7-414B-AE04-9CB80B9C68B4}.Debug|Any CPU.ActiveCfg = Debug|Any CPU
		{157B6B68-68F7-414B-AE04-9CB80B9C68B4}.Debug|Any CPU.Build.0 = Debug|Any CPU
		{157B6B68-68F7-414B-AE04-9CB80B9C68B4}.Debug|x86.ActiveCfg = Debug|Any CPU
		{157B6B68-68F7-414B-AE04-9CB80B9C68B4}.Home|Any CPU.ActiveCfg = Release|Any CPU
		{157B6B68-68F7-414B-AE04-9CB80B9C68B4}.Home|Any CPU.Build.0 = Release|Any CPU
		{157B6B68-68F7-414B-AE04-9CB80B9C68B4}.Home|x86.ActiveCfg = Release|Any CPU
		{157B6B68-68F7-414B-AE04-9CB80B9C68B4}.Release|Any CPU.ActiveCfg = Release|Any CPU
		{157B6B68-68F7-414B-AE04-9CB80B9C68B4}.Release|Any CPU.Build.0 = Release|Any CPU
		{157B6B68-68F7-414B-AE04-9CB80B9C68B4}.Release|x86.ActiveCfg = Release|Any CPU
		{157B6B68-68F7-414B-AE04-9CB80B9C68B4}.Work|Any CPU.ActiveCfg = Release|Any CPU
		{157B6B68-68F7-414B-AE04-9CB80B9C68B4}.Work|Any CPU.Build.0 = Release|Any CPU
		{157B6B68-68F7-414B-AE04-9CB80B9C68B4}.Work|x86.ActiveCfg = Release|Any CPU
		{383E6B8F-8EBA-4DC3-8C16-6A8940B46002}.Debug|Any CPU.ActiveCfg = Debug|Any CPU
		{383E6B8F-8EBA-4DC3-8C16-6A8940B46002}.Debug|Any CPU.Build.0 = Debug|Any CPU
		{383E6B8F-8EBA-4DC3-8C16-6A8940B46002}.Debug|x86.ActiveCfg = Debug|Any CPU
		{383E6B8F-8EBA-4DC3-8C16-6A8940B46002}.Home|Any CPU.ActiveCfg = Release|Any CPU
		{383E6B8F-8EBA-4DC3-8C16-6A8940B46002}.Home|Any CPU.Build.0 = Release|Any CPU
		{383E6B8F-8EBA-4DC3-8C16-6A8940B46002}.Home|x86.ActiveCfg = Release|Any CPU
		{383E6B8F-8EBA-4DC3-8C16-6A8940B46002}.Release|Any CPU.ActiveCfg = Release|Any CPU
		{383E6B8F-8EBA-4DC3-8C16-6A8940B46002}.Release|Any CPU.Build.0 = Release|Any CPU
		{383E6B8F-8EBA-4DC3-8C16-6A8940B46002}.Release|x86.ActiveCfg = Release|Any CPU
		{383E6B8F-8EBA-4DC3-8C16-6A8940B46002}.Work|Any CPU.ActiveCfg = Release|Any CPU
		{383E6B8F-8EBA-4DC3-8C16-6A8940B46002}.Work|Any CPU.Build.0 = Release|Any CPU
		{383E6B8F-8EBA-4DC3-8C16-6A8940B46002}.Work|x86.ActiveCfg = Release|Any CPU
		{2A5EF824-CBCB-4A24-BF0F-754EC14BB7E8}.Debug|Any CPU.ActiveCfg = Debug|Any CPU
		{2A5EF824-CBCB-4A24-BF0F-754EC14BB7E8}.Debug|Any CPU.Build.0 = Debug|Any CPU
		{2A5EF824-CBCB-4A24-BF0F-754EC14BB7E8}.Debug|x86.ActiveCfg = Debug|Any CPU
		{2A5EF824-CBCB-4A24-BF0F-754EC14BB7E8}.Home|Any CPU.ActiveCfg = Release|Any CPU
		{2A5EF824-CBCB-4A24-BF0F-754EC14BB7E8}.Home|Any CPU.Build.0 = Release|Any CPU
		{2A5EF824-CBCB-4A24-BF0F-754EC14BB7E8}.Home|x86.ActiveCfg = Release|Any CPU
		{2A5EF824-CBCB-4A24-BF0F-754EC14BB7E8}.Release|Any CPU.ActiveCfg = Release|Any CPU
		{2A5EF824-CBCB-4A24-BF0F-754EC14BB7E8}.Release|Any CPU.Build.0 = Release|Any CPU
		{2A5EF824-CBCB-4A24-BF0F-754EC14BB7E8}.Release|x86.ActiveCfg = Release|Any CPU
		{2A5EF824-CBCB-4A24-BF0F-754EC14BB7E8}.Work|Any CPU.ActiveCfg = Release|Any CPU
		{2A5EF824-CBCB-4A24-BF0F-754EC14BB7E8}.Work|Any CPU.Build.0 = Release|Any CPU
		{2A5EF824-CBCB-4A24-BF0F-754EC14BB7E8}.Work|x86.ActiveCfg = Release|Any CPU
		{252CA1CC-A9FF-47D9-B4CC-8C99247C4AF8}.Debug|Any CPU.ActiveCfg = Debug|Any CPU
		{252CA1CC-A9FF-47D9-B4CC-8C99247C4AF8}.Debug|Any CPU.Build.0 = Debug|Any CPU
		{252CA1CC-A9FF-47D9-B4CC-8C99247C4AF8}.Debug|x86.ActiveCfg = Debug|Any CPU
		{252CA1CC-A9FF-47D9-B4CC-8C99247C4AF8}.Home|Any CPU.ActiveCfg = Release|Any CPU
		{252CA1CC-A9FF-47D9-B4CC-8C99247C4AF8}.Home|Any CPU.Build.0 = Release|Any CPU
		{252CA1CC-A9FF-47D9-B4CC-8C99247C4AF8}.Home|x86.ActiveCfg = Release|Any CPU
		{252CA1CC-A9FF-47D9-B4CC-8C99247C4AF8}.Release|Any CPU.ActiveCfg = Release|Any CPU
		{252CA1CC-A9FF-47D9-B4CC-8C99247C4AF8}.Release|Any CPU.Build.0 = Release|Any CPU
		{252CA1CC-A9FF-47D9-B4CC-8C99247C4AF8}.Release|x86.ActiveCfg = Release|Any CPU
		{252CA1CC-A9FF-47D9-B4CC-8C99247C4AF8}.Work|Any CPU.ActiveCfg = Release|Any CPU
		{252CA1CC-A9FF-47D9-B4CC-8C99247C4AF8}.Work|Any CPU.Build.0 = Release|Any CPU
		{252CA1CC-A9FF-47D9-B4CC-8C99247C4AF8}.Work|x86.ActiveCfg = Release|Any CPU
		{7F890620-964E-4E10-B5A6-6E7B4381B2FA}.Debug|Any CPU.ActiveCfg = Debug|Any CPU
		{7F890620-964E-4E10-B5A6-6E7B4381B2FA}.Debug|Any CPU.Build.0 = Debug|Any CPU
		{7F890620-964E-4E10-B5A6-6E7B4381B2FA}.Debug|x86.ActiveCfg = Debug|Any CPU
		{7F890620-964E-4E10-B5A6-6E7B4381B2FA}.Home|Any CPU.ActiveCfg = Release|Any CPU
		{7F890620-964E-4E10-B5A6-6E7B4381B2FA}.Home|Any CPU.Build.0 = Release|Any CPU
		{7F890620-964E-4E10-B5A6-6E7B4381B2FA}.Home|x86.ActiveCfg = Release|Any CPU
		{7F890620-964E-4E10-B5A6-6E7B4381B2FA}.Release|Any CPU.ActiveCfg = Release|Any CPU
		{7F890620-964E-4E10-B5A6-6E7B4381B2FA}.Release|Any CPU.Build.0 = Release|Any CPU
		{7F890620-964E-4E10-B5A6-6E7B4381B2FA}.Release|x86.ActiveCfg = Release|Any CPU
		{7F890620-964E-4E10-B5A6-6E7B4381B2FA}.Work|Any CPU.ActiveCfg = Release|Any CPU
		{7F890620-964E-4E10-B5A6-6E7B4381B2FA}.Work|Any CPU.Build.0 = Release|Any CPU
		{7F890620-964E-4E10-B5A6-6E7B4381B2FA}.Work|x86.ActiveCfg = Release|Any CPU
	EndGlobalSection
	GlobalSection(SolutionProperties) = preSolution
		HideSolutionNode = FALSE
	EndGlobalSection
	GlobalSection(NestedProjects) = preSolution
		{B1F35ADF-CBC7-4A8B-892D-7907D5E619E0} = {AAD25B61-6C9A-4494-9D8E-14928E7FCF16}
		{6A0E75D5-8CE8-4FF3-AD7D-97B9203FFB73} = {AAD25B61-6C9A-4494-9D8E-14928E7FCF16}
		{0E87E1D1-02D3-4E57-8E65-DB4E49AE0FD1} = {AAD25B61-6C9A-4494-9D8E-14928E7FCF16}
		{9481A7BE-0E60-4E88-8E0A-549648B92506} = {AAD25B61-6C9A-4494-9D8E-14928E7FCF16}
		{0DFAB029-BE14-434A-B328-A98178C43CB0} = {AAD25B61-6C9A-4494-9D8E-14928E7FCF16}
		{139F42EC-7788-4E83-B47B-43FDD8D1A7E9} = {AAD25B61-6C9A-4494-9D8E-14928E7FCF16}
		{9EA864D2-2338-4BCB-ABC6-6D825EBA0564} = {AAD25B61-6C9A-4494-9D8E-14928E7FCF16}
		{125D2F7F-C246-4401-A72C-93CEEADD9335} = {AAD25B61-6C9A-4494-9D8E-14928E7FCF16}
		{DB9EB86B-49B1-4B80-8A81-3701C859864F} = {AAD25B61-6C9A-4494-9D8E-14928E7FCF16}
		{1FF7F263-F3E1-4719-B2E4-A951FDD18AB2} = {AAD25B61-6C9A-4494-9D8E-14928E7FCF16}
		{1FDDA9AD-0242-4D48-A824-ACF24B3B2B0B} = {AAD25B61-6C9A-4494-9D8E-14928E7FCF16}
		{718875D4-9236-4AA0-B507-8FA467DE510D} = {AAD25B61-6C9A-4494-9D8E-14928E7FCF16}
		{9D228B41-753E-4399-973D-2A8949559EDD} = {AAD25B61-6C9A-4494-9D8E-14928E7FCF16}
		{33F3EE8F-A133-452E-B8B4-799D433465CA} = {9D228B41-753E-4399-973D-2A8949559EDD}
		{8740AFEF-82F0-4752-AE7D-58BE4378A273} = {9D228B41-753E-4399-973D-2A8949559EDD}
		{E2F8D676-121B-4AD0-870E-F107F1635BD2} = {9D228B41-753E-4399-973D-2A8949559EDD}
		{36768E57-C61E-42B8-8A08-E336C1F4848C} = {9D228B41-753E-4399-973D-2A8949559EDD}
		{9CE06146-1104-413C-A471-6EF5370ACF3A} = {9D228B41-753E-4399-973D-2A8949559EDD}
		{93489ED2-CB09-4A56-8646-91ABE6D7D3A4} = {9D228B41-753E-4399-973D-2A8949559EDD}
		{5F80E310-BC52-4F96-B393-0EBF5C92E65A} = {9D228B41-753E-4399-973D-2A8949559EDD}
		{E0E70E27-EADC-45E7-8D69-DD23A5C28452} = {9D228B41-753E-4399-973D-2A8949559EDD}
		{6A3E84D1-94E8-479E-AC17-CA2A5150E849} = {9D228B41-753E-4399-973D-2A8949559EDD}
		{6BD150D1-C324-443A-8724-A6177D6CAC80} = {9D228B41-753E-4399-973D-2A8949559EDD}
		{4C36224E-A089-4BBF-8106-5C8434888B83} = {9D228B41-753E-4399-973D-2A8949559EDD}
		{94235864-BA78-435A-A353-A8FC83FA1A06} = {60CCF56E-9471-41CD-BA23-2060801BD137}
		{1FDEE5BD-A724-4478-BCA3-4C49DAEA291D} = {60CCF56E-9471-41CD-BA23-2060801BD137}
		{355F0FB2-9BCF-4E68-BC2B-F2EDE3F90750} = {60CCF56E-9471-41CD-BA23-2060801BD137}
		{72089E12-217D-4C77-8041-8D919BBF30DB} = {60CCF56E-9471-41CD-BA23-2060801BD137}
		{02B1394B-866D-42AD-B187-EF9D9D459EB0} = {60CCF56E-9471-41CD-BA23-2060801BD137}
		{D2EBA739-4153-48FF-93F0-AAEB43D1AB7E} = {60CCF56E-9471-41CD-BA23-2060801BD137}
		{551F2B16-CEC5-4E16-8F30-290005C04E16} = {60CCF56E-9471-41CD-BA23-2060801BD137}
		{7D9C9772-4747-4E29-9806-1007528BBEEE} = {60CCF56E-9471-41CD-BA23-2060801BD137}
		{9012E5DE-9E76-4483-BFFE-615A94D27B43} = {60CCF56E-9471-41CD-BA23-2060801BD137}
		{DD42338B-FE18-406E-8084-F606825771F6} = {60CCF56E-9471-41CD-BA23-2060801BD137}
		{2BB2460C-A3C5-410B-B139-0E16E5077AAC} = {60CCF56E-9471-41CD-BA23-2060801BD137}
		{74A0765E-25AD-486E-8284-33FCECF636D1} = {60CCF56E-9471-41CD-BA23-2060801BD137}
		{222CCE38-B286-44F0-B7F1-6AF8BA525FB6} = {60CCF56E-9471-41CD-BA23-2060801BD137}
		{B459E90B-793A-48B1-B672-50D162EDC662} = {60CCF56E-9471-41CD-BA23-2060801BD137}
		{32611C24-4298-4CB6-A257-704E2230C5A2} = {9012E5DE-9E76-4483-BFFE-615A94D27B43}
		{B6A78452-CA4D-442F-AAD4-A31647B18CB7} = {9012E5DE-9E76-4483-BFFE-615A94D27B43}
		{664E78C3-06EF-4921-A21B-314B08352CC4} = {9012E5DE-9E76-4483-BFFE-615A94D27B43}
		{D822B027-D854-4081-B14D-8F7269207F61} = {9012E5DE-9E76-4483-BFFE-615A94D27B43}
		{B78267E9-B883-4BDE-8883-99D8F5A09013} = {9012E5DE-9E76-4483-BFFE-615A94D27B43}
		{A027CB11-2B7D-4D12-81E5-C7F349DE1A63} = {9012E5DE-9E76-4483-BFFE-615A94D27B43}
		{7F8A32C0-B452-4E30-9C23-6406DDC353DB} = {9012E5DE-9E76-4483-BFFE-615A94D27B43}
		{6DA51A5A-1F1B-4881-A790-98EC6E8F3DF8} = {9012E5DE-9E76-4483-BFFE-615A94D27B43}
		{3835C70D-F65E-4440-B837-FF58872F3421} = {433D450E-A265-452F-B00E-D5D06C920CB6}
		{CFE580A7-1086-457E-AEAD-E388AF862B66} = {7E9CDCFC-5B50-40EE-A744-815A372B22EB}
		{157B6B68-68F7-414B-AE04-9CB80B9C68B4} = {7E9CDCFC-5B50-40EE-A744-815A372B22EB}
		{383E6B8F-8EBA-4DC3-8C16-6A8940B46002} = {7E9CDCFC-5B50-40EE-A744-815A372B22EB}
		{2A5EF824-CBCB-4A24-BF0F-754EC14BB7E8} = {7E9CDCFC-5B50-40EE-A744-815A372B22EB}
		{252CA1CC-A9FF-47D9-B4CC-8C99247C4AF8} = {E7E6F31E-7AA0-4662-8155-E31D4F06366A}
		{7F890620-964E-4E10-B5A6-6E7B4381B2FA} = {E7E6F31E-7AA0-4662-8155-E31D4F06366A}
	EndGlobalSection
	GlobalSection(TestCaseManagementSettings) = postSolution
		CategoryFile = RealmMUD.vsmdi
	EndGlobalSection
EndGlobal
