
Microsoft Visual Studio Solution File, Format Version 12.00
# Visual Studio 2013
VisualStudioVersion = 12.0.31101.0
MinimumVisualStudioVersion = 10.0.40219.1
Project("{FAE04EC0-301F-11D3-BF4B-00C04F79EFBC}") = "Realm.Edit", "Realm.Edit\Realm.Edit.csproj", "{3835C70D-F65E-4440-B837-FF58872F3421}"
EndProject
Project("{2150E333-8FDC-42A3-9474-1A3956D46DE8}") = "Solution Items", "Solution Items", "{96E739E3-DE5E-4C34-9C37-64D9193DB790}"
	ProjectSection(SolutionItems) = preProject
		..\..\..\Revision Notes.txt = ..\..\..\Revision Notes.txt
		..\..\..\todo.txt = ..\..\..\todo.txt
	EndProjectSection
EndProject
Project("{2150E333-8FDC-42A3-9474-1A3956D46DE8}") = ".nuget", ".nuget", "{AAB837FD-A314-4DBE-983B-FC27454C9E54}"
	ProjectSection(SolutionItems) = preProject
		.nuget\NuGet.Config = .nuget\NuGet.Config
		.nuget\NuGet.exe = .nuget\NuGet.exe
		.nuget\NuGet.targets = .nuget\NuGet.targets
	EndProjectSection
EndProject
Global
	GlobalSection(SolutionConfigurationPlatforms) = preSolution
		Debug|Any CPU = Debug|Any CPU
		Debug|x86 = Debug|x86
		Home|Any CPU = Home|Any CPU
		Home|x86 = Home|x86
		Release|Any CPU = Release|Any CPU
		Release|x86 = Release|x86
		Work|Any CPU = Work|Any CPU
		Work|x86 = Work|x86
	EndGlobalSection
	GlobalSection(ProjectConfigurationPlatforms) = postSolution
		{3835C70D-F65E-4440-B837-FF58872F3421}.Debug|Any CPU.ActiveCfg = Debug|Any CPU
		{3835C70D-F65E-4440-B837-FF58872F3421}.Debug|Any CPU.Build.0 = Debug|Any CPU
		{3835C70D-F65E-4440-B837-FF58872F3421}.Debug|x86.ActiveCfg = Debug|x86
		{3835C70D-F65E-4440-B837-FF58872F3421}.Debug|x86.Build.0 = Debug|x86
		{3835C70D-F65E-4440-B837-FF58872F3421}.Home|Any CPU.ActiveCfg = Release|Any CPU
		{3835C70D-F65E-4440-B837-FF58872F3421}.Home|Any CPU.Build.0 = Release|Any CPU
		{3835C70D-F65E-4440-B837-FF58872F3421}.Home|x86.ActiveCfg = Release|Any CPU
		{3835C70D-F65E-4440-B837-FF58872F3421}.Release|Any CPU.ActiveCfg = Release|Any CPU
		{3835C70D-F65E-4440-B837-FF58872F3421}.Release|Any CPU.Build.0 = Release|Any CPU
		{3835C70D-F65E-4440-B837-FF58872F3421}.Release|x86.ActiveCfg = Release|Any CPU
		{3835C70D-F65E-4440-B837-FF58872F3421}.Work|Any CPU.ActiveCfg = Release|Any CPU
		{3835C70D-F65E-4440-B837-FF58872F3421}.Work|Any CPU.Build.0 = Release|Any CPU
		{3835C70D-F65E-4440-B837-FF58872F3421}.Work|x86.ActiveCfg = Work|x86
		{3835C70D-F65E-4440-B837-FF58872F3421}.Work|x86.Build.0 = Work|x86
	EndGlobalSection
	GlobalSection(SolutionProperties) = preSolution
		HideSolutionNode = FALSE
	EndGlobalSection
	GlobalSection(TestCaseManagementSettings) = postSolution
		CategoryFile = Realm.Edit.vsmdi
	EndGlobalSection
EndGlobal
