
Microsoft Visual Studio Solution File, Format Version 12.00
# Visual Studio 2013
VisualStudioVersion = 12.0.31101.0
MinimumVisualStudioVersion = 10.0.40219.1
Project("{2150E333-8FDC-42A3-9474-1A3956D46DE8}") = "Data Files", "Data Files", "{38F9AD2B-2D98-42DC-9ED2-3F2B28C42CB1}"
	ProjectSection(SolutionItems) = preProject
		..\..\Data\gamestate.lua = ..\..\Data\gamestate.lua
		..\..\Data\links.lua = ..\..\Data\links.lua
		..\..\Data\mud.lua = ..\..\Data\mud.lua
		..\..\Data\Realm.sdf = ..\..\Data\Realm.sdf
		..\..\Data\RealmStatic.sdf = ..\..\Data\RealmStatic.sdf
		..\..\Data\types.lua = ..\..\Data\types.lua
	EndProjectSection
EndProject
Project("{2150E333-8FDC-42A3-9474-1A3956D46DE8}") = "events", "events", "{D09A74DB-BCAF-4C8B-90A3-55954EBF385C}"
	ProjectSection(SolutionItems) = preProject
		..\..\Data\events\OnClientEnter.lua = ..\..\Data\events\OnClientEnter.lua
		..\..\Data\events\OnGameEnter.lua = ..\..\Data\events\OnGameEnter.lua
		..\..\Data\events\OnPlayerLogin.lua = ..\..\Data\events\OnPlayerLogin.lua
	EndProjectSection
EndProject
Project("{2150E333-8FDC-42A3-9474-1A3956D46DE8}") = "baroch", "baroch", "{CEA8936D-CA3D-41DF-985E-1062167C8DC4}"
	ProjectSection(SolutionItems) = preProject
		..\..\Data\baroch\baroch.lua = ..\..\Data\baroch\baroch.lua
		..\..\Data\baroch\conversations.lua = ..\..\Data\baroch\conversations.lua
		..\..\Data\baroch\items.lua = ..\..\Data\baroch\items.lua
		..\..\Data\baroch\items_armor.lua = ..\..\Data\baroch\items_armor.lua
		..\..\Data\baroch\items_container.lua = ..\..\Data\baroch\items_container.lua
		..\..\Data\baroch\items_weapon.lua = ..\..\Data\baroch\items_weapon.lua
		..\..\Data\baroch\mobs.lua = ..\..\Data\baroch\mobs.lua
		..\..\Data\baroch\races.lua = ..\..\Data\baroch\races.lua
		..\..\Data\baroch\resets.lua = ..\..\Data\baroch\resets.lua
		..\..\Data\baroch\scripts.lua = ..\..\Data\baroch\scripts.lua
		..\..\Data\baroch\shops.lua = ..\..\Data\baroch\shops.lua
		..\..\Data\baroch\spawns.lua = ..\..\Data\baroch\spawns.lua
	EndProjectSection
EndProject
Project("{2150E333-8FDC-42A3-9474-1A3956D46DE8}") = "void", "void", "{EFFD1110-B537-4F19-8886-46F621C351B3}"
	ProjectSection(SolutionItems) = preProject
		..\..\Data\void\abilities.lua = ..\..\Data\void\abilities.lua
		..\..\Data\void\archetypes.lua = ..\..\Data\void\archetypes.lua
		..\..\Data\void\behaviors.lua = ..\..\Data\void\behaviors.lua
		..\..\Data\void\calendar.lua = ..\..\Data\void\calendar.lua
		..\..\Data\void\conversations.lua = ..\..\Data\void\conversations.lua
		..\..\Data\void\effects.lua = ..\..\Data\void\effects.lua
		..\..\Data\void\items.lua = ..\..\Data\void\items.lua
		..\..\Data\void\items_armor.lua = ..\..\Data\void\items_armor.lua
		..\..\Data\void\items_clothing.lua = ..\..\Data\void\items_clothing.lua
		..\..\Data\void\items_container.lua = ..\..\Data\void\items_container.lua
		..\..\Data\void\items_crafting.lua = ..\..\Data\void\items_crafting.lua
		..\..\Data\void\items_food.lua = ..\..\Data\void\items_food.lua
		..\..\Data\void\items_formulas.lua = ..\..\Data\void\items_formulas.lua
		..\..\Data\void\items_light.lua = ..\..\Data\void\items_light.lua
		..\..\Data\void\items_machines.lua = ..\..\Data\void\items_machines.lua
		..\..\Data\void\items_res_nodes.lua = ..\..\Data\void\items_res_nodes.lua
		..\..\Data\void\items_shields.lua = ..\..\Data\void\items_shields.lua
		..\..\Data\void\items_tools.lua = ..\..\Data\void\items_tools.lua
		..\..\Data\void\items_weapon.lua = ..\..\Data\void\items_weapon.lua
		..\..\Data\void\mobs.lua = ..\..\Data\void\mobs.lua
		..\..\Data\void\races.lua = ..\..\Data\void\races.lua
		..\..\Data\void\resets.lua = ..\..\Data\void\resets.lua
		..\..\Data\void\shops.lua = ..\..\Data\void\shops.lua
		..\..\Data\void\void.lua = ..\..\Data\void\void.lua
	EndProjectSection
EndProject
Project("{2150E333-8FDC-42A3-9474-1A3956D46DE8}") = "setup", "setup", "{798B0778-5905-4FAA-A77E-83582DCF5A65}"
	ProjectSection(SolutionItems) = preProject
		..\..\Data\setup\channels.lua = ..\..\Data\setup\channels.lua
		..\..\Data\setup\commands.lua = ..\..\Data\setup\commands.lua
		..\..\Data\setup\gamestate.lua = ..\..\Data\setup\gamestate.lua
		..\..\Data\setup\help.lua = ..\..\Data\setup\help.lua
		..\..\Data\setup\liquids.lua = ..\..\Data\setup\liquids.lua
		..\..\Data\setup\mudprogs.lua = ..\..\Data\setup\mudprogs.lua
		..\..\Data\setup\skills.lua = ..\..\Data\setup\skills.lua
		..\..\Data\setup\socials.lua = ..\..\Data\setup\socials.lua
		..\..\Data\setup\strings.lua = ..\..\Data\setup\strings.lua
		..\..\Data\setup\tags.lua = ..\..\Data\setup\tags.lua
		..\..\Data\setup\terrain.lua = ..\..\Data\setup\terrain.lua
	EndProjectSection
EndProject
Project("{2150E333-8FDC-42A3-9474-1A3956D46DE8}") = "Documentation", "Documentation", "{FFE3182B-9EAB-41A2-8738-B727928F5D7B}"
	ProjectSection(SolutionItems) = preProject
		..\..\Documents\Database Implementation.txt = ..\..\Documents\Database Implementation.txt
		..\..\Documents\DBTables.txt = ..\..\Documents\DBTables.txt
		..\..\Documents\MUD Combat Calculations.xls = ..\..\Documents\MUD Combat Calculations.xls
		..\..\Documents\MushCODE Code Concepts.docx = ..\..\Documents\MushCODE Code Concepts.docx
		..\..\Documents\Notes.txt = ..\..\Documents\Notes.txt
		..\..\Documents\RealmMUD Content Document.doc = ..\..\Documents\RealmMUD Content Document.doc
		..\..\Documents\RealmMUD Design Document.doc = ..\..\Documents\RealmMUD Design Document.doc
		..\..\Documents\RealmMUD Startup Process.docx = ..\..\Documents\RealmMUD Startup Process.docx
		..\..\Documents\Revision Notes.txt = ..\..\Documents\Revision Notes.txt
		..\..\Documents\todo.txt = ..\..\Documents\todo.txt
	EndProjectSection
EndProject
Project("{2150E333-8FDC-42A3-9474-1A3956D46DE8}") = "modules", "modules", "{B348C5F6-301C-4CE1-946A-076ABC839BBF}"
	ProjectSection(SolutionItems) = preProject
		..\..\Data\modules\module_abilities.lua = ..\..\Data\modules\module_abilities.lua
		..\..\Data\modules\module_base.lua = ..\..\Data\modules\module_base.lua
		..\..\Data\modules\module_chars.lua = ..\..\Data\modules\module_chars.lua
		..\..\Data\modules\module_effects.lua = ..\..\Data\modules\module_effects.lua
		..\..\Data\modules\module_items.lua = ..\..\Data\modules\module_items.lua
		..\..\Data\modules\module_mobs.lua = ..\..\Data\modules\module_mobs.lua
		..\..\Data\modules\module_race.lua = ..\..\Data\modules\module_race.lua
	EndProjectSection
EndProject
Project("{2150E333-8FDC-42A3-9474-1A3956D46DE8}") = "ai", "ai", "{DA80B597-4D9F-4CBE-B231-513AFF59BE1C}"
	ProjectSection(SolutionItems) = preProject
		..\..\Data\ai\aiaggro.lua = ..\..\Data\ai\aiaggro.lua
		..\..\Data\ai\aiguard.lua = ..\..\Data\ai\aiguard.lua
		..\..\Data\ai\aiharvest.lua = ..\..\Data\ai\aiharvest.lua
		..\..\Data\ai\ailamplighter.lua = ..\..\Data\ai\ailamplighter.lua
		..\..\Data\ai\aimob.lua = ..\..\Data\ai\aimob.lua
		..\..\Data\ai\aishop.lua = ..\..\Data\ai\aishop.lua
	EndProjectSection
EndProject
Project("{FAE04EC0-301F-11D3-BF4B-00C04F79EFBC}") = "Realm", "Realm\Realm.csproj", "{B1F35ADF-CBC7-4A8B-892D-7907D5E619E0}"
EndProject
Project("{2150E333-8FDC-42A3-9474-1A3956D46DE8}") = "Solution Items", "Solution Items", "{5CD99FB2-5988-42FD-AF71-2B69DC8E4526}"
	ProjectSection(SolutionItems) = preProject
		RealmMUD.vsmdi = RealmMUD.vsmdi
	EndProjectSection
EndProject
Project("{FAE04EC0-301F-11D3-BF4B-00C04F79EFBC}") = "Realm.Server", "Realm.Server\Realm.Server.csproj", "{1FDDA9AD-0242-4D48-A824-ACF24B3B2B0B}"
EndProject
Project("{2150E333-8FDC-42A3-9474-1A3956D46DE8}") = "Tests", "Tests", "{73AF43D0-B27E-41EB-9768-312D8D598CA9}"
EndProject
Project("{FAE04EC0-301F-11D3-BF4B-00C04F79EFBC}") = "Realm.Server.Test", "Tests\Realm.Server.Test\Realm.Server.Test.csproj", "{6A3E84D1-94E8-479E-AC17-CA2A5150E849}"
EndProject
Project("{FAE04EC0-301F-11D3-BF4B-00C04F79EFBC}") = "Realm.Test", "Tests\Realm.Test\Realm.Test.csproj", "{6BD150D1-C324-443A-8724-A6177D6CAC80}"
EndProject
Project("{2150E333-8FDC-42A3-9474-1A3956D46DE8}") = "mudprogs", "mudprogs", "{6460074D-D734-4966-8B25-833212CA6E78}"
	ProjectSection(SolutionItems) = preProject
		..\..\Data\mudprogs\testprog.lua = ..\..\Data\mudprogs\testprog.lua
	EndProjectSection
EndProject
Project("{FAE04EC0-301F-11D3-BF4B-00C04F79EFBC}") = "Realm.Data", "Realm.Data\Realm.Data.csproj", "{0DFAB029-BE14-434A-B328-A98178C43CB0}"
EndProject
Project("{2150E333-8FDC-42A3-9474-1A3956D46DE8}") = "actions", "actions", "{C37D66E9-D195-49C6-9042-439BFF64A8D6}"
	ProjectSection(SolutionItems) = preProject
		..\..\Data\actions\ChangePassword.lua = ..\..\Data\actions\ChangePassword.lua
		..\..\Data\actions\Credits.lua = ..\..\Data\actions\Credits.lua
		..\..\Data\actions\DeleteCharacter.lua = ..\..\Data\actions\DeleteCharacter.lua
		..\..\Data\actions\LoginCharacter.lua = ..\..\Data\actions\LoginCharacter.lua
		..\..\Data\actions\Who.lua = ..\..\Data\actions\Who.lua
	EndProjectSection
EndProject
Project("{2150E333-8FDC-42A3-9474-1A3956D46DE8}") = "menus", "menus", "{D3159580-C6FA-4C8E-A81D-AFF521B0F10C}"
	ProjectSection(SolutionItems) = preProject
		..\..\Data\menus\MainMenu_Handler.lua = ..\..\Data\menus\MainMenu_Handler.lua
	EndProjectSection
EndProject
Project("{FAE04EC0-301F-11D3-BF4B-00C04F79EFBC}") = "Realm.Entity", "Realm.Entity\Realm.Entity.csproj", "{139F42EC-7788-4E83-B47B-43FDD8D1A7E9}"
EndProject
Project("{FAE04EC0-301F-11D3-BF4B-00C04F79EFBC}") = "Realm.Command", "Realm.Command\Realm.Command.csproj", "{0E87E1D1-02D3-4E57-8E65-DB4E49AE0FD1}"
EndProject
Project("{FAE04EC0-301F-11D3-BF4B-00C04F79EFBC}") = "Realm.Event", "Realm.Event\Realm.Event.csproj", "{9EA864D2-2338-4BCB-ABC6-6D825EBA0564}"
EndProject
Project("{FAE04EC0-301F-11D3-BF4B-00C04F79EFBC}") = "Realm.Network", "Realm.Network\Realm.Network.csproj", "{DB9EB86B-49B1-4B80-8A81-3701C859864F}"
EndProject
Project("{FAE04EC0-301F-11D3-BF4B-00C04F79EFBC}") = "Realm.Pathing", "Realm.Pathing\Realm.Pathing.csproj", "{1FF7F263-F3E1-4719-B2E4-A951FDD18AB2}"
EndProject
Project("{FAE04EC0-301F-11D3-BF4B-00C04F79EFBC}") = "Realm.Communication", "Realm.Communication\Realm.Communication.csproj", "{9481A7BE-0E60-4E88-8E0A-549648B92506}"
EndProject
Project("{FAE04EC0-301F-11D3-BF4B-00C04F79EFBC}") = "Realm.Ai", "Realm.Ai\Realm.Ai.csproj", "{6A0E75D5-8CE8-4FF3-AD7D-97B9203FFB73}"
EndProject
Project("{FAE04EC0-301F-11D3-BF4B-00C04F79EFBC}") = "Realm.Time", "Realm.Time\Realm.Time.csproj", "{718875D4-9236-4AA0-B507-8FA467DE510D}"
EndProject
Project("{FAE04EC0-301F-11D3-BF4B-00C04F79EFBC}") = "Realm.Ai.Test", "Tests\Realm.Ai.Test\Realm.Ai.Test.csproj", "{33F3EE8F-A133-452E-B8B4-799D433465CA}"
EndProject
Project("{FAE04EC0-301F-11D3-BF4B-00C04F79EFBC}") = "Realm.Command.Test", "Tests\Realm.Command.Test\Realm.Command.Test.csproj", "{8740AFEF-82F0-4752-AE7D-58BE4378A273}"
EndProject
Project("{FAE04EC0-301F-11D3-BF4B-00C04F79EFBC}") = "Realm.Communication.Test", "Tests\Realm.Communication.Test\Realm.Communication.Test.csproj", "{E2F8D676-121B-4AD0-870E-F107F1635BD2}"
EndProject
Project("{FAE04EC0-301F-11D3-BF4B-00C04F79EFBC}") = "Realm.Entity.Test", "Tests\Realm.Entity.Test\Realm.Entity.Test.csproj", "{9CE06146-1104-413C-A471-6EF5370ACF3A}"
EndProject
Project("{FAE04EC0-301F-11D3-BF4B-00C04F79EFBC}") = "Realm.Event.Test", "Tests\Realm.Event.Test\Realm.Event.Test.csproj", "{93489ED2-CB09-4A56-8646-91ABE6D7D3A4}"
EndProject
Project("{FAE04EC0-301F-11D3-BF4B-00C04F79EFBC}") = "Realm.Network.Test", "Tests\Realm.Network.Test\Realm.Network.Test.csproj", "{5F80E310-BC52-4F96-B393-0EBF5C92E65A}"
EndProject
Project("{FAE04EC0-301F-11D3-BF4B-00C04F79EFBC}") = "Realm.Pathing.Test", "Tests\Realm.Pathing.Test\Realm.Pathing.Test.csproj", "{E0E70E27-EADC-45E7-8D69-DD23A5C28452}"
EndProject
Project("{FAE04EC0-301F-11D3-BF4B-00C04F79EFBC}") = "Realm.Time.Test", "Tests\Realm.Time.Test\Realm.Time.Test.csproj", "{4C36224E-A089-4BBF-8106-5C8434888B83}"
EndProject
Project("{FAE04EC0-301F-11D3-BF4B-00C04F79EFBC}") = "Realm.Help", "Realm.Help\Realm.Help.csproj", "{125D2F7F-C246-4401-A72C-93CEEADD9335}"
EndProject
Project("{2150E333-8FDC-42A3-9474-1A3956D46DE8}") = ".nuget", ".nuget", "{909441E6-0BB4-45C2-9207-2F0BF21D8E89}"
	ProjectSection(SolutionItems) = preProject
		.nuget\NuGet.Config = .nuget\NuGet.Config
		.nuget\NuGet.exe = .nuget\NuGet.exe
		.nuget\NuGet.targets = .nuget\NuGet.targets
	EndProjectSection
EndProject
Project("{FAE04EC0-301F-11D3-BF4B-00C04F79EFBC}") = "Realm.Database", "Realm.Database\Realm.Database.csproj", "{B467B521-C695-43EE-8341-26B857E5124D}"
EndProject
Global
	GlobalSection(SolutionConfigurationPlatforms) = preSolution
		Debug|Any CPU = Debug|Any CPU
		Debug|Mixed Platforms = Debug|Mixed Platforms
		Debug|x86 = Debug|x86
		Home|Any CPU = Home|Any CPU
		Home|Mixed Platforms = Home|Mixed Platforms
		Home|x86 = Home|x86
		Release|Any CPU = Release|Any CPU
		Release|Mixed Platforms = Release|Mixed Platforms
		Release|x86 = Release|x86
		Work|Any CPU = Work|Any CPU
		Work|Mixed Platforms = Work|Mixed Platforms
		Work|x86 = Work|x86
	EndGlobalSection
	GlobalSection(ProjectConfigurationPlatforms) = postSolution
		{B1F35ADF-CBC7-4A8B-892D-7907D5E619E0}.Debug|Any CPU.ActiveCfg = Debug|x86
		{B1F35ADF-CBC7-4A8B-892D-7907D5E619E0}.Debug|Mixed Platforms.ActiveCfg = Debug|Any CPU
		{B1F35ADF-CBC7-4A8B-892D-7907D5E619E0}.Debug|Mixed Platforms.Build.0 = Debug|Any CPU
		{B1F35ADF-CBC7-4A8B-892D-7907D5E619E0}.Debug|x86.ActiveCfg = Debug|x86
		{B1F35ADF-CBC7-4A8B-892D-7907D5E619E0}.Debug|x86.Build.0 = Debug|x86
		{B1F35ADF-CBC7-4A8B-892D-7907D5E619E0}.Home|Any CPU.ActiveCfg = Home|x86
		{B1F35ADF-CBC7-4A8B-892D-7907D5E619E0}.Home|Mixed Platforms.ActiveCfg = Home|x86
		{B1F35ADF-CBC7-4A8B-892D-7907D5E619E0}.Home|Mixed Platforms.Build.0 = Home|x86
		{B1F35ADF-CBC7-4A8B-892D-7907D5E619E0}.Home|x86.ActiveCfg = Home|x86
		{B1F35ADF-CBC7-4A8B-892D-7907D5E619E0}.Home|x86.Build.0 = Home|x86
		{B1F35ADF-CBC7-4A8B-892D-7907D5E619E0}.Release|Any CPU.ActiveCfg = Release|x86
		{B1F35ADF-CBC7-4A8B-892D-7907D5E619E0}.Release|Mixed Platforms.ActiveCfg = Release|x86
		{B1F35ADF-CBC7-4A8B-892D-7907D5E619E0}.Release|Mixed Platforms.Build.0 = Release|x86
		{B1F35ADF-CBC7-4A8B-892D-7907D5E619E0}.Release|x86.ActiveCfg = Release|x86
		{B1F35ADF-CBC7-4A8B-892D-7907D5E619E0}.Release|x86.Build.0 = Release|x86
		{B1F35ADF-CBC7-4A8B-892D-7907D5E619E0}.Work|Any CPU.ActiveCfg = Work|x86
		{B1F35ADF-CBC7-4A8B-892D-7907D5E619E0}.Work|Mixed Platforms.ActiveCfg = Work|x86
		{B1F35ADF-CBC7-4A8B-892D-7907D5E619E0}.Work|Mixed Platforms.Build.0 = Work|x86
		{B1F35ADF-CBC7-4A8B-892D-7907D5E619E0}.Work|x86.ActiveCfg = Work|x86
		{B1F35ADF-CBC7-4A8B-892D-7907D5E619E0}.Work|x86.Build.0 = Work|x86
		{1FDDA9AD-0242-4D48-A824-ACF24B3B2B0B}.Debug|Any CPU.ActiveCfg = Debug|Any CPU
		{1FDDA9AD-0242-4D48-A824-ACF24B3B2B0B}.Debug|Any CPU.Build.0 = Debug|Any CPU
		{1FDDA9AD-0242-4D48-A824-ACF24B3B2B0B}.Debug|Mixed Platforms.ActiveCfg = Debug|Any CPU
		{1FDDA9AD-0242-4D48-A824-ACF24B3B2B0B}.Debug|Mixed Platforms.Build.0 = Debug|Any CPU
		{1FDDA9AD-0242-4D48-A824-ACF24B3B2B0B}.Debug|x86.ActiveCfg = Debug|x86
		{1FDDA9AD-0242-4D48-A824-ACF24B3B2B0B}.Debug|x86.Build.0 = Debug|x86
		{1FDDA9AD-0242-4D48-A824-ACF24B3B2B0B}.Home|Any CPU.ActiveCfg = Home|Any CPU
		{1FDDA9AD-0242-4D48-A824-ACF24B3B2B0B}.Home|Any CPU.Build.0 = Home|Any CPU
		{1FDDA9AD-0242-4D48-A824-ACF24B3B2B0B}.Home|Mixed Platforms.ActiveCfg = Home|x86
		{1FDDA9AD-0242-4D48-A824-ACF24B3B2B0B}.Home|Mixed Platforms.Build.0 = Home|x86
		{1FDDA9AD-0242-4D48-A824-ACF24B3B2B0B}.Home|x86.ActiveCfg = Home|x86
		{1FDDA9AD-0242-4D48-A824-ACF24B3B2B0B}.Home|x86.Build.0 = Home|x86
		{1FDDA9AD-0242-4D48-A824-ACF24B3B2B0B}.Release|Any CPU.ActiveCfg = Release|Any CPU
		{1FDDA9AD-0242-4D48-A824-ACF24B3B2B0B}.Release|Any CPU.Build.0 = Release|Any CPU
		{1FDDA9AD-0242-4D48-A824-ACF24B3B2B0B}.Release|Mixed Platforms.ActiveCfg = Release|Any CPU
		{1FDDA9AD-0242-4D48-A824-ACF24B3B2B0B}.Release|Mixed Platforms.Build.0 = Release|Any CPU
		{1FDDA9AD-0242-4D48-A824-ACF24B3B2B0B}.Release|x86.ActiveCfg = Release|Any CPU
		{1FDDA9AD-0242-4D48-A824-ACF24B3B2B0B}.Work|Any CPU.ActiveCfg = Work|Any CPU
		{1FDDA9AD-0242-4D48-A824-ACF24B3B2B0B}.Work|Any CPU.Build.0 = Work|Any CPU
		{1FDDA9AD-0242-4D48-A824-ACF24B3B2B0B}.Work|Mixed Platforms.ActiveCfg = Work|x86
		{1FDDA9AD-0242-4D48-A824-ACF24B3B2B0B}.Work|Mixed Platforms.Build.0 = Work|x86
		{1FDDA9AD-0242-4D48-A824-ACF24B3B2B0B}.Work|x86.ActiveCfg = Work|x86
		{1FDDA9AD-0242-4D48-A824-ACF24B3B2B0B}.Work|x86.Build.0 = Work|x86
		{6A3E84D1-94E8-479E-AC17-CA2A5150E849}.Debug|Any CPU.ActiveCfg = Debug|Any CPU
		{6A3E84D1-94E8-479E-AC17-CA2A5150E849}.Debug|Any CPU.Build.0 = Debug|Any CPU
		{6A3E84D1-94E8-479E-AC17-CA2A5150E849}.Debug|Mixed Platforms.ActiveCfg = Debug|Any CPU
		{6A3E84D1-94E8-479E-AC17-CA2A5150E849}.Debug|Mixed Platforms.Build.0 = Debug|Any CPU
		{6A3E84D1-94E8-479E-AC17-CA2A5150E849}.Debug|x86.ActiveCfg = Debug|x86
		{6A3E84D1-94E8-479E-AC17-CA2A5150E849}.Debug|x86.Build.0 = Debug|x86
		{6A3E84D1-94E8-479E-AC17-CA2A5150E849}.Home|Any CPU.ActiveCfg = Home|Any CPU
		{6A3E84D1-94E8-479E-AC17-CA2A5150E849}.Home|Any CPU.Build.0 = Home|Any CPU
		{6A3E84D1-94E8-479E-AC17-CA2A5150E849}.Home|Mixed Platforms.ActiveCfg = Home|x86
		{6A3E84D1-94E8-479E-AC17-CA2A5150E849}.Home|Mixed Platforms.Build.0 = Home|x86
		{6A3E84D1-94E8-479E-AC17-CA2A5150E849}.Home|x86.ActiveCfg = Home|x86
		{6A3E84D1-94E8-479E-AC17-CA2A5150E849}.Home|x86.Build.0 = Home|x86
		{6A3E84D1-94E8-479E-AC17-CA2A5150E849}.Release|Any CPU.ActiveCfg = Release|Any CPU
		{6A3E84D1-94E8-479E-AC17-CA2A5150E849}.Release|Any CPU.Build.0 = Release|Any CPU
		{6A3E84D1-94E8-479E-AC17-CA2A5150E849}.Release|Mixed Platforms.ActiveCfg = Release|Any CPU
		{6A3E84D1-94E8-479E-AC17-CA2A5150E849}.Release|Mixed Platforms.Build.0 = Release|Any CPU
		{6A3E84D1-94E8-479E-AC17-CA2A5150E849}.Release|x86.ActiveCfg = Release|Any CPU
		{6A3E84D1-94E8-479E-AC17-CA2A5150E849}.Work|Any CPU.ActiveCfg = Work|Any CPU
		{6A3E84D1-94E8-479E-AC17-CA2A5150E849}.Work|Any CPU.Build.0 = Work|Any CPU
		{6A3E84D1-94E8-479E-AC17-CA2A5150E849}.Work|Mixed Platforms.ActiveCfg = Work|x86
		{6A3E84D1-94E8-479E-AC17-CA2A5150E849}.Work|Mixed Platforms.Build.0 = Work|x86
		{6A3E84D1-94E8-479E-AC17-CA2A5150E849}.Work|x86.ActiveCfg = Work|x86
		{6A3E84D1-94E8-479E-AC17-CA2A5150E849}.Work|x86.Build.0 = Work|x86
		{6BD150D1-C324-443A-8724-A6177D6CAC80}.Debug|Any CPU.ActiveCfg = Debug|Any CPU
		{6BD150D1-C324-443A-8724-A6177D6CAC80}.Debug|Any CPU.Build.0 = Debug|Any CPU
		{6BD150D1-C324-443A-8724-A6177D6CAC80}.Debug|Mixed Platforms.ActiveCfg = Debug|Any CPU
		{6BD150D1-C324-443A-8724-A6177D6CAC80}.Debug|Mixed Platforms.Build.0 = Debug|Any CPU
		{6BD150D1-C324-443A-8724-A6177D6CAC80}.Debug|x86.ActiveCfg = Debug|x86
		{6BD150D1-C324-443A-8724-A6177D6CAC80}.Debug|x86.Build.0 = Debug|x86
		{6BD150D1-C324-443A-8724-A6177D6CAC80}.Home|Any CPU.ActiveCfg = Home|Any CPU
		{6BD150D1-C324-443A-8724-A6177D6CAC80}.Home|Any CPU.Build.0 = Home|Any CPU
		{6BD150D1-C324-443A-8724-A6177D6CAC80}.Home|Mixed Platforms.ActiveCfg = Home|x86
		{6BD150D1-C324-443A-8724-A6177D6CAC80}.Home|Mixed Platforms.Build.0 = Home|x86
		{6BD150D1-C324-443A-8724-A6177D6CAC80}.Home|x86.ActiveCfg = Home|x86
		{6BD150D1-C324-443A-8724-A6177D6CAC80}.Home|x86.Build.0 = Home|x86
		{6BD150D1-C324-443A-8724-A6177D6CAC80}.Release|Any CPU.ActiveCfg = Release|Any CPU
		{6BD150D1-C324-443A-8724-A6177D6CAC80}.Release|Any CPU.Build.0 = Release|Any CPU
		{6BD150D1-C324-443A-8724-A6177D6CAC80}.Release|Mixed Platforms.ActiveCfg = Release|Any CPU
		{6BD150D1-C324-443A-8724-A6177D6CAC80}.Release|Mixed Platforms.Build.0 = Release|Any CPU
		{6BD150D1-C324-443A-8724-A6177D6CAC80}.Release|x86.ActiveCfg = Release|Any CPU
		{6BD150D1-C324-443A-8724-A6177D6CAC80}.Work|Any CPU.ActiveCfg = Work|Any CPU
		{6BD150D1-C324-443A-8724-A6177D6CAC80}.Work|Any CPU.Build.0 = Work|Any CPU
		{6BD150D1-C324-443A-8724-A6177D6CAC80}.Work|Mixed Platforms.ActiveCfg = Work|x86
		{6BD150D1-C324-443A-8724-A6177D6CAC80}.Work|Mixed Platforms.Build.0 = Work|x86
		{6BD150D1-C324-443A-8724-A6177D6CAC80}.Work|x86.ActiveCfg = Work|x86
		{6BD150D1-C324-443A-8724-A6177D6CAC80}.Work|x86.Build.0 = Work|x86
		{0DFAB029-BE14-434A-B328-A98178C43CB0}.Debug|Any CPU.ActiveCfg = Debug|Any CPU
		{0DFAB029-BE14-434A-B328-A98178C43CB0}.Debug|Any CPU.Build.0 = Debug|Any CPU
		{0DFAB029-BE14-434A-B328-A98178C43CB0}.Debug|Mixed Platforms.ActiveCfg = Debug|Any CPU
		{0DFAB029-BE14-434A-B328-A98178C43CB0}.Debug|Mixed Platforms.Build.0 = Debug|Any CPU
		{0DFAB029-BE14-434A-B328-A98178C43CB0}.Debug|x86.ActiveCfg = Debug|x86
		{0DFAB029-BE14-434A-B328-A98178C43CB0}.Debug|x86.Build.0 = Debug|x86
		{0DFAB029-BE14-434A-B328-A98178C43CB0}.Home|Any CPU.ActiveCfg = Home|Any CPU
		{0DFAB029-BE14-434A-B328-A98178C43CB0}.Home|Any CPU.Build.0 = Home|Any CPU
		{0DFAB029-BE14-434A-B328-A98178C43CB0}.Home|Mixed Platforms.ActiveCfg = Home|x86
		{0DFAB029-BE14-434A-B328-A98178C43CB0}.Home|Mixed Platforms.Build.0 = Home|x86
		{0DFAB029-BE14-434A-B328-A98178C43CB0}.Home|x86.ActiveCfg = Home|x86
		{0DFAB029-BE14-434A-B328-A98178C43CB0}.Home|x86.Build.0 = Home|x86
		{0DFAB029-BE14-434A-B328-A98178C43CB0}.Release|Any CPU.ActiveCfg = Release|Any CPU
		{0DFAB029-BE14-434A-B328-A98178C43CB0}.Release|Any CPU.Build.0 = Release|Any CPU
		{0DFAB029-BE14-434A-B328-A98178C43CB0}.Release|Mixed Platforms.ActiveCfg = Release|Any CPU
		{0DFAB029-BE14-434A-B328-A98178C43CB0}.Release|Mixed Platforms.Build.0 = Release|Any CPU
		{0DFAB029-BE14-434A-B328-A98178C43CB0}.Release|x86.ActiveCfg = Release|Any CPU
		{0DFAB029-BE14-434A-B328-A98178C43CB0}.Work|Any CPU.ActiveCfg = Work|Any CPU
		{0DFAB029-BE14-434A-B328-A98178C43CB0}.Work|Any CPU.Build.0 = Work|Any CPU
		{0DFAB029-BE14-434A-B328-A98178C43CB0}.Work|Mixed Platforms.ActiveCfg = Work|x86
		{0DFAB029-BE14-434A-B328-A98178C43CB0}.Work|Mixed Platforms.Build.0 = Work|x86
		{0DFAB029-BE14-434A-B328-A98178C43CB0}.Work|x86.ActiveCfg = Work|x86
		{0DFAB029-BE14-434A-B328-A98178C43CB0}.Work|x86.Build.0 = Work|x86
		{139F42EC-7788-4E83-B47B-43FDD8D1A7E9}.Debug|Any CPU.ActiveCfg = Debug|Any CPU
		{139F42EC-7788-4E83-B47B-43FDD8D1A7E9}.Debug|Any CPU.Build.0 = Debug|Any CPU
		{139F42EC-7788-4E83-B47B-43FDD8D1A7E9}.Debug|Mixed Platforms.ActiveCfg = Debug|Any CPU
		{139F42EC-7788-4E83-B47B-43FDD8D1A7E9}.Debug|Mixed Platforms.Build.0 = Debug|Any CPU
		{139F42EC-7788-4E83-B47B-43FDD8D1A7E9}.Debug|x86.ActiveCfg = Debug|x86
		{139F42EC-7788-4E83-B47B-43FDD8D1A7E9}.Debug|x86.Build.0 = Debug|x86
		{139F42EC-7788-4E83-B47B-43FDD8D1A7E9}.Home|Any CPU.ActiveCfg = Release|Any CPU
		{139F42EC-7788-4E83-B47B-43FDD8D1A7E9}.Home|Any CPU.Build.0 = Release|Any CPU
		{139F42EC-7788-4E83-B47B-43FDD8D1A7E9}.Home|Mixed Platforms.ActiveCfg = Release|Any CPU
		{139F42EC-7788-4E83-B47B-43FDD8D1A7E9}.Home|Mixed Platforms.Build.0 = Release|Any CPU
		{139F42EC-7788-4E83-B47B-43FDD8D1A7E9}.Home|x86.ActiveCfg = Release|Any CPU
		{139F42EC-7788-4E83-B47B-43FDD8D1A7E9}.Release|Any CPU.ActiveCfg = Release|Any CPU
		{139F42EC-7788-4E83-B47B-43FDD8D1A7E9}.Release|Any CPU.Build.0 = Release|Any CPU
		{139F42EC-7788-4E83-B47B-43FDD8D1A7E9}.Release|Mixed Platforms.ActiveCfg = Release|Any CPU
		{139F42EC-7788-4E83-B47B-43FDD8D1A7E9}.Release|Mixed Platforms.Build.0 = Release|Any CPU
		{139F42EC-7788-4E83-B47B-43FDD8D1A7E9}.Release|x86.ActiveCfg = Release|Any CPU
		{139F42EC-7788-4E83-B47B-43FDD8D1A7E9}.Work|Any CPU.ActiveCfg = Release|Any CPU
		{139F42EC-7788-4E83-B47B-43FDD8D1A7E9}.Work|Any CPU.Build.0 = Release|Any CPU
		{139F42EC-7788-4E83-B47B-43FDD8D1A7E9}.Work|Mixed Platforms.ActiveCfg = Work|x86
		{139F42EC-7788-4E83-B47B-43FDD8D1A7E9}.Work|Mixed Platforms.Build.0 = Work|x86
		{139F42EC-7788-4E83-B47B-43FDD8D1A7E9}.Work|x86.ActiveCfg = Work|x86
		{139F42EC-7788-4E83-B47B-43FDD8D1A7E9}.Work|x86.Build.0 = Work|x86
		{0E87E1D1-02D3-4E57-8E65-DB4E49AE0FD1}.Debug|Any CPU.ActiveCfg = Debug|Any CPU
		{0E87E1D1-02D3-4E57-8E65-DB4E49AE0FD1}.Debug|Any CPU.Build.0 = Debug|Any CPU
		{0E87E1D1-02D3-4E57-8E65-DB4E49AE0FD1}.Debug|Mixed Platforms.ActiveCfg = Debug|Any CPU
		{0E87E1D1-02D3-4E57-8E65-DB4E49AE0FD1}.Debug|Mixed Platforms.Build.0 = Debug|Any CPU
		{0E87E1D1-02D3-4E57-8E65-DB4E49AE0FD1}.Debug|x86.ActiveCfg = Debug|x86
		{0E87E1D1-02D3-4E57-8E65-DB4E49AE0FD1}.Debug|x86.Build.0 = Debug|x86
		{0E87E1D1-02D3-4E57-8E65-DB4E49AE0FD1}.Home|Any CPU.ActiveCfg = Release|Any CPU
		{0E87E1D1-02D3-4E57-8E65-DB4E49AE0FD1}.Home|Any CPU.Build.0 = Release|Any CPU
		{0E87E1D1-02D3-4E57-8E65-DB4E49AE0FD1}.Home|Mixed Platforms.ActiveCfg = Release|Any CPU
		{0E87E1D1-02D3-4E57-8E65-DB4E49AE0FD1}.Home|Mixed Platforms.Build.0 = Release|Any CPU
		{0E87E1D1-02D3-4E57-8E65-DB4E49AE0FD1}.Home|x86.ActiveCfg = Release|Any CPU
		{0E87E1D1-02D3-4E57-8E65-DB4E49AE0FD1}.Release|Any CPU.ActiveCfg = Release|Any CPU
		{0E87E1D1-02D3-4E57-8E65-DB4E49AE0FD1}.Release|Any CPU.Build.0 = Release|Any CPU
		{0E87E1D1-02D3-4E57-8E65-DB4E49AE0FD1}.Release|Mixed Platforms.ActiveCfg = Release|Any CPU
		{0E87E1D1-02D3-4E57-8E65-DB4E49AE0FD1}.Release|Mixed Platforms.Build.0 = Release|Any CPU
		{0E87E1D1-02D3-4E57-8E65-DB4E49AE0FD1}.Release|x86.ActiveCfg = Release|Any CPU
		{0E87E1D1-02D3-4E57-8E65-DB4E49AE0FD1}.Work|Any CPU.ActiveCfg = Release|Any CPU
		{0E87E1D1-02D3-4E57-8E65-DB4E49AE0FD1}.Work|Any CPU.Build.0 = Release|Any CPU
		{0E87E1D1-02D3-4E57-8E65-DB4E49AE0FD1}.Work|Mixed Platforms.ActiveCfg = Work|x86
		{0E87E1D1-02D3-4E57-8E65-DB4E49AE0FD1}.Work|Mixed Platforms.Build.0 = Work|x86
		{0E87E1D1-02D3-4E57-8E65-DB4E49AE0FD1}.Work|x86.ActiveCfg = Work|x86
		{0E87E1D1-02D3-4E57-8E65-DB4E49AE0FD1}.Work|x86.Build.0 = Work|x86
		{9EA864D2-2338-4BCB-ABC6-6D825EBA0564}.Debug|Any CPU.ActiveCfg = Debug|Any CPU
		{9EA864D2-2338-4BCB-ABC6-6D825EBA0564}.Debug|Any CPU.Build.0 = Debug|Any CPU
		{9EA864D2-2338-4BCB-ABC6-6D825EBA0564}.Debug|Mixed Platforms.ActiveCfg = Debug|Any CPU
		{9EA864D2-2338-4BCB-ABC6-6D825EBA0564}.Debug|Mixed Platforms.Build.0 = Debug|Any CPU
		{9EA864D2-2338-4BCB-ABC6-6D825EBA0564}.Debug|x86.ActiveCfg = Debug|x86
		{9EA864D2-2338-4BCB-ABC6-6D825EBA0564}.Debug|x86.Build.0 = Debug|x86
		{9EA864D2-2338-4BCB-ABC6-6D825EBA0564}.Home|Any CPU.ActiveCfg = Release|Any CPU
		{9EA864D2-2338-4BCB-ABC6-6D825EBA0564}.Home|Any CPU.Build.0 = Release|Any CPU
		{9EA864D2-2338-4BCB-ABC6-6D825EBA0564}.Home|Mixed Platforms.ActiveCfg = Release|Any CPU
		{9EA864D2-2338-4BCB-ABC6-6D825EBA0564}.Home|Mixed Platforms.Build.0 = Release|Any CPU
		{9EA864D2-2338-4BCB-ABC6-6D825EBA0564}.Home|x86.ActiveCfg = Release|Any CPU
		{9EA864D2-2338-4BCB-ABC6-6D825EBA0564}.Release|Any CPU.ActiveCfg = Release|Any CPU
		{9EA864D2-2338-4BCB-ABC6-6D825EBA0564}.Release|Any CPU.Build.0 = Release|Any CPU
		{9EA864D2-2338-4BCB-ABC6-6D825EBA0564}.Release|Mixed Platforms.ActiveCfg = Release|Any CPU
		{9EA864D2-2338-4BCB-ABC6-6D825EBA0564}.Release|Mixed Platforms.Build.0 = Release|Any CPU
		{9EA864D2-2338-4BCB-ABC6-6D825EBA0564}.Release|x86.ActiveCfg = Release|Any CPU
		{9EA864D2-2338-4BCB-ABC6-6D825EBA0564}.Work|Any CPU.ActiveCfg = Release|Any CPU
		{9EA864D2-2338-4BCB-ABC6-6D825EBA0564}.Work|Any CPU.Build.0 = Release|Any CPU
		{9EA864D2-2338-4BCB-ABC6-6D825EBA0564}.Work|Mixed Platforms.ActiveCfg = Work|x86
		{9EA864D2-2338-4BCB-ABC6-6D825EBA0564}.Work|Mixed Platforms.Build.0 = Work|x86
		{9EA864D2-2338-4BCB-ABC6-6D825EBA0564}.Work|x86.ActiveCfg = Work|x86
		{9EA864D2-2338-4BCB-ABC6-6D825EBA0564}.Work|x86.Build.0 = Work|x86
		{DB9EB86B-49B1-4B80-8A81-3701C859864F}.Debug|Any CPU.ActiveCfg = Debug|Any CPU
		{DB9EB86B-49B1-4B80-8A81-3701C859864F}.Debug|Any CPU.Build.0 = Debug|Any CPU
		{DB9EB86B-49B1-4B80-8A81-3701C859864F}.Debug|Mixed Platforms.ActiveCfg = Debug|Any CPU
		{DB9EB86B-49B1-4B80-8A81-3701C859864F}.Debug|Mixed Platforms.Build.0 = Debug|Any CPU
		{DB9EB86B-49B1-4B80-8A81-3701C859864F}.Debug|x86.ActiveCfg = Debug|x86
		{DB9EB86B-49B1-4B80-8A81-3701C859864F}.Debug|x86.Build.0 = Debug|x86
		{DB9EB86B-49B1-4B80-8A81-3701C859864F}.Home|Any CPU.ActiveCfg = Release|Any CPU
		{DB9EB86B-49B1-4B80-8A81-3701C859864F}.Home|Any CPU.Build.0 = Release|Any CPU
		{DB9EB86B-49B1-4B80-8A81-3701C859864F}.Home|Mixed Platforms.ActiveCfg = Release|Any CPU
		{DB9EB86B-49B1-4B80-8A81-3701C859864F}.Home|Mixed Platforms.Build.0 = Release|Any CPU
		{DB9EB86B-49B1-4B80-8A81-3701C859864F}.Home|x86.ActiveCfg = Release|Any CPU
		{DB9EB86B-49B1-4B80-8A81-3701C859864F}.Release|Any CPU.ActiveCfg = Release|Any CPU
		{DB9EB86B-49B1-4B80-8A81-3701C859864F}.Release|Any CPU.Build.0 = Release|Any CPU
		{DB9EB86B-49B1-4B80-8A81-3701C859864F}.Release|Mixed Platforms.ActiveCfg = Release|Any CPU
		{DB9EB86B-49B1-4B80-8A81-3701C859864F}.Release|Mixed Platforms.Build.0 = Release|Any CPU
		{DB9EB86B-49B1-4B80-8A81-3701C859864F}.Release|x86.ActiveCfg = Release|Any CPU
		{DB9EB86B-49B1-4B80-8A81-3701C859864F}.Work|Any CPU.ActiveCfg = Release|Any CPU
		{DB9EB86B-49B1-4B80-8A81-3701C859864F}.Work|Any CPU.Build.0 = Release|Any CPU
		{DB9EB86B-49B1-4B80-8A81-3701C859864F}.Work|Mixed Platforms.ActiveCfg = Work|x86
		{DB9EB86B-49B1-4B80-8A81-3701C859864F}.Work|Mixed Platforms.Build.0 = Work|x86
		{DB9EB86B-49B1-4B80-8A81-3701C859864F}.Work|x86.ActiveCfg = Work|x86
		{DB9EB86B-49B1-4B80-8A81-3701C859864F}.Work|x86.Build.0 = Work|x86
		{1FF7F263-F3E1-4719-B2E4-A951FDD18AB2}.Debug|Any CPU.ActiveCfg = Debug|Any CPU
		{1FF7F263-F3E1-4719-B2E4-A951FDD18AB2}.Debug|Any CPU.Build.0 = Debug|Any CPU
		{1FF7F263-F3E1-4719-B2E4-A951FDD18AB2}.Debug|Mixed Platforms.ActiveCfg = Debug|Any CPU
		{1FF7F263-F3E1-4719-B2E4-A951FDD18AB2}.Debug|Mixed Platforms.Build.0 = Debug|Any CPU
		{1FF7F263-F3E1-4719-B2E4-A951FDD18AB2}.Debug|x86.ActiveCfg = Debug|x86
		{1FF7F263-F3E1-4719-B2E4-A951FDD18AB2}.Debug|x86.Build.0 = Debug|x86
		{1FF7F263-F3E1-4719-B2E4-A951FDD18AB2}.Home|Any CPU.ActiveCfg = Release|Any CPU
		{1FF7F263-F3E1-4719-B2E4-A951FDD18AB2}.Home|Any CPU.Build.0 = Release|Any CPU
		{1FF7F263-F3E1-4719-B2E4-A951FDD18AB2}.Home|Mixed Platforms.ActiveCfg = Release|Any CPU
		{1FF7F263-F3E1-4719-B2E4-A951FDD18AB2}.Home|Mixed Platforms.Build.0 = Release|Any CPU
		{1FF7F263-F3E1-4719-B2E4-A951FDD18AB2}.Home|x86.ActiveCfg = Release|Any CPU
		{1FF7F263-F3E1-4719-B2E4-A951FDD18AB2}.Release|Any CPU.ActiveCfg = Release|Any CPU
		{1FF7F263-F3E1-4719-B2E4-A951FDD18AB2}.Release|Any CPU.Build.0 = Release|Any CPU
		{1FF7F263-F3E1-4719-B2E4-A951FDD18AB2}.Release|Mixed Platforms.ActiveCfg = Release|Any CPU
		{1FF7F263-F3E1-4719-B2E4-A951FDD18AB2}.Release|Mixed Platforms.Build.0 = Release|Any CPU
		{1FF7F263-F3E1-4719-B2E4-A951FDD18AB2}.Release|x86.ActiveCfg = Release|Any CPU
		{1FF7F263-F3E1-4719-B2E4-A951FDD18AB2}.Work|Any CPU.ActiveCfg = Release|Any CPU
		{1FF7F263-F3E1-4719-B2E4-A951FDD18AB2}.Work|Any CPU.Build.0 = Release|Any CPU
		{1FF7F263-F3E1-4719-B2E4-A951FDD18AB2}.Work|Mixed Platforms.ActiveCfg = Work|x86
		{1FF7F263-F3E1-4719-B2E4-A951FDD18AB2}.Work|Mixed Platforms.Build.0 = Work|x86
		{1FF7F263-F3E1-4719-B2E4-A951FDD18AB2}.Work|x86.ActiveCfg = Work|x86
		{1FF7F263-F3E1-4719-B2E4-A951FDD18AB2}.Work|x86.Build.0 = Work|x86
		{9481A7BE-0E60-4E88-8E0A-549648B92506}.Debug|Any CPU.ActiveCfg = Debug|Any CPU
		{9481A7BE-0E60-4E88-8E0A-549648B92506}.Debug|Any CPU.Build.0 = Debug|Any CPU
		{9481A7BE-0E60-4E88-8E0A-549648B92506}.Debug|Mixed Platforms.ActiveCfg = Debug|Any CPU
		{9481A7BE-0E60-4E88-8E0A-549648B92506}.Debug|Mixed Platforms.Build.0 = Debug|Any CPU
		{9481A7BE-0E60-4E88-8E0A-549648B92506}.Debug|x86.ActiveCfg = Debug|x86
		{9481A7BE-0E60-4E88-8E0A-549648B92506}.Debug|x86.Build.0 = Debug|x86
		{9481A7BE-0E60-4E88-8E0A-549648B92506}.Home|Any CPU.ActiveCfg = Release|Any CPU
		{9481A7BE-0E60-4E88-8E0A-549648B92506}.Home|Any CPU.Build.0 = Release|Any CPU
		{9481A7BE-0E60-4E88-8E0A-549648B92506}.Home|Mixed Platforms.ActiveCfg = Release|Any CPU
		{9481A7BE-0E60-4E88-8E0A-549648B92506}.Home|Mixed Platforms.Build.0 = Release|Any CPU
		{9481A7BE-0E60-4E88-8E0A-549648B92506}.Home|x86.ActiveCfg = Release|Any CPU
		{9481A7BE-0E60-4E88-8E0A-549648B92506}.Release|Any CPU.ActiveCfg = Release|Any CPU
		{9481A7BE-0E60-4E88-8E0A-549648B92506}.Release|Any CPU.Build.0 = Release|Any CPU
		{9481A7BE-0E60-4E88-8E0A-549648B92506}.Release|Mixed Platforms.ActiveCfg = Release|Any CPU
		{9481A7BE-0E60-4E88-8E0A-549648B92506}.Release|Mixed Platforms.Build.0 = Release|Any CPU
		{9481A7BE-0E60-4E88-8E0A-549648B92506}.Release|x86.ActiveCfg = Release|Any CPU
		{9481A7BE-0E60-4E88-8E0A-549648B92506}.Work|Any CPU.ActiveCfg = Release|Any CPU
		{9481A7BE-0E60-4E88-8E0A-549648B92506}.Work|Any CPU.Build.0 = Release|Any CPU
		{9481A7BE-0E60-4E88-8E0A-549648B92506}.Work|Mixed Platforms.ActiveCfg = Work|x86
		{9481A7BE-0E60-4E88-8E0A-549648B92506}.Work|Mixed Platforms.Build.0 = Work|x86
		{9481A7BE-0E60-4E88-8E0A-549648B92506}.Work|x86.ActiveCfg = Work|x86
		{9481A7BE-0E60-4E88-8E0A-549648B92506}.Work|x86.Build.0 = Work|x86
		{6A0E75D5-8CE8-4FF3-AD7D-97B9203FFB73}.Debug|Any CPU.ActiveCfg = Debug|Any CPU
		{6A0E75D5-8CE8-4FF3-AD7D-97B9203FFB73}.Debug|Any CPU.Build.0 = Debug|Any CPU
		{6A0E75D5-8CE8-4FF3-AD7D-97B9203FFB73}.Debug|Mixed Platforms.ActiveCfg = Debug|Any CPU
		{6A0E75D5-8CE8-4FF3-AD7D-97B9203FFB73}.Debug|Mixed Platforms.Build.0 = Debug|Any CPU
		{6A0E75D5-8CE8-4FF3-AD7D-97B9203FFB73}.Debug|x86.ActiveCfg = Debug|x86
		{6A0E75D5-8CE8-4FF3-AD7D-97B9203FFB73}.Debug|x86.Build.0 = Debug|x86
		{6A0E75D5-8CE8-4FF3-AD7D-97B9203FFB73}.Home|Any CPU.ActiveCfg = Release|Any CPU
		{6A0E75D5-8CE8-4FF3-AD7D-97B9203FFB73}.Home|Any CPU.Build.0 = Release|Any CPU
		{6A0E75D5-8CE8-4FF3-AD7D-97B9203FFB73}.Home|Mixed Platforms.ActiveCfg = Release|Any CPU
		{6A0E75D5-8CE8-4FF3-AD7D-97B9203FFB73}.Home|Mixed Platforms.Build.0 = Release|Any CPU
		{6A0E75D5-8CE8-4FF3-AD7D-97B9203FFB73}.Home|x86.ActiveCfg = Release|Any CPU
		{6A0E75D5-8CE8-4FF3-AD7D-97B9203FFB73}.Release|Any CPU.ActiveCfg = Release|Any CPU
		{6A0E75D5-8CE8-4FF3-AD7D-97B9203FFB73}.Release|Any CPU.Build.0 = Release|Any CPU
		{6A0E75D5-8CE8-4FF3-AD7D-97B9203FFB73}.Release|Mixed Platforms.ActiveCfg = Release|Any CPU
		{6A0E75D5-8CE8-4FF3-AD7D-97B9203FFB73}.Release|Mixed Platforms.Build.0 = Release|Any CPU
		{6A0E75D5-8CE8-4FF3-AD7D-97B9203FFB73}.Release|x86.ActiveCfg = Release|Any CPU
		{6A0E75D5-8CE8-4FF3-AD7D-97B9203FFB73}.Work|Any CPU.ActiveCfg = Release|Any CPU
		{6A0E75D5-8CE8-4FF3-AD7D-97B9203FFB73}.Work|Any CPU.Build.0 = Release|Any CPU
		{6A0E75D5-8CE8-4FF3-AD7D-97B9203FFB73}.Work|Mixed Platforms.ActiveCfg = Work|x86
		{6A0E75D5-8CE8-4FF3-AD7D-97B9203FFB73}.Work|Mixed Platforms.Build.0 = Work|x86
		{6A0E75D5-8CE8-4FF3-AD7D-97B9203FFB73}.Work|x86.ActiveCfg = Release|Any CPU
		{718875D4-9236-4AA0-B507-8FA467DE510D}.Debug|Any CPU.ActiveCfg = Debug|Any CPU
		{718875D4-9236-4AA0-B507-8FA467DE510D}.Debug|Any CPU.Build.0 = Debug|Any CPU
		{718875D4-9236-4AA0-B507-8FA467DE510D}.Debug|Mixed Platforms.ActiveCfg = Debug|Any CPU
		{718875D4-9236-4AA0-B507-8FA467DE510D}.Debug|Mixed Platforms.Build.0 = Debug|Any CPU
		{718875D4-9236-4AA0-B507-8FA467DE510D}.Debug|x86.ActiveCfg = Debug|x86
		{718875D4-9236-4AA0-B507-8FA467DE510D}.Debug|x86.Build.0 = Debug|x86
		{718875D4-9236-4AA0-B507-8FA467DE510D}.Home|Any CPU.ActiveCfg = Release|Any CPU
		{718875D4-9236-4AA0-B507-8FA467DE510D}.Home|Any CPU.Build.0 = Release|Any CPU
		{718875D4-9236-4AA0-B507-8FA467DE510D}.Home|Mixed Platforms.ActiveCfg = Release|Any CPU
		{718875D4-9236-4AA0-B507-8FA467DE510D}.Home|Mixed Platforms.Build.0 = Release|Any CPU
		{718875D4-9236-4AA0-B507-8FA467DE510D}.Home|x86.ActiveCfg = Release|Any CPU
		{718875D4-9236-4AA0-B507-8FA467DE510D}.Release|Any CPU.ActiveCfg = Release|Any CPU
		{718875D4-9236-4AA0-B507-8FA467DE510D}.Release|Any CPU.Build.0 = Release|Any CPU
		{718875D4-9236-4AA0-B507-8FA467DE510D}.Release|Mixed Platforms.ActiveCfg = Release|Any CPU
		{718875D4-9236-4AA0-B507-8FA467DE510D}.Release|Mixed Platforms.Build.0 = Release|Any CPU
		{718875D4-9236-4AA0-B507-8FA467DE510D}.Release|x86.ActiveCfg = Release|Any CPU
		{718875D4-9236-4AA0-B507-8FA467DE510D}.Work|Any CPU.ActiveCfg = Release|Any CPU
		{718875D4-9236-4AA0-B507-8FA467DE510D}.Work|Any CPU.Build.0 = Release|Any CPU
		{718875D4-9236-4AA0-B507-8FA467DE510D}.Work|Mixed Platforms.ActiveCfg = Release|Any CPU
		{718875D4-9236-4AA0-B507-8FA467DE510D}.Work|Mixed Platforms.Build.0 = Release|Any CPU
		{718875D4-9236-4AA0-B507-8FA467DE510D}.Work|x86.ActiveCfg = Release|Any CPU
		{33F3EE8F-A133-452E-B8B4-799D433465CA}.Debug|Any CPU.ActiveCfg = Debug|Any CPU
		{33F3EE8F-A133-452E-B8B4-799D433465CA}.Debug|Any CPU.Build.0 = Debug|Any CPU
		{33F3EE8F-A133-452E-B8B4-799D433465CA}.Debug|Mixed Platforms.ActiveCfg = Debug|Any CPU
		{33F3EE8F-A133-452E-B8B4-799D433465CA}.Debug|Mixed Platforms.Build.0 = Debug|Any CPU
		{33F3EE8F-A133-452E-B8B4-799D433465CA}.Debug|x86.ActiveCfg = Debug|x86
		{33F3EE8F-A133-452E-B8B4-799D433465CA}.Debug|x86.Build.0 = Debug|x86
		{33F3EE8F-A133-452E-B8B4-799D433465CA}.Home|Any CPU.ActiveCfg = Release|Any CPU
		{33F3EE8F-A133-452E-B8B4-799D433465CA}.Home|Any CPU.Build.0 = Release|Any CPU
		{33F3EE8F-A133-452E-B8B4-799D433465CA}.Home|Mixed Platforms.ActiveCfg = Release|Any CPU
		{33F3EE8F-A133-452E-B8B4-799D433465CA}.Home|Mixed Platforms.Build.0 = Release|Any CPU
		{33F3EE8F-A133-452E-B8B4-799D433465CA}.Home|x86.ActiveCfg = Release|Any CPU
		{33F3EE8F-A133-452E-B8B4-799D433465CA}.Release|Any CPU.ActiveCfg = Release|Any CPU
		{33F3EE8F-A133-452E-B8B4-799D433465CA}.Release|Any CPU.Build.0 = Release|Any CPU
		{33F3EE8F-A133-452E-B8B4-799D433465CA}.Release|Mixed Platforms.ActiveCfg = Release|Any CPU
		{33F3EE8F-A133-452E-B8B4-799D433465CA}.Release|Mixed Platforms.Build.0 = Release|Any CPU
		{33F3EE8F-A133-452E-B8B4-799D433465CA}.Release|x86.ActiveCfg = Release|Any CPU
		{33F3EE8F-A133-452E-B8B4-799D433465CA}.Work|Any CPU.ActiveCfg = Release|Any CPU
		{33F3EE8F-A133-452E-B8B4-799D433465CA}.Work|Any CPU.Build.0 = Release|Any CPU
		{33F3EE8F-A133-452E-B8B4-799D433465CA}.Work|Mixed Platforms.ActiveCfg = Release|Any CPU
		{33F3EE8F-A133-452E-B8B4-799D433465CA}.Work|Mixed Platforms.Build.0 = Release|Any CPU
		{33F3EE8F-A133-452E-B8B4-799D433465CA}.Work|x86.ActiveCfg = Release|Any CPU
		{8740AFEF-82F0-4752-AE7D-58BE4378A273}.Debug|Any CPU.ActiveCfg = Debug|Any CPU
		{8740AFEF-82F0-4752-AE7D-58BE4378A273}.Debug|Any CPU.Build.0 = Debug|Any CPU
		{8740AFEF-82F0-4752-AE7D-58BE4378A273}.Debug|Mixed Platforms.ActiveCfg = Debug|Any CPU
		{8740AFEF-82F0-4752-AE7D-58BE4378A273}.Debug|Mixed Platforms.Build.0 = Debug|Any CPU
		{8740AFEF-82F0-4752-AE7D-58BE4378A273}.Debug|x86.ActiveCfg = Debug|x86
		{8740AFEF-82F0-4752-AE7D-58BE4378A273}.Debug|x86.Build.0 = Debug|x86
		{8740AFEF-82F0-4752-AE7D-58BE4378A273}.Home|Any CPU.ActiveCfg = Release|Any CPU
		{8740AFEF-82F0-4752-AE7D-58BE4378A273}.Home|Any CPU.Build.0 = Release|Any CPU
		{8740AFEF-82F0-4752-AE7D-58BE4378A273}.Home|Mixed Platforms.ActiveCfg = Release|Any CPU
		{8740AFEF-82F0-4752-AE7D-58BE4378A273}.Home|Mixed Platforms.Build.0 = Release|Any CPU
		{8740AFEF-82F0-4752-AE7D-58BE4378A273}.Home|x86.ActiveCfg = Release|Any CPU
		{8740AFEF-82F0-4752-AE7D-58BE4378A273}.Release|Any CPU.ActiveCfg = Release|Any CPU
		{8740AFEF-82F0-4752-AE7D-58BE4378A273}.Release|Any CPU.Build.0 = Release|Any CPU
		{8740AFEF-82F0-4752-AE7D-58BE4378A273}.Release|Mixed Platforms.ActiveCfg = Release|Any CPU
		{8740AFEF-82F0-4752-AE7D-58BE4378A273}.Release|Mixed Platforms.Build.0 = Release|Any CPU
		{8740AFEF-82F0-4752-AE7D-58BE4378A273}.Release|x86.ActiveCfg = Release|Any CPU
		{8740AFEF-82F0-4752-AE7D-58BE4378A273}.Work|Any CPU.ActiveCfg = Release|Any CPU
		{8740AFEF-82F0-4752-AE7D-58BE4378A273}.Work|Any CPU.Build.0 = Release|Any CPU
		{8740AFEF-82F0-4752-AE7D-58BE4378A273}.Work|Mixed Platforms.ActiveCfg = Release|Any CPU
		{8740AFEF-82F0-4752-AE7D-58BE4378A273}.Work|Mixed Platforms.Build.0 = Release|Any CPU
		{8740AFEF-82F0-4752-AE7D-58BE4378A273}.Work|x86.ActiveCfg = Release|Any CPU
		{E2F8D676-121B-4AD0-870E-F107F1635BD2}.Debug|Any CPU.ActiveCfg = Debug|Any CPU
		{E2F8D676-121B-4AD0-870E-F107F1635BD2}.Debug|Any CPU.Build.0 = Debug|Any CPU
		{E2F8D676-121B-4AD0-870E-F107F1635BD2}.Debug|Mixed Platforms.ActiveCfg = Debug|Any CPU
		{E2F8D676-121B-4AD0-870E-F107F1635BD2}.Debug|Mixed Platforms.Build.0 = Debug|Any CPU
		{E2F8D676-121B-4AD0-870E-F107F1635BD2}.Debug|x86.ActiveCfg = Debug|x86
		{E2F8D676-121B-4AD0-870E-F107F1635BD2}.Debug|x86.Build.0 = Debug|x86
		{E2F8D676-121B-4AD0-870E-F107F1635BD2}.Home|Any CPU.ActiveCfg = Release|Any CPU
		{E2F8D676-121B-4AD0-870E-F107F1635BD2}.Home|Any CPU.Build.0 = Release|Any CPU
		{E2F8D676-121B-4AD0-870E-F107F1635BD2}.Home|Mixed Platforms.ActiveCfg = Release|Any CPU
		{E2F8D676-121B-4AD0-870E-F107F1635BD2}.Home|Mixed Platforms.Build.0 = Release|Any CPU
		{E2F8D676-121B-4AD0-870E-F107F1635BD2}.Home|x86.ActiveCfg = Release|Any CPU
		{E2F8D676-121B-4AD0-870E-F107F1635BD2}.Release|Any CPU.ActiveCfg = Release|Any CPU
		{E2F8D676-121B-4AD0-870E-F107F1635BD2}.Release|Any CPU.Build.0 = Release|Any CPU
		{E2F8D676-121B-4AD0-870E-F107F1635BD2}.Release|Mixed Platforms.ActiveCfg = Release|Any CPU
		{E2F8D676-121B-4AD0-870E-F107F1635BD2}.Release|Mixed Platforms.Build.0 = Release|Any CPU
		{E2F8D676-121B-4AD0-870E-F107F1635BD2}.Release|x86.ActiveCfg = Release|Any CPU
		{E2F8D676-121B-4AD0-870E-F107F1635BD2}.Work|Any CPU.ActiveCfg = Release|Any CPU
		{E2F8D676-121B-4AD0-870E-F107F1635BD2}.Work|Any CPU.Build.0 = Release|Any CPU
		{E2F8D676-121B-4AD0-870E-F107F1635BD2}.Work|Mixed Platforms.ActiveCfg = Release|Any CPU
		{E2F8D676-121B-4AD0-870E-F107F1635BD2}.Work|Mixed Platforms.Build.0 = Release|Any CPU
		{E2F8D676-121B-4AD0-870E-F107F1635BD2}.Work|x86.ActiveCfg = Release|Any CPU
		{9CE06146-1104-413C-A471-6EF5370ACF3A}.Debug|Any CPU.ActiveCfg = Debug|Any CPU
		{9CE06146-1104-413C-A471-6EF5370ACF3A}.Debug|Any CPU.Build.0 = Debug|Any CPU
		{9CE06146-1104-413C-A471-6EF5370ACF3A}.Debug|Mixed Platforms.ActiveCfg = Debug|Any CPU
		{9CE06146-1104-413C-A471-6EF5370ACF3A}.Debug|Mixed Platforms.Build.0 = Debug|Any CPU
		{9CE06146-1104-413C-A471-6EF5370ACF3A}.Debug|x86.ActiveCfg = Debug|x86
		{9CE06146-1104-413C-A471-6EF5370ACF3A}.Debug|x86.Build.0 = Debug|x86
		{9CE06146-1104-413C-A471-6EF5370ACF3A}.Home|Any CPU.ActiveCfg = Release|Any CPU
		{9CE06146-1104-413C-A471-6EF5370ACF3A}.Home|Any CPU.Build.0 = Release|Any CPU
		{9CE06146-1104-413C-A471-6EF5370ACF3A}.Home|Mixed Platforms.ActiveCfg = Release|Any CPU
		{9CE06146-1104-413C-A471-6EF5370ACF3A}.Home|Mixed Platforms.Build.0 = Release|Any CPU
		{9CE06146-1104-413C-A471-6EF5370ACF3A}.Home|x86.ActiveCfg = Release|Any CPU
		{9CE06146-1104-413C-A471-6EF5370ACF3A}.Release|Any CPU.ActiveCfg = Release|Any CPU
		{9CE06146-1104-413C-A471-6EF5370ACF3A}.Release|Any CPU.Build.0 = Release|Any CPU
		{9CE06146-1104-413C-A471-6EF5370ACF3A}.Release|Mixed Platforms.ActiveCfg = Release|Any CPU
		{9CE06146-1104-413C-A471-6EF5370ACF3A}.Release|Mixed Platforms.Build.0 = Release|Any CPU
		{9CE06146-1104-413C-A471-6EF5370ACF3A}.Release|x86.ActiveCfg = Release|Any CPU
		{9CE06146-1104-413C-A471-6EF5370ACF3A}.Work|Any CPU.ActiveCfg = Release|Any CPU
		{9CE06146-1104-413C-A471-6EF5370ACF3A}.Work|Any CPU.Build.0 = Release|Any CPU
		{9CE06146-1104-413C-A471-6EF5370ACF3A}.Work|Mixed Platforms.ActiveCfg = Release|Any CPU
		{9CE06146-1104-413C-A471-6EF5370ACF3A}.Work|Mixed Platforms.Build.0 = Release|Any CPU
		{9CE06146-1104-413C-A471-6EF5370ACF3A}.Work|x86.ActiveCfg = Release|Any CPU
		{93489ED2-CB09-4A56-8646-91ABE6D7D3A4}.Debug|Any CPU.ActiveCfg = Debug|Any CPU
		{93489ED2-CB09-4A56-8646-91ABE6D7D3A4}.Debug|Any CPU.Build.0 = Debug|Any CPU
		{93489ED2-CB09-4A56-8646-91ABE6D7D3A4}.Debug|Mixed Platforms.ActiveCfg = Debug|Any CPU
		{93489ED2-CB09-4A56-8646-91ABE6D7D3A4}.Debug|Mixed Platforms.Build.0 = Debug|Any CPU
		{93489ED2-CB09-4A56-8646-91ABE6D7D3A4}.Debug|x86.ActiveCfg = Debug|x86
		{93489ED2-CB09-4A56-8646-91ABE6D7D3A4}.Debug|x86.Build.0 = Debug|x86
		{93489ED2-CB09-4A56-8646-91ABE6D7D3A4}.Home|Any CPU.ActiveCfg = Release|Any CPU
		{93489ED2-CB09-4A56-8646-91ABE6D7D3A4}.Home|Any CPU.Build.0 = Release|Any CPU
		{93489ED2-CB09-4A56-8646-91ABE6D7D3A4}.Home|Mixed Platforms.ActiveCfg = Release|Any CPU
		{93489ED2-CB09-4A56-8646-91ABE6D7D3A4}.Home|Mixed Platforms.Build.0 = Release|Any CPU
		{93489ED2-CB09-4A56-8646-91ABE6D7D3A4}.Home|x86.ActiveCfg = Release|Any CPU
		{93489ED2-CB09-4A56-8646-91ABE6D7D3A4}.Release|Any CPU.ActiveCfg = Release|Any CPU
		{93489ED2-CB09-4A56-8646-91ABE6D7D3A4}.Release|Any CPU.Build.0 = Release|Any CPU
		{93489ED2-CB09-4A56-8646-91ABE6D7D3A4}.Release|Mixed Platforms.ActiveCfg = Release|Any CPU
		{93489ED2-CB09-4A56-8646-91ABE6D7D3A4}.Release|Mixed Platforms.Build.0 = Release|Any CPU
		{93489ED2-CB09-4A56-8646-91ABE6D7D3A4}.Release|x86.ActiveCfg = Release|Any CPU
		{93489ED2-CB09-4A56-8646-91ABE6D7D3A4}.Work|Any CPU.ActiveCfg = Release|Any CPU
		{93489ED2-CB09-4A56-8646-91ABE6D7D3A4}.Work|Any CPU.Build.0 = Release|Any CPU
		{93489ED2-CB09-4A56-8646-91ABE6D7D3A4}.Work|Mixed Platforms.ActiveCfg = Release|Any CPU
		{93489ED2-CB09-4A56-8646-91ABE6D7D3A4}.Work|Mixed Platforms.Build.0 = Release|Any CPU
		{93489ED2-CB09-4A56-8646-91ABE6D7D3A4}.Work|x86.ActiveCfg = Release|Any CPU
		{5F80E310-BC52-4F96-B393-0EBF5C92E65A}.Debug|Any CPU.ActiveCfg = Debug|Any CPU
		{5F80E310-BC52-4F96-B393-0EBF5C92E65A}.Debug|Any CPU.Build.0 = Debug|Any CPU
		{5F80E310-BC52-4F96-B393-0EBF5C92E65A}.Debug|Mixed Platforms.ActiveCfg = Debug|Any CPU
		{5F80E310-BC52-4F96-B393-0EBF5C92E65A}.Debug|Mixed Platforms.Build.0 = Debug|Any CPU
		{5F80E310-BC52-4F96-B393-0EBF5C92E65A}.Debug|x86.ActiveCfg = Debug|x86
		{5F80E310-BC52-4F96-B393-0EBF5C92E65A}.Debug|x86.Build.0 = Debug|x86
		{5F80E310-BC52-4F96-B393-0EBF5C92E65A}.Home|Any CPU.ActiveCfg = Release|Any CPU
		{5F80E310-BC52-4F96-B393-0EBF5C92E65A}.Home|Any CPU.Build.0 = Release|Any CPU
		{5F80E310-BC52-4F96-B393-0EBF5C92E65A}.Home|Mixed Platforms.ActiveCfg = Release|Any CPU
		{5F80E310-BC52-4F96-B393-0EBF5C92E65A}.Home|Mixed Platforms.Build.0 = Release|Any CPU
		{5F80E310-BC52-4F96-B393-0EBF5C92E65A}.Home|x86.ActiveCfg = Release|Any CPU
		{5F80E310-BC52-4F96-B393-0EBF5C92E65A}.Release|Any CPU.ActiveCfg = Release|Any CPU
		{5F80E310-BC52-4F96-B393-0EBF5C92E65A}.Release|Any CPU.Build.0 = Release|Any CPU
		{5F80E310-BC52-4F96-B393-0EBF5C92E65A}.Release|Mixed Platforms.ActiveCfg = Release|Any CPU
		{5F80E310-BC52-4F96-B393-0EBF5C92E65A}.Release|Mixed Platforms.Build.0 = Release|Any CPU
		{5F80E310-BC52-4F96-B393-0EBF5C92E65A}.Release|x86.ActiveCfg = Release|Any CPU
		{5F80E310-BC52-4F96-B393-0EBF5C92E65A}.Work|Any CPU.ActiveCfg = Release|Any CPU
		{5F80E310-BC52-4F96-B393-0EBF5C92E65A}.Work|Any CPU.Build.0 = Release|Any CPU
		{5F80E310-BC52-4F96-B393-0EBF5C92E65A}.Work|Mixed Platforms.ActiveCfg = Release|Any CPU
		{5F80E310-BC52-4F96-B393-0EBF5C92E65A}.Work|Mixed Platforms.Build.0 = Release|Any CPU
		{5F80E310-BC52-4F96-B393-0EBF5C92E65A}.Work|x86.ActiveCfg = Release|Any CPU
		{E0E70E27-EADC-45E7-8D69-DD23A5C28452}.Debug|Any CPU.ActiveCfg = Debug|Any CPU
		{E0E70E27-EADC-45E7-8D69-DD23A5C28452}.Debug|Any CPU.Build.0 = Debug|Any CPU
		{E0E70E27-EADC-45E7-8D69-DD23A5C28452}.Debug|Mixed Platforms.ActiveCfg = Debug|Any CPU
		{E0E70E27-EADC-45E7-8D69-DD23A5C28452}.Debug|Mixed Platforms.Build.0 = Debug|Any CPU
		{E0E70E27-EADC-45E7-8D69-DD23A5C28452}.Debug|x86.ActiveCfg = Debug|x86
		{E0E70E27-EADC-45E7-8D69-DD23A5C28452}.Debug|x86.Build.0 = Debug|x86
		{E0E70E27-EADC-45E7-8D69-DD23A5C28452}.Home|Any CPU.ActiveCfg = Release|Any CPU
		{E0E70E27-EADC-45E7-8D69-DD23A5C28452}.Home|Any CPU.Build.0 = Release|Any CPU
		{E0E70E27-EADC-45E7-8D69-DD23A5C28452}.Home|Mixed Platforms.ActiveCfg = Release|Any CPU
		{E0E70E27-EADC-45E7-8D69-DD23A5C28452}.Home|Mixed Platforms.Build.0 = Release|Any CPU
		{E0E70E27-EADC-45E7-8D69-DD23A5C28452}.Home|x86.ActiveCfg = Release|Any CPU
		{E0E70E27-EADC-45E7-8D69-DD23A5C28452}.Release|Any CPU.ActiveCfg = Release|Any CPU
		{E0E70E27-EADC-45E7-8D69-DD23A5C28452}.Release|Any CPU.Build.0 = Release|Any CPU
		{E0E70E27-EADC-45E7-8D69-DD23A5C28452}.Release|Mixed Platforms.ActiveCfg = Release|Any CPU
		{E0E70E27-EADC-45E7-8D69-DD23A5C28452}.Release|Mixed Platforms.Build.0 = Release|Any CPU
		{E0E70E27-EADC-45E7-8D69-DD23A5C28452}.Release|x86.ActiveCfg = Release|Any CPU
		{E0E70E27-EADC-45E7-8D69-DD23A5C28452}.Work|Any CPU.ActiveCfg = Release|Any CPU
		{E0E70E27-EADC-45E7-8D69-DD23A5C28452}.Work|Any CPU.Build.0 = Release|Any CPU
		{E0E70E27-EADC-45E7-8D69-DD23A5C28452}.Work|Mixed Platforms.ActiveCfg = Release|Any CPU
		{E0E70E27-EADC-45E7-8D69-DD23A5C28452}.Work|Mixed Platforms.Build.0 = Release|Any CPU
		{E0E70E27-EADC-45E7-8D69-DD23A5C28452}.Work|x86.ActiveCfg = Release|Any CPU
		{4C36224E-A089-4BBF-8106-5C8434888B83}.Debug|Any CPU.ActiveCfg = Debug|Any CPU
		{4C36224E-A089-4BBF-8106-5C8434888B83}.Debug|Any CPU.Build.0 = Debug|Any CPU
		{4C36224E-A089-4BBF-8106-5C8434888B83}.Debug|Mixed Platforms.ActiveCfg = Debug|Any CPU
		{4C36224E-A089-4BBF-8106-5C8434888B83}.Debug|Mixed Platforms.Build.0 = Debug|Any CPU
		{4C36224E-A089-4BBF-8106-5C8434888B83}.Debug|x86.ActiveCfg = Debug|x86
		{4C36224E-A089-4BBF-8106-5C8434888B83}.Debug|x86.Build.0 = Debug|x86
		{4C36224E-A089-4BBF-8106-5C8434888B83}.Home|Any CPU.ActiveCfg = Release|Any CPU
		{4C36224E-A089-4BBF-8106-5C8434888B83}.Home|Any CPU.Build.0 = Release|Any CPU
		{4C36224E-A089-4BBF-8106-5C8434888B83}.Home|Mixed Platforms.ActiveCfg = Release|Any CPU
		{4C36224E-A089-4BBF-8106-5C8434888B83}.Home|Mixed Platforms.Build.0 = Release|Any CPU
		{4C36224E-A089-4BBF-8106-5C8434888B83}.Home|x86.ActiveCfg = Release|Any CPU
		{4C36224E-A089-4BBF-8106-5C8434888B83}.Release|Any CPU.ActiveCfg = Release|Any CPU
		{4C36224E-A089-4BBF-8106-5C8434888B83}.Release|Any CPU.Build.0 = Release|Any CPU
		{4C36224E-A089-4BBF-8106-5C8434888B83}.Release|Mixed Platforms.ActiveCfg = Release|Any CPU
		{4C36224E-A089-4BBF-8106-5C8434888B83}.Release|Mixed Platforms.Build.0 = Release|Any CPU
		{4C36224E-A089-4BBF-8106-5C8434888B83}.Release|x86.ActiveCfg = Release|Any CPU
		{4C36224E-A089-4BBF-8106-5C8434888B83}.Work|Any CPU.ActiveCfg = Release|Any CPU
		{4C36224E-A089-4BBF-8106-5C8434888B83}.Work|Any CPU.Build.0 = Release|Any CPU
		{4C36224E-A089-4BBF-8106-5C8434888B83}.Work|Mixed Platforms.ActiveCfg = Release|Any CPU
		{4C36224E-A089-4BBF-8106-5C8434888B83}.Work|Mixed Platforms.Build.0 = Release|Any CPU
		{4C36224E-A089-4BBF-8106-5C8434888B83}.Work|x86.ActiveCfg = Release|Any CPU
		{125D2F7F-C246-4401-A72C-93CEEADD9335}.Debug|Any CPU.ActiveCfg = Debug|Any CPU
		{125D2F7F-C246-4401-A72C-93CEEADD9335}.Debug|Any CPU.Build.0 = Debug|Any CPU
		{125D2F7F-C246-4401-A72C-93CEEADD9335}.Debug|Mixed Platforms.ActiveCfg = Debug|Any CPU
		{125D2F7F-C246-4401-A72C-93CEEADD9335}.Debug|Mixed Platforms.Build.0 = Debug|Any CPU
		{125D2F7F-C246-4401-A72C-93CEEADD9335}.Debug|x86.ActiveCfg = Debug|Any CPU
		{125D2F7F-C246-4401-A72C-93CEEADD9335}.Home|Any CPU.ActiveCfg = Release|Any CPU
		{125D2F7F-C246-4401-A72C-93CEEADD9335}.Home|Any CPU.Build.0 = Release|Any CPU
		{125D2F7F-C246-4401-A72C-93CEEADD9335}.Home|Mixed Platforms.ActiveCfg = Release|Any CPU
		{125D2F7F-C246-4401-A72C-93CEEADD9335}.Home|Mixed Platforms.Build.0 = Release|Any CPU
		{125D2F7F-C246-4401-A72C-93CEEADD9335}.Home|x86.ActiveCfg = Release|Any CPU
		{125D2F7F-C246-4401-A72C-93CEEADD9335}.Release|Any CPU.ActiveCfg = Release|Any CPU
		{125D2F7F-C246-4401-A72C-93CEEADD9335}.Release|Any CPU.Build.0 = Release|Any CPU
		{125D2F7F-C246-4401-A72C-93CEEADD9335}.Release|Mixed Platforms.ActiveCfg = Release|Any CPU
		{125D2F7F-C246-4401-A72C-93CEEADD9335}.Release|Mixed Platforms.Build.0 = Release|Any CPU
		{125D2F7F-C246-4401-A72C-93CEEADD9335}.Release|x86.ActiveCfg = Release|Any CPU
		{125D2F7F-C246-4401-A72C-93CEEADD9335}.Work|Any CPU.ActiveCfg = Release|Any CPU
		{125D2F7F-C246-4401-A72C-93CEEADD9335}.Work|Any CPU.Build.0 = Release|Any CPU
		{125D2F7F-C246-4401-A72C-93CEEADD9335}.Work|Mixed Platforms.ActiveCfg = Release|Any CPU
		{125D2F7F-C246-4401-A72C-93CEEADD9335}.Work|Mixed Platforms.Build.0 = Release|Any CPU
		{125D2F7F-C246-4401-A72C-93CEEADD9335}.Work|x86.ActiveCfg = Release|Any CPU
		{B467B521-C695-43EE-8341-26B857E5124D}.Debug|Any CPU.ActiveCfg = Debug|Any CPU
		{B467B521-C695-43EE-8341-26B857E5124D}.Debug|Any CPU.Build.0 = Debug|Any CPU
		{B467B521-C695-43EE-8341-26B857E5124D}.Debug|Mixed Platforms.ActiveCfg = Debug|Any CPU
		{B467B521-C695-43EE-8341-26B857E5124D}.Debug|Mixed Platforms.Build.0 = Debug|Any CPU
		{B467B521-C695-43EE-8341-26B857E5124D}.Debug|x86.ActiveCfg = Debug|Any CPU
		{B467B521-C695-43EE-8341-26B857E5124D}.Home|Any CPU.ActiveCfg = Release|Any CPU
		{B467B521-C695-43EE-8341-26B857E5124D}.Home|Any CPU.Build.0 = Release|Any CPU
		{B467B521-C695-43EE-8341-26B857E5124D}.Home|Mixed Platforms.ActiveCfg = Release|Any CPU
		{B467B521-C695-43EE-8341-26B857E5124D}.Home|Mixed Platforms.Build.0 = Release|Any CPU
		{B467B521-C695-43EE-8341-26B857E5124D}.Home|x86.ActiveCfg = Release|Any CPU
		{B467B521-C695-43EE-8341-26B857E5124D}.Release|Any CPU.ActiveCfg = Release|Any CPU
		{B467B521-C695-43EE-8341-26B857E5124D}.Release|Any CPU.Build.0 = Release|Any CPU
		{B467B521-C695-43EE-8341-26B857E5124D}.Release|Mixed Platforms.ActiveCfg = Release|Any CPU
		{B467B521-C695-43EE-8341-26B857E5124D}.Release|Mixed Platforms.Build.0 = Release|Any CPU
		{B467B521-C695-43EE-8341-26B857E5124D}.Release|x86.ActiveCfg = Release|Any CPU
		{B467B521-C695-43EE-8341-26B857E5124D}.Work|Any CPU.ActiveCfg = Release|Any CPU
		{B467B521-C695-43EE-8341-26B857E5124D}.Work|Any CPU.Build.0 = Release|Any CPU
		{B467B521-C695-43EE-8341-26B857E5124D}.Work|Mixed Platforms.ActiveCfg = Release|Any CPU
		{B467B521-C695-43EE-8341-26B857E5124D}.Work|Mixed Platforms.Build.0 = Release|Any CPU
		{B467B521-C695-43EE-8341-26B857E5124D}.Work|x86.ActiveCfg = Release|Any CPU
	EndGlobalSection
	GlobalSection(SolutionProperties) = preSolution
		HideSolutionNode = FALSE
	EndGlobalSection
	GlobalSection(NestedProjects) = preSolution
		{D09A74DB-BCAF-4C8B-90A3-55954EBF385C} = {38F9AD2B-2D98-42DC-9ED2-3F2B28C42CB1}
		{CEA8936D-CA3D-41DF-985E-1062167C8DC4} = {38F9AD2B-2D98-42DC-9ED2-3F2B28C42CB1}
		{EFFD1110-B537-4F19-8886-46F621C351B3} = {38F9AD2B-2D98-42DC-9ED2-3F2B28C42CB1}
		{798B0778-5905-4FAA-A77E-83582DCF5A65} = {38F9AD2B-2D98-42DC-9ED2-3F2B28C42CB1}
		{B348C5F6-301C-4CE1-946A-076ABC839BBF} = {38F9AD2B-2D98-42DC-9ED2-3F2B28C42CB1}
		{DA80B597-4D9F-4CBE-B231-513AFF59BE1C} = {38F9AD2B-2D98-42DC-9ED2-3F2B28C42CB1}
		{6A3E84D1-94E8-479E-AC17-CA2A5150E849} = {73AF43D0-B27E-41EB-9768-312D8D598CA9}
		{6BD150D1-C324-443A-8724-A6177D6CAC80} = {73AF43D0-B27E-41EB-9768-312D8D598CA9}
		{6460074D-D734-4966-8B25-833212CA6E78} = {38F9AD2B-2D98-42DC-9ED2-3F2B28C42CB1}
		{C37D66E9-D195-49C6-9042-439BFF64A8D6} = {38F9AD2B-2D98-42DC-9ED2-3F2B28C42CB1}
		{D3159580-C6FA-4C8E-A81D-AFF521B0F10C} = {38F9AD2B-2D98-42DC-9ED2-3F2B28C42CB1}
		{33F3EE8F-A133-452E-B8B4-799D433465CA} = {73AF43D0-B27E-41EB-9768-312D8D598CA9}
		{8740AFEF-82F0-4752-AE7D-58BE4378A273} = {73AF43D0-B27E-41EB-9768-312D8D598CA9}
		{E2F8D676-121B-4AD0-870E-F107F1635BD2} = {73AF43D0-B27E-41EB-9768-312D8D598CA9}
		{9CE06146-1104-413C-A471-6EF5370ACF3A} = {73AF43D0-B27E-41EB-9768-312D8D598CA9}
		{93489ED2-CB09-4A56-8646-91ABE6D7D3A4} = {73AF43D0-B27E-41EB-9768-312D8D598CA9}
		{5F80E310-BC52-4F96-B393-0EBF5C92E65A} = {73AF43D0-B27E-41EB-9768-312D8D598CA9}
		{E0E70E27-EADC-45E7-8D69-DD23A5C28452} = {73AF43D0-B27E-41EB-9768-312D8D598CA9}
		{4C36224E-A089-4BBF-8106-5C8434888B83} = {73AF43D0-B27E-41EB-9768-312D8D598CA9}
	EndGlobalSection
	GlobalSection(TestCaseManagementSettings) = postSolution
		CategoryFile = RealmMUD.vsmdi
	EndGlobalSection
EndGlobal
